<?xml version="1.0" encoding="utf-8"?>
<Project ToolsVersion="4.0" xmlns="http://schemas.microsoft.com/developer/msbuild/2003">
  <ItemGroup>
    <Filter Include="Fichiers sources">
      <UniqueIdentifier>{4FC737F1-C7A5-4376-A066-2A32D752A2FF}</UniqueIdentifier>
      <Extensions>cpp;c;cc;cxx;def;odl;idl;hpj;bat;asm;asmx</Extensions>
    </Filter>
    <Filter Include="Fichiers d%27en-tête">
      <UniqueIdentifier>{93995380-89BD-4b04-88EB-625FBE52EBFB}</UniqueIdentifier>
      <Extensions>h;hpp;hxx;hm;inl;inc;xsd</Extensions>
    </Filter>
    <Filter Include="Fichiers de ressources">
      <UniqueIdentifier>{67DA6AB6-F800-4c08-8B7A-83BB121AAD01}</UniqueIdentifier>
      <Extensions>rc;ico;cur;bmp;dlg;rc2;rct;bin;rgs;gif;jpg;jpeg;jpe;resx;tiff;tif;png;wav;mfcribbon-ms</Extensions>
    </Filter>
    <Filter Include="Fichiers sources\Affichage">
      <UniqueIdentifier>{34812efb-eaac-40e8-bea1-26d560b5aa1f}</UniqueIdentifier>
    </Filter>
    <Filter Include="Fichiers sources\Fenêtres">
      <UniqueIdentifier>{0a01a1a9-021d-4239-879a-f87f00aa6177}</UniqueIdentifier>
    </Filter>
    <Filter Include="Fichiers sources\Gameplay">
      <UniqueIdentifier>{1854b68b-8621-42f2-bc31-f09cecca8d3d}</UniqueIdentifier>
    </Filter>
    <Filter Include="Fichiers sources\Chargement de données">
      <UniqueIdentifier>{4ec2e454-c10d-4d6a-b3c1-ef6a230bfb0d}</UniqueIdentifier>
    </Filter>
    <Filter Include="Fichiers sources\Physique">
      <UniqueIdentifier>{faf0dfb6-8d7e-425e-a275-ece7d2f8c5f1}</UniqueIdentifier>
    </Filter>
    <Filter Include="Fichiers sources\Evênements extérieurs">
      <UniqueIdentifier>{07d98235-29a6-4c97-a421-dd25fc828b3b}</UniqueIdentifier>
    </Filter>
    <Filter Include="Fichiers sources\Evênements ingame">
      <UniqueIdentifier>{21c08ef1-4b0d-4a8e-a553-d89d74d916e1}</UniqueIdentifier>
    </Filter>
    <Filter Include="Fichiers sources\Monde">
      <UniqueIdentifier>{67fef1a2-2a99-4b51-b687-230917b8a7f9}</UniqueIdentifier>
    </Filter>
    <Filter Include="Fichiers sources\Fenêtres\Fenêtres préconstruites">
      <UniqueIdentifier>{6e7f2a97-667b-491c-a866-70b03ee57d7e}</UniqueIdentifier>
    </Filter>
    <Filter Include="Fichiers sources\Scènes">
      <UniqueIdentifier>{428c4a68-88fa-48f5-b0fa-6845732a5512}</UniqueIdentifier>
    </Filter>
    <Filter Include="Fichiers sources\Physique\Particules">
      <UniqueIdentifier>{3a0222fd-658a-4db6-b958-0ac3ff1477c7}</UniqueIdentifier>
    </Filter>
  </ItemGroup>
  <ItemGroup>
    <ClCompile Include="GetIDmob.cpp">
      <Filter>Fichiers sources</Filter>
    </ClCompile>
    <ClCompile Include="main.cpp">
      <Filter>Fichiers sources</Filter>
    </ClCompile>
    <ClCompile Include="Animation.cpp">
      <Filter>Fichiers sources\Affichage</Filter>
    </ClCompile>
    <ClCompile Include="Button.cpp">
      <Filter>Fichiers sources\Fenêtres</Filter>
    </ClCompile>
    <ClCompile Include="Button_Bar.cpp">
      <Filter>Fichiers sources\Fenêtres</Filter>
    </ClCompile>
    <ClCompile Include="Button_Quit.cpp">
      <Filter>Fichiers sources\Fenêtres</Filter>
    </ClCompile>
    <ClCompile Include="Bar.cpp">
      <Filter>Fichiers sources\Affichage</Filter>
    </ClCompile>
    <ClCompile Include="AI.cpp">
      <Filter>Fichiers sources\Gameplay</Filter>
    </ClCompile>
    <ClCompile Include="Character.cpp">
      <Filter>Fichiers sources\Gameplay</Filter>
    </ClCompile>
    <ClCompile Include="ChargementDonneesMonde.cpp">
      <Filter>Fichiers sources\Chargement de données</Filter>
    </ClCompile>
    <ClCompile Include="Chargemententitees.cpp">
      <Filter>Fichiers sources\Chargement de données</Filter>
    </ClCompile>
    <ClCompile Include="ChargementImages.cpp">
      <Filter>Fichiers sources\Chargement de données</Filter>
    </ClCompile>
    <ClCompile Include="DialogMenu.cpp">
      <Filter>Fichiers sources\Fenêtres</Filter>
    </ClCompile>
    <ClCompile Include="EntityManager.cpp">
      <Filter>Fichiers sources\Gameplay</Filter>
    </ClCompile>
    <ClCompile Include="Fight.cpp">
      <Filter>Fichiers sources\Gameplay</Filter>
    </ClCompile>
    <ClCompile Include="Force.cpp">
      <Filter>Fichiers sources\Physique</Filter>
    </ClCompile>
    <ClCompile Include="GestionAnimations.cpp">
      <Filter>Fichiers sources\Affichage</Filter>
    </ClCompile>
    <ClCompile Include="GestionEvents.cpp">
      <Filter>Fichiers sources\Evênements ingame</Filter>
    </ClCompile>
    <ClCompile Include="GUI.cpp">
      <Filter>Fichiers sources\Fenêtres</Filter>
    </ClCompile>
    <ClCompile Include="InputListener.cpp">
      <Filter>Fichiers sources\Evênements extérieurs</Filter>
    </ClCompile>
    <ClCompile Include="Input.cpp">
      <Filter>Fichiers sources\Evênements extérieurs</Filter>
    </ClCompile>
    <ClCompile Include="Inventory_Area.cpp">
      <Filter>Fichiers sources\Fenêtres</Filter>
    </ClCompile>
    <ClCompile Include="Block.cpp">
      <Filter>Fichiers sources\Monde</Filter>
    </ClCompile>
    <ClCompile Include="Layer.cpp">
      <Filter>Fichiers sources\Monde</Filter>
    </ClCompile>
    <ClCompile Include="LayerE.cpp">
      <Filter>Fichiers sources\Monde</Filter>
    </ClCompile>
    <ClCompile Include="Inventory.cpp">
      <Filter>Fichiers sources\Gameplay</Filter>
    </ClCompile>
    <ClCompile Include="Image_Area.cpp">
      <Filter>Fichiers sources\Fenêtres</Filter>
    </ClCompile>
    <ClCompile Include="MouseCursor.cpp">
      <Filter>Fichiers sources\Affichage</Filter>
    </ClCompile>
    <ClCompile Include="Text_Area.cpp">
      <Filter>Fichiers sources\Fenêtres</Filter>
    </ClCompile>
    <ClCompile Include="Window_Area.cpp">
      <Filter>Fichiers sources\Fenêtres</Filter>
    </ClCompile>
    <ClCompile Include="WindowBag.cpp">
      <Filter>Fichiers sources\Fenêtres\Fenêtres préconstruites</Filter>
    </ClCompile>
    <ClCompile Include="WindowSettings.cpp">
      <Filter>Fichiers sources\Fenêtres\Fenêtres préconstruites</Filter>
    </ClCompile>
    <ClCompile Include="WindowShop.cpp">
      <Filter>Fichiers sources\Fenêtres\Fenêtres préconstruites</Filter>
    </ClCompile>
    <ClCompile Include="WindowTeam.cpp">
      <Filter>Fichiers sources\Fenêtres\Fenêtres préconstruites</Filter>
    </ClCompile>
    <ClCompile Include="SpriteAnimation.cpp">
      <Filter>Fichiers sources\Affichage</Filter>
    </ClCompile>
    <ClCompile Include="Node.cpp">
      <Filter>Fichiers sources\Gameplay</Filter>
    </ClCompile>
    <ClCompile Include="Path.cpp">
      <Filter>Fichiers sources\Gameplay</Filter>
    </ClCompile>
    <ClCompile Include="ScriptRead.cpp">
      <Filter>Fichiers sources\Chargement de données</Filter>
    </ClCompile>
    <ClCompile Include="Scroll_Text.cpp">
      <Filter>Fichiers sources\Fenêtres</Filter>
    </ClCompile>
    <ClCompile Include="ShakerManager.cpp">
      <Filter>Fichiers sources\Affichage</Filter>
    </ClCompile>
    <ClCompile Include="Object.cpp">
      <Filter>Fichiers sources\Gameplay</Filter>
    </ClCompile>
    <ClCompile Include="SpriteBank.cpp">
      <Filter>Fichiers sources\Chargement de données</Filter>
    </ClCompile>
    <ClCompile Include="SlotPokemonArea.cpp">
      <Filter>Fichiers sources\Fenêtres</Filter>
    </ClCompile>
    <ClCompile Include="MovableWindow.cpp">
      <Filter>Fichiers sources\Fenêtres</Filter>
    </ClCompile>
    <ClCompile Include="PhysicObject.cpp">
      <Filter>Fichiers sources\Physique</Filter>
    </ClCompile>
    <ClCompile Include="PhysicSprite.cpp">
      <Filter>Fichiers sources\Physique</Filter>
    </ClCompile>
    <ClCompile Include="PokemonManager.cpp">
      <Filter>Fichiers sources\Gameplay</Filter>
    </ClCompile>
    <ClCompile Include="Pokeball.cpp">
      <Filter>Fichiers sources\Gameplay</Filter>
    </ClCompile>
    <ClCompile Include="ToolBar.cpp">
      <Filter>Fichiers sources\Fenêtres\Fenêtres préconstruites</Filter>
    </ClCompile>
    <ClCompile Include="TrainerCard.cpp">
      <Filter>Fichiers sources\Gameplay</Filter>
    </ClCompile>
    <ClCompile Include="WGameCore.cpp">
      <Filter>Fichiers sources\Scènes</Filter>
    </ClCompile>
    <ClCompile Include="Scrolling.cpp">
      <Filter>Fichiers sources\Affichage</Filter>
    </ClCompile>
    <ClCompile Include="Skill.cpp">
      <Filter>Fichiers sources\Gameplay</Filter>
    </ClCompile>
    <ClCompile Include="World.cpp">
      <Filter>Fichiers sources\Monde</Filter>
    </ClCompile>
    <ClCompile Include="Window_Choice.cpp">
      <Filter>Fichiers sources\Fenêtres</Filter>
    </ClCompile>
    <ClCompile Include="Settings.cpp">
      <Filter>Fichiers sources\Chargement de données</Filter>
    </ClCompile>
    <ClCompile Include="Window.cpp">
      <Filter>Fichiers sources\Scènes</Filter>
    </ClCompile>
    <ClCompile Include="MouvementsMob.cpp">
      <Filter>Fichiers sources\Evênements ingame</Filter>
    </ClCompile>
    <ClCompile Include="Weather.cpp">
      <Filter>Fichiers sources\Evênements ingame</Filter>
    </ClCompile>
    <ClCompile Include="GravityParticle.cpp">
      <Filter>Fichiers sources\Physique\Particules</Filter>
    </ClCompile>
    <ClCompile Include="LinearParticle.cpp">
      <Filter>Fichiers sources\Physique\Particules</Filter>
    </ClCompile>
    <ClCompile Include="ParticleManager.cpp">
      <Filter>Fichiers sources\Physique\Particules</Filter>
    </ClCompile>
    <ClCompile Include="Particle.cpp">
      <Filter>Fichiers sources\Physique\Particules</Filter>
    </ClCompile>
    <ClCompile Include="Texture.cpp">
      <Filter>Fichiers sources\Affichage</Filter>
    </ClCompile>
    <ClCompile Include="MobSpawningManager.cpp">
      <Filter>Fichiers sources\Evênements ingame</Filter>
    </ClCompile>
    <ClCompile Include="SpriteAnimationManager.cpp">
      <Filter>Fichiers sources\Affichage</Filter>
    </ClCompile>
    <ClCompile Include="IniReader.cpp">
      <Filter>Fichiers sources\Chargement de données</Filter>
    </ClCompile>
    <ClCompile Include="PokemonDescriptor.cpp">
      <Filter>Fichiers sources\Gameplay</Filter>
    </ClCompile>
    <ClCompile Include="Statistics.cpp">
      <Filter>Fichiers sources\Gameplay</Filter>
    </ClCompile>
    <ClCompile Include="DynamicWindowArea.cpp">
      <Filter>Fichiers sources\Fenêtres</Filter>
    </ClCompile>
    <ClCompile Include="SavegameManager.cpp">
      <Filter>Fichiers sources</Filter>
    </ClCompile>
  </ItemGroup>
  <ItemGroup>
    <ClInclude Include="AI.h">
      <Filter>Fichiers d%27en-tête</Filter>
    </ClInclude>
    <ClInclude Include="AfficherMonde.h">
      <Filter>Fichiers d%27en-tête</Filter>
    </ClInclude>
    <ClInclude Include="Animation.h">
      <Filter>Fichiers d%27en-tête</Filter>
    </ClInclude>
    <ClInclude Include="Arme.h">
      <Filter>Fichiers d%27en-tête</Filter>
    </ClInclude>
    <ClInclude Include="Attaques.h">
      <Filter>Fichiers d%27en-tête</Filter>
    </ClInclude>
    <ClInclude Include="Bar.h">
      <Filter>Fichiers d%27en-tête</Filter>
    </ClInclude>
    <ClInclude Include="BlitLayer.h">
      <Filter>Fichiers d%27en-tête</Filter>
    </ClInclude>
    <ClInclude Include="BlitMonde.h">
      <Filter>Fichiers d%27en-tête</Filter>
    </ClInclude>
    <ClInclude Include="Block.h">
      <Filter>Fichiers d%27en-tête</Filter>
    </ClInclude>
    <ClInclude Include="BougerPerso.h">
      <Filter>Fichiers d%27en-tête</Filter>
    </ClInclude>
    <ClInclude Include="Button.h">
      <Filter>Fichiers d%27en-tête</Filter>
    </ClInclude>
    <ClInclude Include="Button_Bar.h">
      <Filter>Fichiers d%27en-tête</Filter>
    </ClInclude>
    <ClInclude Include="Button_Quit.h">
      <Filter>Fichiers d%27en-tête</Filter>
    </ClInclude>
    <ClInclude Include="Canitbemoved.h">
      <Filter>Fichiers d%27en-tête</Filter>
    </ClInclude>
    <ClInclude Include="Carac_skill.h">
      <Filter>Fichiers d%27en-tête</Filter>
    </ClInclude>
    <ClInclude Include="Character.h">
      <Filter>Fichiers d%27en-tête</Filter>
    </ClInclude>
    <ClInclude Include="ChargementDonneesMonde.h">
      <Filter>Fichiers d%27en-tête</Filter>
    </ClInclude>
    <ClInclude Include="Chargemententitees.h">
      <Filter>Fichiers d%27en-tête</Filter>
    </ClInclude>
    <ClInclude Include="ChargementFenetre.h">
      <Filter>Fichiers d%27en-tête</Filter>
    </ClInclude>
    <ClInclude Include="ChargementImages.h">
      <Filter>Fichiers d%27en-tête</Filter>
    </ClInclude>
    <ClInclude Include="Combat.h">
      <Filter>Fichiers d%27en-tête</Filter>
    </ClInclude>
    <ClInclude Include="DialogMenu.h">
      <Filter>Fichiers d%27en-tête</Filter>
    </ClInclude>
    <ClInclude Include="DisplayLayer.h">
      <Filter>Fichiers d%27en-tête</Filter>
    </ClInclude>
    <ClInclude Include="DWindow.h">
      <Filter>Fichiers d%27en-tête</Filter>
    </ClInclude>
    <ClInclude Include="EntityManager.h">
      <Filter>Fichiers d%27en-tête</Filter>
    </ClInclude>
    <ClInclude Include="Fight.h">
      <Filter>Fichiers d%27en-tête</Filter>
    </ClInclude>
    <ClInclude Include="Force.h">
      <Filter>Fichiers d%27en-tête</Filter>
    </ClInclude>
    <ClInclude Include="GestionAnimations.h">
      <Filter>Fichiers d%27en-tête</Filter>
    </ClInclude>
    <ClInclude Include="GestionAppuieTouche.h">
      <Filter>Fichiers d%27en-tête</Filter>
    </ClInclude>
    <ClInclude Include="GestionDeplacement.h">
      <Filter>Fichiers d%27en-tête</Filter>
    </ClInclude>
    <ClInclude Include="GestionEvents.h">
      <Filter>Fichiers d%27en-tête</Filter>
    </ClInclude>
    <ClInclude Include="GetIDmob.h">
      <Filter>Fichiers d%27en-tête</Filter>
    </ClInclude>
    <ClInclude Include="GravityParticle.h">
      <Filter>Fichiers d%27en-tête</Filter>
    </ClInclude>
    <ClInclude Include="GUI.h">
      <Filter>Fichiers d%27en-tête</Filter>
    </ClInclude>
    <ClInclude Include="IDs.h">
      <Filter>Fichiers d%27en-tête</Filter>
    </ClInclude>
    <ClInclude Include="Image_Area.h">
      <Filter>Fichiers d%27en-tête</Filter>
    </ClInclude>
    <ClInclude Include="Input.h">
      <Filter>Fichiers d%27en-tête</Filter>
    </ClInclude>
    <ClInclude Include="InputListener.h">
      <Filter>Fichiers d%27en-tête</Filter>
    </ClInclude>
    <ClInclude Include="Inventory.h">
      <Filter>Fichiers d%27en-tête</Filter>
    </ClInclude>
    <ClInclude Include="Inventory_Area.h">
      <Filter>Fichiers d%27en-tête</Filter>
    </ClInclude>
    <ClInclude Include="Layer.h">
      <Filter>Fichiers d%27en-tête</Filter>
    </ClInclude>
    <ClInclude Include="LayerE.h">
      <Filter>Fichiers d%27en-tête</Filter>
    </ClInclude>
    <ClInclude Include="LinearParticle.h">
      <Filter>Fichiers d%27en-tête</Filter>
    </ClInclude>
    <ClInclude Include="LireCoucheEvent.h">
      <Filter>Fichiers d%27en-tête</Filter>
    </ClInclude>
    <ClInclude Include="Monde.h">
      <Filter>Fichiers d%27en-tête</Filter>
    </ClInclude>
    <ClInclude Include="MondeE.h">
      <Filter>Fichiers d%27en-tête</Filter>
    </ClInclude>
    <ClInclude Include="MouseCursor.h">
      <Filter>Fichiers d%27en-tête</Filter>
    </ClInclude>
    <ClInclude Include="MouvementsMob.h">
      <Filter>Fichiers d%27en-tête</Filter>
    </ClInclude>
    <ClInclude Include="MovableWindow.h">
      <Filter>Fichiers d%27en-tête</Filter>
    </ClInclude>
    <ClInclude Include="MWindow.h">
      <Filter>Fichiers d%27en-tête</Filter>
    </ClInclude>
    <ClInclude Include="Node.h">
      <Filter>Fichiers d%27en-tête</Filter>
    </ClInclude>
    <ClInclude Include="Object.h">
      <Filter>Fichiers d%27en-tête</Filter>
    </ClInclude>
    <ClInclude Include="Particle.h">
      <Filter>Fichiers d%27en-tête</Filter>
    </ClInclude>
    <ClInclude Include="ParticleManager.h">
      <Filter>Fichiers d%27en-tête</Filter>
    </ClInclude>
    <ClInclude Include="Path.h">
      <Filter>Fichiers d%27en-tête</Filter>
    </ClInclude>
    <ClInclude Include="Personnage.h">
      <Filter>Fichiers d%27en-tête</Filter>
    </ClInclude>
    <ClInclude Include="PhysicObject.h">
      <Filter>Fichiers d%27en-tête</Filter>
    </ClInclude>
    <ClInclude Include="PhysicSprite.h">
      <Filter>Fichiers d%27en-tête</Filter>
    </ClInclude>
    <ClInclude Include="Pokeball.h">
      <Filter>Fichiers d%27en-tête</Filter>
    </ClInclude>
    <ClInclude Include="PokemonManager.h">
      <Filter>Fichiers d%27en-tête</Filter>
    </ClInclude>
    <ClInclude Include="Positionentitees.h">
      <Filter>Fichiers d%27en-tête</Filter>
    </ClInclude>
    <ClInclude Include="ScriptRead.h">
      <Filter>Fichiers d%27en-tête</Filter>
    </ClInclude>
    <ClInclude Include="Scroll_Text.h">
      <Filter>Fichiers d%27en-tête</Filter>
    </ClInclude>
    <ClInclude Include="Scrolling.h">
      <Filter>Fichiers d%27en-tête</Filter>
    </ClInclude>
    <ClInclude Include="Settings.h">
      <Filter>Fichiers d%27en-tête</Filter>
    </ClInclude>
    <ClInclude Include="ShakerManager.h">
      <Filter>Fichiers d%27en-tête</Filter>
    </ClInclude>
    <ClInclude Include="Skill.h">
      <Filter>Fichiers d%27en-tête</Filter>
    </ClInclude>
    <ClInclude Include="SkillParticleManager.h">
      <Filter>Fichiers d%27en-tête</Filter>
    </ClInclude>
    <ClInclude Include="SlotPokemonArea.h">
      <Filter>Fichiers d%27en-tête</Filter>
    </ClInclude>
    <ClInclude Include="SpriteAnimation.h">
      <Filter>Fichiers d%27en-tête</Filter>
    </ClInclude>
    <ClInclude Include="SpriteBank.h">
      <Filter>Fichiers d%27en-tête</Filter>
    </ClInclude>
    <ClInclude Include="Text_Area.h">
      <Filter>Fichiers d%27en-tête</Filter>
    </ClInclude>
    <ClInclude Include="ToolBar.h">
      <Filter>Fichiers d%27en-tête</Filter>
    </ClInclude>
    <ClInclude Include="TrainerCard.h">
      <Filter>Fichiers d%27en-tête</Filter>
    </ClInclude>
    <ClInclude Include="UpdateEvents.h">
      <Filter>Fichiers d%27en-tête</Filter>
    </ClInclude>
    <ClInclude Include="Weather.h">
      <Filter>Fichiers d%27en-tête</Filter>
    </ClInclude>
    <ClInclude Include="WGameCore.h">
      <Filter>Fichiers d%27en-tête</Filter>
    </ClInclude>
    <ClInclude Include="Window.h">
      <Filter>Fichiers d%27en-tête</Filter>
    </ClInclude>
    <ClInclude Include="Window_Area.h">
      <Filter>Fichiers d%27en-tête</Filter>
    </ClInclude>
    <ClInclude Include="Window_Choice.h">
      <Filter>Fichiers d%27en-tête</Filter>
    </ClInclude>
    <ClInclude Include="WindowBag.h">
      <Filter>Fichiers d%27en-tête</Filter>
    </ClInclude>
    <ClInclude Include="WindowSettings.h">
      <Filter>Fichiers d%27en-tête</Filter>
    </ClInclude>
    <ClInclude Include="WindowShop.h">
      <Filter>Fichiers d%27en-tête</Filter>
    </ClInclude>
    <ClInclude Include="WindowTeam.h">
      <Filter>Fichiers d%27en-tête</Filter>
    </ClInclude>
    <ClInclude Include="WMonde.h">
      <Filter>Fichiers d%27en-tête</Filter>
    </ClInclude>
    <ClInclude Include="World.h">
      <Filter>Fichiers d%27en-tête</Filter>
    </ClInclude>
    <ClInclude Include="Texture.h">
      <Filter>Fichiers d%27en-tête</Filter>
    </ClInclude>
    <ClInclude Include="MobSpawningManager.h">
      <Filter>Fichiers d%27en-tête</Filter>
    </ClInclude>
    <ClInclude Include="SpriteAnimationManager.h">
      <Filter>Fichiers d%27en-tête</Filter>
    </ClInclude>
    <ClInclude Include="IniReader.h">
      <Filter>Fichiers d%27en-tête</Filter>
    </ClInclude>
    <ClInclude Include="PokemonDescriptor.h">
      <Filter>Fichiers d%27en-tête</Filter>
    </ClInclude>
    <ClInclude Include="Statistics.h">
      <Filter>Fichiers d%27en-tête</Filter>
    </ClInclude>
    <ClInclude Include="DynamicWindowArea.h">
      <Filter>Fichiers d%27en-tête</Filter>
    </ClInclude>
    <ClInclude Include="resource.h">
      <Filter>Fichiers d%27en-tête</Filter>
    </ClInclude>
    <ClInclude Include="D:\Mes Documents\Cours\Perso\MyLibPerso(C)\LibThreads\define_platform.h">
      <Filter>Fichiers d%27en-tête</Filter>
    </ClInclude>
    <ClInclude Include="SavegameManager.h">
      <Filter>Fichiers d%27en-tête</Filter>
    </ClInclude>
  </ItemGroup>
  <ItemGroup>
    <ResourceCompile Include="SmashAndDash.rc">
      <Filter>Fichiers de ressources</Filter>
    </ResourceCompile>
  </ItemGroup>
  <ItemGroup>
    <None Include="icon1.ico">
      <Filter>Fichiers de ressources</Filter>
    </None>
    <None Include="icon2.ico">
      <Filter>Fichiers de ressources</Filter>
    </None>
    <None Include="..\..\..\..\..\..\..\Windows\System32\PerfCenterCpl.ico">
      <Filter>Fichiers de ressources</Filter>
    </None>
    <None Include="..\icon1.ico">
      <Filter>Fichiers de ressources</Filter>
    </None>
  </ItemGroup>
</Project>