<?xml version="1.0" encoding="utf-8"?>
<Project ToolsVersion="4.0" xmlns="http://schemas.microsoft.com/developer/msbuild/2003">
  <ItemGroup>
    <Filter Include="Fichiers sources">
      <UniqueIdentifier>{4FC737F1-C7A5-4376-A066-2A32D752A2FF}</UniqueIdentifier>
      <Extensions>cpp;c;cc;cxx;def;odl;idl;hpj;bat;asm;asmx</Extensions>
    </Filter>
    <Filter Include="Fichiers d%27en-tête">
      <UniqueIdentifier>{93995380-89BD-4b04-88EB-625FBE52EBFB}</UniqueIdentifier>
      <Extensions>h;hh;hpp;hxx;hm;inl;inc;xsd</Extensions>
    </Filter>
    <Filter Include="Fichiers de ressources">
      <UniqueIdentifier>{67DA6AB6-F800-4c08-8B7A-83BB121AAD01}</UniqueIdentifier>
      <Extensions>rc;ico;cur;bmp;dlg;rc2;rct;bin;rgs;gif;jpg;jpeg;jpe;resx;tiff;tif;png;wav;mfcribbon-ms</Extensions>
    </Filter>
    <Filter Include="Fichiers d%27en-tête\Script">
      <UniqueIdentifier>{7f2f8b07-67af-4611-aa1f-da5038813ff8}</UniqueIdentifier>
    </Filter>
    <Filter Include="Fichiers sources\Script">
      <UniqueIdentifier>{e58a8f05-9fc1-4fa3-8c58-d63aa89291d2}</UniqueIdentifier>
    </Filter>
    <Filter Include="Fichiers d%27en-tête\Exceptions">
      <UniqueIdentifier>{8aaa15d8-d123-40da-bb91-d701b6d38c0d}</UniqueIdentifier>
    </Filter>
    <Filter Include="Fichiers d%27en-tête\Utils">
      <UniqueIdentifier>{95f7515f-50f1-4d56-8cfa-67bd6e92f06f}</UniqueIdentifier>
    </Filter>
    <Filter Include="Fichiers d%27en-tête\Utils\FormalCalculation">
      <UniqueIdentifier>{bed414e5-8a79-4bf2-b709-c6c40963428a}</UniqueIdentifier>
    </Filter>
    <Filter Include="Fichiers d%27en-tête\Gameplay">
      <UniqueIdentifier>{0eb4743b-e8ba-4852-8c9d-a0990bc7c3e6}</UniqueIdentifier>
    </Filter>
    <Filter Include="Fichiers d%27en-tête\Gameplay\Fight">
      <UniqueIdentifier>{de752abf-7647-43cd-9eb2-c1f3e2bd8e71}</UniqueIdentifier>
    </Filter>
    <Filter Include="Fichiers d%27en-tête\Physic">
      <UniqueIdentifier>{e6c29f76-f1b0-4373-b036-9d18b49977a0}</UniqueIdentifier>
    </Filter>
    <Filter Include="Fichiers d%27en-tête\Inputs">
      <UniqueIdentifier>{429ea559-9441-452e-8705-7fddffc0adcf}</UniqueIdentifier>
    </Filter>
    <Filter Include="Fichiers d%27en-tête\Gameplay\AI">
      <UniqueIdentifier>{0fc0022a-f96e-4efb-866b-1ac2fff4bde1}</UniqueIdentifier>
    </Filter>
    <Filter Include="Fichiers d%27en-tête\Graphic">
      <UniqueIdentifier>{4d6f4673-fff7-4fd3-86db-dc83ec6352a2}</UniqueIdentifier>
    </Filter>
    <Filter Include="Fichiers d%27en-tête\Graphic\GUI">
      <UniqueIdentifier>{9b93c252-9227-4619-bfdd-7372a014a50a}</UniqueIdentifier>
    </Filter>
    <Filter Include="Fichiers d%27en-tête\Gameplay\Inventory">
      <UniqueIdentifier>{1aea206e-8be6-4ffa-9579-23a3306141db}</UniqueIdentifier>
    </Filter>
    <Filter Include="Fichiers d%27en-tête\Inputs\Readers">
      <UniqueIdentifier>{34b4e285-2c91-4b87-81bb-8723115723fc}</UniqueIdentifier>
    </Filter>
    <Filter Include="Fichiers d%27en-tête\Gameplay\Data">
      <UniqueIdentifier>{d35414b1-2cae-4c67-95bf-57e41a9c5951}</UniqueIdentifier>
    </Filter>
    <Filter Include="Fichiers sources\Exceptions">
      <UniqueIdentifier>{b6e7a060-f750-4154-9f03-0e4884ce44ee}</UniqueIdentifier>
    </Filter>
    <Filter Include="Fichiers sources\Gameplay">
      <UniqueIdentifier>{a730a827-4e27-4392-8c34-f3e1f18c66ec}</UniqueIdentifier>
    </Filter>
    <Filter Include="Fichiers sources\Inputs">
      <UniqueIdentifier>{46d173d2-b2c8-4744-822f-fc2671df49e4}</UniqueIdentifier>
    </Filter>
    <Filter Include="Fichiers sources\Graphic">
      <UniqueIdentifier>{19550850-0d2d-4a7d-ad33-48c4a9434f99}</UniqueIdentifier>
    </Filter>
    <Filter Include="Fichiers sources\Physic">
      <UniqueIdentifier>{a8d9fa43-ecbf-4ae8-8882-5340af6bf572}</UniqueIdentifier>
    </Filter>
    <Filter Include="Fichiers sources\Utils">
      <UniqueIdentifier>{352f24ec-61d5-4803-ba51-4a11126a3ecc}</UniqueIdentifier>
    </Filter>
    <Filter Include="Fichiers sources\Graphic\GUI">
      <UniqueIdentifier>{fc267a87-d719-43d8-aca5-2456b6334dd7}</UniqueIdentifier>
    </Filter>
    <Filter Include="Fichiers sources\Gameplay\Fight">
      <UniqueIdentifier>{1468231b-6e2b-4369-8a31-cdf7c0cf3915}</UniqueIdentifier>
    </Filter>
    <Filter Include="Fichiers sources\Gameplay\AI">
      <UniqueIdentifier>{251b950e-2c64-4529-9ae8-7a17bae2e638}</UniqueIdentifier>
    </Filter>
    <Filter Include="Fichiers sources\Gameplay\Inventory">
      <UniqueIdentifier>{77ad6dff-1911-4143-a692-287f6bb35c33}</UniqueIdentifier>
    </Filter>
    <Filter Include="Fichiers sources\Gameplay\Data">
      <UniqueIdentifier>{914645aa-b23d-4ef7-875b-b9fd312f9218}</UniqueIdentifier>
    </Filter>
    <Filter Include="Fichiers sources\Inputs\Readers">
      <UniqueIdentifier>{eacfed76-3db7-4d03-8c55-e353a5883929}</UniqueIdentifier>
    </Filter>
    <Filter Include="Fichiers sources\Utils\FormalCalculation">
      <UniqueIdentifier>{e6d96308-8124-42bd-acd3-1f2a057522c4}</UniqueIdentifier>
    </Filter>
    <Filter Include="Fichiers sources\Gameplay\World">
      <UniqueIdentifier>{08871232-db23-4f41-8695-4b9592bfc6f0}</UniqueIdentifier>
    </Filter>
    <Filter Include="Fichiers d%27en-tête\Gameplay\World">
      <UniqueIdentifier>{09f41c7f-9767-445a-a12e-e27c6e5ae29e}</UniqueIdentifier>
    </Filter>
  </ItemGroup>
  <ItemGroup>
    <ClInclude Include="Code\Graphic\GUI\Bar.h">
      <Filter>Fichiers d%27en-tête\Graphic\GUI</Filter>
    </ClInclude>
    <ClInclude Include="Code\Utils\ChargementImages.h">
      <Filter>Fichiers d%27en-tête\Utils</Filter>
    </ClInclude>
    <ClInclude Include="Code\Graphic\GUI\DialogMenu.h">
      <Filter>Fichiers d%27en-tête\Graphic\GUI</Filter>
    </ClInclude>
    <ClInclude Include="Code\Graphic\GUI\DynamicWindowArea.h">
      <Filter>Fichiers d%27en-tête\Graphic\GUI</Filter>
    </ClInclude>
    <ClInclude Include="Code\Gameplay\Fight\EndFightReasonEnum.h">
      <Filter>Fichiers d%27en-tête\Gameplay\Fight</Filter>
    </ClInclude>
    <ClInclude Include="Code\Graphic\GUI\MovableWindow.h">
      <Filter>Fichiers d%27en-tête\Graphic\GUI</Filter>
    </ClInclude>
    <ClInclude Include="Code\Graphic\GUI\ToolBar.h">
      <Filter>Fichiers d%27en-tête\Graphic\GUI</Filter>
    </ClInclude>
    <ClInclude Include="Code\Graphic\GUI\TrainerCard.h">
      <Filter>Fichiers d%27en-tête\Graphic\GUI</Filter>
    </ClInclude>
    <ClInclude Include="Code\Graphic\GUI\Window_Area.h">
      <Filter>Fichiers d%27en-tête\Graphic\GUI</Filter>
    </ClInclude>
    <ClInclude Include="Code\Graphic\GUI\WindowBag.h">
      <Filter>Fichiers d%27en-tête\Graphic\GUI</Filter>
    </ClInclude>
    <ClInclude Include="Code\Graphic\GUI\WindowRenderer.h">
      <Filter>Fichiers d%27en-tête\Graphic\GUI</Filter>
    </ClInclude>
    <ClInclude Include="Code\Graphic\GUI\WindowSettings.h">
      <Filter>Fichiers d%27en-tête\Graphic\GUI</Filter>
    </ClInclude>
    <ClInclude Include="Code\Graphic\GUI\WindowShop.h">
      <Filter>Fichiers d%27en-tête\Graphic\GUI</Filter>
    </ClInclude>
    <ClInclude Include="Code\Graphic\GUI\WindowTeam.h">
      <Filter>Fichiers d%27en-tête\Graphic\GUI</Filter>
    </ClInclude>
    <ClInclude Include="Code\Graphic\GestionAnimations.h">
      <Filter>Fichiers d%27en-tête\Graphic</Filter>
    </ClInclude>
    <ClInclude Include="Code\Utils\IDs.h">
      <Filter>Fichiers d%27en-tête\Utils</Filter>
    </ClInclude>
    <ClInclude Include="Code\Gameplay\Inventory\Inventory.h">
      <Filter>Fichiers d%27en-tête\Gameplay\Inventory</Filter>
    </ClInclude>
    <ClInclude Include="Code\Script\GlobalScriptVariables.h">
      <Filter>Fichiers d%27en-tête\Script</Filter>
    </ClInclude>
    <ClInclude Include="Code\Script\Commands\CommandAddPokemon.h">
      <Filter>Fichiers d%27en-tête\Script</Filter>
    </ClInclude>
    <ClInclude Include="Code\Script\Commands\CommandChoice.h">
      <Filter>Fichiers d%27en-tête\Script</Filter>
    </ClInclude>
    <ClInclude Include="Code\Script\Commands\CommandCinematic.h">
      <Filter>Fichiers d%27en-tête\Script</Filter>
    </ClInclude>
    <ClInclude Include="Code\Script\Commands\CommandDirection.h">
      <Filter>Fichiers d%27en-tête\Script</Filter>
    </ClInclude>
    <ClInclude Include="Code\Script\Commands\CommandFollow.h">
      <Filter>Fichiers d%27en-tête\Script</Filter>
    </ClInclude>
    <ClInclude Include="Code\Script\Commands\CommandHeal.h">
      <Filter>Fichiers d%27en-tête\Script</Filter>
    </ClInclude>
    <ClInclude Include="Code\Script\Commands\CommandHideCharacter.h">
      <Filter>Fichiers d%27en-tête\Script</Filter>
    </ClInclude>
    <ClInclude Include="Code\Script\Commands\CommandHideGUI.h">
      <Filter>Fichiers d%27en-tête\Script</Filter>
    </ClInclude>
    <ClInclude Include="Code\Script\Commands\CommandKillEntity.h">
      <Filter>Fichiers d%27en-tête\Script</Filter>
    </ClInclude>
    <ClInclude Include="Code\Script\Commands\CommandMessage.h">
      <Filter>Fichiers d%27en-tête\Script</Filter>
    </ClInclude>
    <ClInclude Include="Code\Script\Commands\CommandMove.h">
      <Filter>Fichiers d%27en-tête\Script</Filter>
    </ClInclude>
    <ClInclude Include="Code\Script\Commands\CommandPlayAnimation.h">
      <Filter>Fichiers d%27en-tête\Script</Filter>
    </ClInclude>
    <ClInclude Include="Code\Script\Commands\CommandPlayCrumbling.h">
      <Filter>Fichiers d%27en-tête\Script</Filter>
    </ClInclude>
    <ClInclude Include="Code\Script\Commands\CommandPlayShaking.h">
      <Filter>Fichiers d%27en-tête\Script</Filter>
    </ClInclude>
    <ClInclude Include="Code\Script\Commands\CommandPokemonOut.h">
      <Filter>Fichiers d%27en-tête\Script</Filter>
    </ClInclude>
    <ClInclude Include="Code\Script\Commands\CommandShop.h">
      <Filter>Fichiers d%27en-tête\Script</Filter>
    </ClInclude>
    <ClInclude Include="Code\Script\Commands\CommandStop.h">
      <Filter>Fichiers d%27en-tête\Script</Filter>
    </ClInclude>
    <ClInclude Include="Code\Script\Commands\CommandStuckCharacter.h">
      <Filter>Fichiers d%27en-tête\Script</Filter>
    </ClInclude>
    <ClInclude Include="Code\Script\Commands\CommandTeleport.h">
      <Filter>Fichiers d%27en-tête\Script</Filter>
    </ClInclude>
    <ClInclude Include="Code\Script\Commands\CommandThrowPokebal.h">
      <Filter>Fichiers d%27en-tête\Script</Filter>
    </ClInclude>
    <ClInclude Include="Code\Script\Commands\CommandTranslationCamera.h">
      <Filter>Fichiers d%27en-tête\Script</Filter>
    </ClInclude>
    <ClInclude Include="Code\Graphic\GUI\MouseCursor.h">
      <Filter>Fichiers d%27en-tête\Graphic\GUI</Filter>
    </ClInclude>
    <ClInclude Include="Code\Gameplay\Inventory\Object.h">
      <Filter>Fichiers d%27en-tête\Gameplay\Inventory</Filter>
    </ClInclude>
    <ClInclude Include="Code\Graphic\ShakerManager.h">
      <Filter>Fichiers d%27en-tête\Graphic</Filter>
    </ClInclude>
    <ClInclude Include="Code\Gameplay\Data\Settings.h">
      <Filter>Fichiers d%27en-tête\Gameplay\Data</Filter>
    </ClInclude>
    <ClInclude Include="Code\Gameplay\Data\SavegameManager.h">
      <Filter>Fichiers d%27en-tête\Gameplay\Data</Filter>
    </ClInclude>
    <ClInclude Include="Code\Gameplay\Data\PokemonDescriptor.h">
      <Filter>Fichiers d%27en-tête\Gameplay\Data</Filter>
    </ClInclude>
    <ClInclude Include="Code\Gameplay\Pokeball.h">
      <Filter>Fichiers d%27en-tête\Gameplay</Filter>
    </ClInclude>
    <ClInclude Include="Code\Gameplay\PokeballLaunchReasonEnum.h">
      <Filter>Fichiers d%27en-tête\Gameplay</Filter>
    </ClInclude>
    <ClInclude Include="Code\Gameplay\WGameCore.h">
      <Filter>Fichiers d%27en-tête\Gameplay</Filter>
    </ClInclude>
    <ClInclude Include="Code\Gameplay\Weather.h">
      <Filter>Fichiers d%27en-tête\Gameplay</Filter>
    </ClInclude>
    <ClInclude Include="Code\Gameplay\Data\Statistics.h">
      <Filter>Fichiers d%27en-tête\Gameplay\Data</Filter>
    </ClInclude>
    <ClInclude Include="Code\Utils\resource.h">
      <Filter>Fichiers d%27en-tête</Filter>
    </ClInclude>
    <ClInclude Include="Code\Script\Commands\CommandPlayerPresence.h">
      <Filter>Fichiers d%27en-tête</Filter>
    </ClInclude>
    <ClInclude Include="Code\Gameplay\Scene\SceneMap.h">
      <Filter>Fichiers d%27en-tête</Filter>
    </ClInclude>
    <ClInclude Include="Code\Gameplay\Scene\SceneFight.h">
      <Filter>Fichiers d%27en-tête</Filter>
    </ClInclude>
    <ClInclude Include="Code\Gameplay\Scene\AbstractSceneMap.h">
      <Filter>Fichiers d%27en-tête</Filter>
    </ClInclude>
    <ClInclude Include="Code\Gameplay\Scene\AbstractNoGUISceneMap.h">
      <Filter>Fichiers d%27en-tête</Filter>
    </ClInclude>
    <ClInclude Include="Code\ska\Exceptions\CorruptedFileException.h">
      <Filter>Fichiers d%27en-tête</Filter>
    </ClInclude>
    <ClInclude Include="Code\ska\Exceptions\GenericException.h">
      <Filter>Fichiers d%27en-tête\Exceptions</Filter>
    </ClInclude>
    <ClInclude Include="Code\ska\Exceptions\IllegalArgumentException.h">
      <Filter>Fichiers d%27en-tête</Filter>
    </ClInclude>
    <ClInclude Include="Code\ska\Exceptions\IllegalStateException.h">
      <Filter>Fichiers d%27en-tête</Filter>
    </ClInclude>
    <ClInclude Include="Code\ska\Exceptions\IndexOutOfBoundsException.h">
      <Filter>Fichiers d%27en-tête</Filter>
    </ClInclude>
    <ClInclude Include="Code\ska\Exceptions\InputException.h">
      <Filter>Fichiers d%27en-tête</Filter>
    </ClInclude>
    <ClInclude Include="Code\ska\Exceptions\InvalidPathException.h">
      <Filter>Fichiers d%27en-tête</Filter>
    </ClInclude>
    <ClInclude Include="Code\ska\Exceptions\NumberFormatException.h">
      <Filter>Fichiers d%27en-tête</Filter>
    </ClInclude>
    <ClInclude Include="Code\ska\Exceptions\ScriptException.h">
      <Filter>Fichiers d%27en-tête\Exceptions</Filter>
    </ClInclude>
    <ClInclude Include="Code\ska\Exceptions\ScriptNotActivatedException.h">
      <Filter>Fichiers d%27en-tête</Filter>
    </ClInclude>
    <ClInclude Include="Code\ska\Exceptions\ScriptSyntaxError.h">
      <Filter>Fichiers d%27en-tête</Filter>
    </ClInclude>
    <ClInclude Include="Code\ska\Exceptions\ScriptUnknownCommandException.h">
      <Filter>Fichiers d%27en-tête\Exceptions</Filter>
    </ClInclude>
    <ClInclude Include="Code\ska\AI\Node.h">
      <Filter>Fichiers d%27en-tête\Gameplay\AI</Filter>
    </ClInclude>
    <ClInclude Include="Code\ska\AI\Path.h">
      <Filter>Fichiers d%27en-tête\Gameplay\AI</Filter>
    </ClInclude>
    <ClInclude Include="Code\ska\Data\Savegame.h">
      <Filter>Fichiers d%27en-tête</Filter>
    </ClInclude>
    <ClInclude Include="Code\ska\Utils\FormalCalculation\CalculOperators.h">
      <Filter>Fichiers d%27en-tête\Utils\FormalCalculation</Filter>
    </ClInclude>
    <ClInclude Include="Code\ska\Utils\FormalCalculation\FormalCalculator.h">
      <Filter>Fichiers d%27en-tête\Utils\FormalCalculation</Filter>
    </ClInclude>
    <ClInclude Include="Code\ska\Utils\MessagePopup.h">
      <Filter>Fichiers d%27en-tête</Filter>
    </ClInclude>
    <ClInclude Include="Code\ska\Utils\MessageType.h">
      <Filter>Fichiers d%27en-tête</Filter>
    </ClInclude>
    <ClInclude Include="Code\ska\Utils\NumberUtils.h">
      <Filter>Fichiers d%27en-tête</Filter>
    </ClInclude>
    <ClInclude Include="Code\ska\Utils\ResourceTemplate.h">
      <Filter>Fichiers d%27en-tête\Graphic</Filter>
    </ClInclude>
    <ClInclude Include="Code\ska\Utils\ScriptUtils.h">
      <Filter>Fichiers d%27en-tête\Utils</Filter>
    </ClInclude>
    <ClInclude Include="Code\ska\Utils\Singleton_template.h">
      <Filter>Fichiers d%27en-tête\Utils</Filter>
    </ClInclude>
    <ClInclude Include="Code\ska\Utils\SkaConstants.h">
      <Filter>Fichiers d%27en-tête</Filter>
    </ClInclude>
    <ClInclude Include="Code\ska\Utils\StringUtils.h">
      <Filter>Fichiers d%27en-tête\Utils</Filter>
    </ClInclude>
    <ClInclude Include="Code\ska\Utils\TimeUtils.h">
      <Filter>Fichiers d%27en-tête</Filter>
    </ClInclude>
    <ClInclude Include="Code\ska\World\Block.h">
      <Filter>Fichiers d%27en-tête\Graphic</Filter>
    </ClInclude>
    <ClInclude Include="Code\ska\World\Layer.h">
      <Filter>Fichiers d%27en-tête\Gameplay\World</Filter>
    </ClInclude>
    <ClInclude Include="Code\ska\World\LayerE.h">
      <Filter>Fichiers d%27en-tête\Gameplay\World</Filter>
    </ClInclude>
    <ClInclude Include="Code\ska\World\World.h">
      <Filter>Fichiers d%27en-tête\Gameplay\World</Filter>
    </ClInclude>
    <ClInclude Include="Code\ska\Graphic\Draw\Drawable.h">
      <Filter>Fichiers d%27en-tête</Filter>
    </ClInclude>
    <ClInclude Include="Code\ska\Graphic\Draw\DrawableContainer.h">
      <Filter>Fichiers d%27en-tête</Filter>
    </ClInclude>
    <ClInclude Include="Code\ska\Graphic\Draw\DrawableFixedPriority.h">
      <Filter>Fichiers d%27en-tête</Filter>
    </ClInclude>
    <ClInclude Include="Code\ska\Graphic\Draw\PriorityQueueDrawableContainer.h">
      <Filter>Fichiers d%27en-tête</Filter>
    </ClInclude>
    <ClInclude Include="Code\ska\Graphic\Draw\VectorDrawableContainer.h">
      <Filter>Fichiers d%27en-tête</Filter>
    </ClInclude>
    <ClInclude Include="Code\ska\Graphic\GUI\Window.h">
      <Filter>Fichiers d%27en-tête\Graphic\GUI</Filter>
    </ClInclude>
    <ClInclude Include="Code\ska\Graphic\Animation.h">
      <Filter>Fichiers d%27en-tête\Graphic</Filter>
    </ClInclude>
    <ClInclude Include="Code\ska\Graphic\Font.h">
      <Filter>Fichiers d%27en-tête\Graphic\GUI</Filter>
    </ClInclude>
    <ClInclude Include="Code\ska\Graphic\Point.h">
      <Filter>Fichiers d%27en-tête</Filter>
    </ClInclude>
    <ClInclude Include="Code\ska\Graphic\Rectangle.h">
      <Filter>Fichiers d%27en-tête</Filter>
    </ClInclude>
    <ClInclude Include="Code\ska\Graphic\SDLFont.h">
      <Filter>Fichiers d%27en-tête\Graphic</Filter>
    </ClInclude>
    <ClInclude Include="Code\ska\Graphic\SDLTexture.h">
      <Filter>Fichiers d%27en-tête\Graphic</Filter>
    </ClInclude>
    <ClInclude Include="Code\ska\Graphic\SpriteAnimationManager.h">
      <Filter>Fichiers d%27en-tête\Graphic</Filter>
    </ClInclude>
    <ClInclude Include="Code\ska\Graphic\SpritePath.h">
      <Filter>Fichiers d%27en-tête\Graphic</Filter>
    </ClInclude>
    <ClInclude Include="Code\ska\Graphic\Texture.h">
      <Filter>Fichiers d%27en-tête\Graphic</Filter>
    </ClInclude>
    <ClInclude Include="Code\ska\Graphic\TextureData.h">
      <Filter>Fichiers d%27en-tête\Graphic</Filter>
    </ClInclude>
    <ClInclude Include="Code\ska\Script\ScriptState.h">
      <Filter>Fichiers d%27en-tête</Filter>
    </ClInclude>
    <ClInclude Include="Code\ska\Script\ScriptSymbolsConstants.h">
      <Filter>Fichiers d%27en-tête\Script</Filter>
    </ClInclude>
    <ClInclude Include="Code\ska\Physic\Force.h">
      <Filter>Fichiers d%27en-tête\Physic</Filter>
    </ClInclude>
    <ClInclude Include="Code\ska\Physic\GravityParticle.h">
      <Filter>Fichiers d%27en-tête\Physic</Filter>
    </ClInclude>
    <ClInclude Include="Code\ska\Physic\LinearParticle.h">
      <Filter>Fichiers d%27en-tête\Physic</Filter>
    </ClInclude>
    <ClInclude Include="Code\ska\Physic\Particle.h">
      <Filter>Fichiers d%27en-tête\Physic</Filter>
    </ClInclude>
    <ClInclude Include="Code\ska\Physic\ParticleManager.h">
      <Filter>Fichiers d%27en-tête\Physic</Filter>
    </ClInclude>
    <ClInclude Include="Code\ska\Physic\PhysicObject.h">
      <Filter>Fichiers d%27en-tête\Physic</Filter>
    </ClInclude>
    <ClInclude Include="Code\ska\Physic\PhysicSprite.h">
      <Filter>Fichiers d%27en-tête\Physic</Filter>
    </ClInclude>
    <ClInclude Include="Code\ska\Utils\RectangleUtils.h">
      <Filter>Fichiers d%27en-tête</Filter>
    </ClInclude>
    <ClInclude Include="Code\ska\Script\Command\ControlStatement.h">
      <Filter>Fichiers d%27en-tête</Filter>
    </ClInclude>
    <ClInclude Include="Code\ska\Script\Command\AbstractCommand.h">
      <Filter>Fichiers d%27en-tête</Filter>
    </ClInclude>
    <ClInclude Include="Code\ska\Script\Command\AbstractFunctionCommand.h">
      <Filter>Fichiers d%27en-tête</Filter>
    </ClInclude>
    <ClInclude Include="Code\ska\Script\Command\Command.h">
      <Filter>Fichiers d%27en-tête\Script</Filter>
    </ClInclude>
    <ClInclude Include="Code\ska\Script\Command\CommandElse.h">
      <Filter>Fichiers d%27en-tête\Script</Filter>
    </ClInclude>
    <ClInclude Include="Code\ska\Script\Command\CommandElseEnd.h">
      <Filter>Fichiers d%27en-tête</Filter>
    </ClInclude>
    <ClInclude Include="Code\ska\Script\Command\CommandIf.h">
      <Filter>Fichiers d%27en-tête\Script</Filter>
    </ClInclude>
    <ClInclude Include="Code\ska\Exceptions\FileException.h">
      <Filter>Fichiers d%27en-tête</Filter>
    </ClInclude>
    <ClInclude Include="Code\ska\Utils\FileUtils.h">
      <Filter>Fichiers d%27en-tête</Filter>
    </ClInclude>
    <ClInclude Include="Code\ska\Script\Command\CommandEnd.h">
      <Filter>Fichiers d%27en-tête\Script</Filter>
    </ClInclude>
    <ClInclude Include="Code\ska\Exceptions\ScriptDiedException.h">
      <Filter>Fichiers d%27en-tête</Filter>
    </ClInclude>
    <ClInclude Include="Code\ska\Graphic\SpriteAnimation.h">
      <Filter>Fichiers d%27en-tête\Graphic</Filter>
    </ClInclude>
    <ClInclude Include="Code\ska\Script\Command\CommandEndScript.h">
      <Filter>Fichiers d%27en-tête</Filter>
    </ClInclude>
    <ClInclude Include="Code\ska\Script\Command\CommandScript.h">
      <Filter>Fichiers d%27en-tête\Script</Filter>
    </ClInclude>
    <ClInclude Include="Code\ska\Script\Command\CommandLog.h">
      <Filter>Fichiers d%27en-tête</Filter>
    </ClInclude>
    <ClInclude Include="Code\ska\Script\Command\CommandAssign.h">
      <Filter>Fichiers d%27en-tête\Script</Filter>
    </ClInclude>
    <ClInclude Include="Code\ska\Script\Command\CommandCalculate.h">
      <Filter>Fichiers d%27en-tête\Script</Filter>
    </ClInclude>
    <ClInclude Include="Code\ska\Script\Command\CommandRandom.h">
      <Filter>Fichiers d%27en-tête\Script</Filter>
    </ClInclude>
    <ClInclude Include="Code\ska\Script\Command\CommandWait.h">
      <Filter>Fichiers d%27en-tête\Script</Filter>
    </ClInclude>
    <ClInclude Include="Code\ska\Scene\HasGraphic.h">
      <Filter>Fichiers d%27en-tête</Filter>
    </ClInclude>
    <ClInclude Include="Code\ska\Scene\HasLogic.h">
      <Filter>Fichiers d%27en-tête</Filter>
    </ClInclude>
    <ClInclude Include="Code\ska\Scene\Scene.h">
      <Filter>Fichiers d%27en-tête</Filter>
    </ClInclude>
    <ClInclude Include="Code\ska\ECS\Component.h">
      <Filter>Fichiers d%27en-tête</Filter>
    </ClInclude>
    <ClInclude Include="Code\ska\ECS\System.h">
      <Filter>Fichiers d%27en-tête</Filter>
    </ClInclude>
    <ClInclude Include="Code\ska\ECS\ComponentHandler.h">
      <Filter>Fichiers d%27en-tête</Filter>
    </ClInclude>
    <ClInclude Include="Code\ska\ECS\ECSDefines.h">
      <Filter>Fichiers d%27en-tête</Filter>
    </ClInclude>
    <ClInclude Include="Code\ska\ECS\EntityManager.h">
      <Filter>Fichiers d%27en-tête</Filter>
    </ClInclude>
    <ClInclude Include="Code\ska\ECS\StaticCounterGlobal.h">
      <Filter>Fichiers d%27en-tête</Filter>
    </ClInclude>
    <ClInclude Include="Code\Gameplay\World\WorldImpl.h">
      <Filter>Fichiers d%27en-tête</Filter>
    </ClInclude>
    <ClInclude Include="Code\ska\Physic\PositionComponent.h">
      <Filter>Fichiers d%27en-tête</Filter>
    </ClInclude>
    <ClInclude Include="Code\ska\Graphic\CameraFocusedComponent.h">
      <Filter>Fichiers d%27en-tête</Filter>
    </ClInclude>
    <ClInclude Include="Code\ska\Exceptions\TerminateProcessException.h">
      <Filter>Fichiers d%27en-tête</Filter>
    </ClInclude>
    <ClInclude Include="Code\ska\Graphic\AnimatedTexture.h">
      <Filter>Fichiers d%27en-tête</Filter>
    </ClInclude>
    <ClInclude Include="Code\ska\Physic\System\CollisionSystem.h">
      <Filter>Fichiers d%27en-tête</Filter>
    </ClInclude>
    <ClInclude Include="Code\ska\Physic\System\ForceSystem.h">
      <Filter>Fichiers d%27en-tête</Filter>
    </ClInclude>
    <ClInclude Include="Code\ska\Physic\System\GravitySystem.h">
      <Filter>Fichiers d%27en-tête</Filter>
    </ClInclude>
    <ClInclude Include="Code\ska\Physic\System\MovementSystem.h">
      <Filter>Fichiers d%27en-tête</Filter>
    </ClInclude>
    <ClInclude Include="Code\ska\Physic\MovementComponent.h">
      <Filter>Fichiers d%27en-tête</Filter>
    </ClInclude>
    <ClInclude Include="Code\ska\Physic\CollisionComponent.h">
      <Filter>Fichiers d%27en-tête</Filter>
    </ClInclude>
    <ClInclude Include="Code\ska\Physic\ForceComponent.h">
      <Filter>Fichiers d%27en-tête</Filter>
    </ClInclude>
    <ClInclude Include="Code\ska\Physic\GravityAffectedComponent.h">
      <Filter>Fichiers d%27en-tête</Filter>
    </ClInclude>
    <ClInclude Include="Code\ska\Physic\HitboxComponent.h">
      <Filter>Fichiers d%27en-tête</Filter>
    </ClInclude>
    <ClInclude Include="Code\ska\Graphic\GraphicComponent.h">
      <Filter>Fichiers d%27en-tête</Filter>
    </ClInclude>
    <ClInclude Include="Code\ska\Graphic\PositionnedGraphicDrawable.h">
      <Filter>Fichiers d%27en-tête</Filter>
    </ClInclude>
    <ClInclude Include="Code\ska\Graphic\System\DirectionalAnimationSystem.h">
      <Filter>Fichiers d%27en-tête</Filter>
    </ClInclude>
    <ClInclude Include="Code\ska\Graphic\DirectionalAnimationComponent.h">
      <Filter>Fichiers d%27en-tête</Filter>
    </ClInclude>
    <ClInclude Include="Code\ska\ECS\PrefabEntityManager.h">
      <Filter>Fichiers d%27en-tête</Filter>
    </ClInclude>
    <ClInclude Include="Code\ska\Graphic\HasShadowComponent.h">
      <Filter>Fichiers d%27en-tête</Filter>
    </ClInclude>
    <ClInclude Include="Code\ska\Physic\WorldCollisionComponent.h">
      <Filter>Fichiers d%27en-tête</Filter>
    </ClInclude>
    <ClInclude Include="Code\ska\Script\ScriptAwareComponent.h">
      <Filter>Fichiers d%27en-tête</Filter>
    </ClInclude>
    <ClInclude Include="Code\ska\Script\ScriptComponent.h">
      <Filter>Fichiers d%27en-tête</Filter>
    </ClInclude>
    <ClInclude Include="Code\ska\Script\System\ScriptAutoSystem.h">
      <Filter>Fichiers d%27en-tête</Filter>
    </ClInclude>
    <ClInclude Include="Code\ska\Script\System\ScriptRefreshSystem.h">
      <Filter>Fichiers d%27en-tête</Filter>
    </ClInclude>
    <ClInclude Include="Code\ska\Script\ScriptSleepComponent.h">
      <Filter>Fichiers d%27en-tête</Filter>
    </ClInclude>
    <ClInclude Include="Code\ska\Script\System\ScriptBasicCommandsSystem.h">
      <Filter>Fichiers d%27en-tête</Filter>
    </ClInclude>
    <ClInclude Include="Code\Script\System\ScriptCommandsSystem.h">
      <Filter>Fichiers d%27en-tête</Filter>
    </ClInclude>
    <ClInclude Include="Code\ska\Script\ScriptTriggerType.h">
      <Filter>Fichiers d%27en-tête</Filter>
    </ClInclude>
    <ClInclude Include="Code\ska\ECS\ComponentSerializer.h">
      <Filter>Fichiers d%27en-tête</Filter>
    </ClInclude>
    <ClInclude Include="Code\ska\Utils\PhysicUtils.h">
      <Filter>Fichiers d%27en-tête</Filter>
    </ClInclude>
    <ClInclude Include="Code\ska\Graphic\DeleterComponent.h">
      <Filter>Fichiers d%27en-tête</Filter>
    </ClInclude>
    <ClInclude Include="Code\ska\Graphic\System\DeleterSystem.h">
      <Filter>Fichiers d%27en-tête</Filter>
    </ClInclude>
    <ClInclude Include="Code\Gameplay\Mobs\MobSpawnAreaComponent.h">
      <Filter>Fichiers d%27en-tête</Filter>
    </ClInclude>
    <ClInclude Include="Code\Gameplay\Mobs\System\MobSpawningSystem.h">
      <Filter>Fichiers d%27en-tête</Filter>
    </ClInclude>
    <ClInclude Include="Code\Gameplay\CustomEntityManager.h">
      <Filter>Fichiers d%27en-tête</Filter>
    </ClInclude>
    <ClInclude Include="Code\Gameplay\Fight\FightComponent.h">
      <Filter>Fichiers d%27en-tête</Filter>
    </ClInclude>
    <ClInclude Include="Code\Gameplay\Fight\System\FightStartSystem.h">
      <Filter>Fichiers d%27en-tête</Filter>
    </ClInclude>
    <ClInclude Include="Code\ska\Scene\SceneHolder.h">
      <Filter>Fichiers d%27en-tête</Filter>
    </ClInclude>
    <ClInclude Include="Code\ska\Scene\SceneType.h">
      <Filter>Fichiers d%27en-tête</Filter>
    </ClInclude>
    <ClInclude Include="Code\ska\ECS\ISystem.h">
      <Filter>Fichiers d%27en-tête</Filter>
    </ClInclude>
    <ClInclude Include="Code\Gameplay\World\WorldScene.h">
      <Filter>Fichiers d%27en-tête</Filter>
    </ClInclude>
    <ClInclude Include="Code\Gameplay\Mobs\MobSpawner.h">
      <Filter>Fichiers d%27en-tête</Filter>
    </ClInclude>
    <ClInclude Include="Code\ska\ECS\IGraphicSystem.h">
      <Filter>Fichiers d%27en-tête</Filter>
    </ClInclude>
    <ClInclude Include="Code\ska\Exceptions\SceneDiedException.h">
      <Filter>Fichiers d%27en-tête</Filter>
    </ClInclude>
    <ClInclude Include="Code\ska\Graphic\System\CameraFixedSystem.h">
      <Filter>Fichiers d%27en-tête</Filter>
    </ClInclude>
    <ClInclude Include="Code\ska\Graphic\System\CameraFollowSystem.h">
      <Filter>Fichiers d%27en-tête</Filter>
    </ClInclude>
    <ClInclude Include="Code\ska\Graphic\System\CameraAware.h">
      <Filter>Fichiers d%27en-tête</Filter>
    </ClInclude>
    <ClInclude Include="Code\Gameplay\Scene\SceneHolderCore.h">
      <Filter>Fichiers d%27en-tête</Filter>
    </ClInclude>
    <ClInclude Include="Code\Graphic\GUI\MessageDialogBox.h">
      <Filter>Fichiers d%27en-tête</Filter>
    </ClInclude>
    <ClInclude Include="Code\Graphic\GUI\IDialogMenu.h">
      <Filter>Fichiers d%27en-tête</Filter>
    </ClInclude>
    <ClInclude Include="Code\Graphic\DialogComponent.h">
      <Filter>Fichiers d%27en-tête</Filter>
    </ClInclude>
    <ClInclude Include="Code\ska\Graphic\System\CameraSystem.h">
      <Filter>Fichiers d%27en-tête</Filter>
    </ClInclude>
    <ClInclude Include="Code\Graphic\System\GraphicSystem.h">
      <Filter>Fichiers d%27en-tête</Filter>
    </ClInclude>
    <ClInclude Include="Code\Graphic\System\AbstractGraphicSystem.h">
      <Filter>Fichiers d%27en-tête</Filter>
    </ClInclude>
    <ClInclude Include="Code\Graphic\System\ShadowSystem.h">
      <Filter>Fichiers d%27en-tête</Filter>
    </ClInclude>
    <ClInclude Include="Code\ska\Task\TaskQueue.h">
      <Filter>Fichiers d%27en-tête</Filter>
    </ClInclude>
    <ClInclude Include="Code\ska\Task\Task.h">
      <Filter>Fichiers d%27en-tête</Filter>
    </ClInclude>
    <ClInclude Include="Code\ska\Task\Runnable.h">
      <Filter>Fichiers d%27en-tête</Filter>
    </ClInclude>
    <ClInclude Include="Code\ska\Task\RepeatableTask.h">
      <Filter>Fichiers d%27en-tête</Filter>
    </ClInclude>
    <ClInclude Include="Code\Gameplay\PokeballComponent.h">
      <Filter>Fichiers d%27en-tête</Filter>
    </ClInclude>
    <ClInclude Include="Code\Gameplay\System\PokeballSystem.h">
      <Filter>Fichiers d%27en-tête</Filter>
    </ClInclude>
    <ClInclude Include="Code\Gameplay\Fight\BattleComponent.h">
      <Filter>Fichiers d%27en-tête</Filter>
    </ClInclude>
    <ClInclude Include="Code\Gameplay\Fight\System\BattleSystem.h">
      <Filter>Fichiers d%27en-tête</Filter>
    </ClInclude>
    <ClInclude Include="Code\Gameplay\Fight\SkillComponent.h">
      <Filter>Fichiers d%27en-tête</Filter>
    </ClInclude>
    <ClInclude Include="Code\Gameplay\Fight\SkillDescriptor.h">
      <Filter>Fichiers d%27en-tête</Filter>
    </ClInclude>
    <ClInclude Include="Code\Gameplay\Data\RawStatistics.h">
      <Filter>Fichiers d%27en-tête</Filter>
    </ClInclude>
    <ClInclude Include="Code\Gameplay\Fight\SkillsHolderComponent.h">
      <Filter>Fichiers d%27en-tête</Filter>
    </ClInclude>
    <ClInclude Include="Code\Gameplay\Fight\System\SkillRefreshSystem.h">
      <Filter>Fichiers d%27en-tête</Filter>
    </ClInclude>
    <ClInclude Include="Code\ska\Utils\Refreshable.h">
      <Filter>Fichiers d%27en-tête</Filter>
    </ClInclude>
    <ClInclude Include="Code\Gameplay\Fight\System\StatisticsSystem.h">
      <Filter>Fichiers d%27en-tête</Filter>
    </ClInclude>
    <ClInclude Include="Code\ska\Inputs\Readers\IniReader.h">
      <Filter>Fichiers d%27en-tête\Inputs\Readers</Filter>
    </ClInclude>
    <ClInclude Include="Code\ska\Inputs\Readers\Readinifile.h">
      <Filter>Fichiers d%27en-tête\Inputs\Readers</Filter>
    </ClInclude>
    <ClInclude Include="Code\ska\Inputs\System\InputSystem.h">
      <Filter>Fichiers d%27en-tête</Filter>
    </ClInclude>
    <ClInclude Include="Code\ska\Inputs\InputAction.h">
      <Filter>Fichiers d%27en-tête</Filter>
    </ClInclude>
    <ClInclude Include="Code\ska\Inputs\InputComponent.h">
      <Filter>Fichiers d%27en-tête</Filter>
    </ClInclude>
    <ClInclude Include="Code\ska\Inputs\InputContext.h">
      <Filter>Fichiers d%27en-tête</Filter>
    </ClInclude>
    <ClInclude Include="Code\ska\Inputs\InputContextManager.h">
      <Filter>Fichiers d%27en-tête</Filter>
    </ClInclude>
    <ClInclude Include="Code\ska\Inputs\InputRange.h">
      <Filter>Fichiers d%27en-tête</Filter>
    </ClInclude>
    <ClInclude Include="Code\ska\Inputs\InputToggle.h">
      <Filter>Fichiers d%27en-tête</Filter>
    </ClInclude>
    <ClInclude Include="Code\ska\Inputs\KeyboardInputContext.h">
      <Filter>Fichiers d%27en-tête</Filter>
    </ClInclude>
    <ClInclude Include="Code\ska\Inputs\KeyboardInputGUIContext.h">
      <Filter>Fichiers d%27en-tête</Filter>
    </ClInclude>
    <ClInclude Include="Code\ska\Inputs\KeyboardInputMapContext.h">
      <Filter>Fichiers d%27en-tête</Filter>
    </ClInclude>
    <ClInclude Include="Code\ska\Inputs\KeyInput.h">
      <Filter>Fichiers d%27en-tête\Inputs</Filter>
    </ClInclude>
    <ClInclude Include="Code\ska\Inputs\MouseInput.h">
      <Filter>Fichiers d%27en-tête\Inputs</Filter>
    </ClInclude>
    <ClInclude Include="Code\ska\Inputs\RawInputListener.h">
      <Filter>Fichiers d%27en-tête\Inputs</Filter>
    </ClInclude>
    <ClInclude Include="Code\ska\Graphic\Color.h">
      <Filter>Fichiers d%27en-tête</Filter>
    </ClInclude>
    <ClInclude Include="Code\ska\World\Chipset.h">
      <Filter>Fichiers d%27en-tête</Filter>
    </ClInclude>
    <ClInclude Include="Code\ska\Graphic\SDLSurface.h">
      <Filter>Fichiers d%27en-tête</Filter>
    </ClInclude>
    <ClInclude Include="Code\ska\World\ChipsetHolder.h">
      <Filter>Fichiers d%27en-tête</Filter>
    </ClInclude>
    <ClInclude Include="Code\ska\Script\Command\CommandAssignSwitch.h">
      <Filter>Fichiers d%27en-tête</Filter>
    </ClInclude>
    <ClInclude Include="Code\Script\Commands\CommandBlockCollision.h">
      <Filter>Fichiers d%27en-tête</Filter>
    </ClInclude>
    <ClInclude Include="Code\ska\World\BlockRenderable.h">
      <Filter>Fichiers d%27en-tête</Filter>
    </ClInclude>
    <ClInclude Include="Code\ska\World\LayerRenderable.h">
      <Filter>Fichiers d%27en-tête</Filter>
    </ClInclude>
    <ClInclude Include="Code\ska\World\ChipsetRenderable.h">
      <Filter>Fichiers d%27en-tête</Filter>
    </ClInclude>
    <ClInclude Include="Code\ska\Utils\FpsCalculator.h">
      <Filter>Fichiers d%27en-tête</Filter>
    </ClInclude>
    <ClInclude Include="Code\ska\Utils\FpsRenderable.h">
      <Filter>Fichiers d%27en-tête</Filter>
    </ClInclude>
    <ClInclude Include="Code\ska\Utils\Identity.h">
      <Filter>Fichiers d%27en-tête</Filter>
    </ClInclude>
    <ClInclude Include="Code\ska\Utils\Observer.h">
      <Filter>Fichiers d%27en-tête</Filter>
    </ClInclude>
    <ClInclude Include="Code\ska\Utils\Observable.h">
      <Filter>Fichiers d%27en-tête</Filter>
    </ClInclude>
    <ClInclude Include="Code\ska\Script\Command\CommandRemoveComponent.h">
      <Filter>Fichiers d%27en-tête</Filter>
    </ClInclude>
    <ClInclude Include="Code\ska\Script\Command\CommandRestoreComponent.h">
      <Filter>Fichiers d%27en-tête</Filter>
    </ClInclude>
    <ClInclude Include="Code\ska\Physic\CollidableComponent.h">
      <Filter>Fichiers d%27en-tête</Filter>
    </ClInclude>
    <ClInclude Include="Code\ska\AI\System\IARandomMovementSystem.h">
      <Filter>Fichiers d%27en-tête</Filter>
    </ClInclude>
    <ClInclude Include="Code\ska\AI\IARandomMovementComponent.h">
      <Filter>Fichiers d%27en-tête</Filter>
    </ClInclude>
    <ClInclude Include="Code\ska\AI\IADefinedMovementComponent.h">
      <Filter>Fichiers d%27en-tête</Filter>
    </ClInclude>
    <ClInclude Include="Code\ska\AI\System\IADefinedMovementSystem.h">
      <Filter>Fichiers d%27en-tête</Filter>
    </ClInclude>
    <ClInclude Include="Code\ska\Physic\CollisionEvent.h">
      <Filter>Fichiers d%27en-tête</Filter>
    </ClInclude>
    <ClInclude Include="Code\ska\Physic\System\WorldCollisionResponse.h">
      <Filter>Fichiers d%27en-tête</Filter>
    </ClInclude>
    <ClInclude Include="Code\Physic\System\SkillEntityCollisionResponse.h">
      <Filter>Fichiers d%27en-tête</Filter>
    </ClInclude>
    <ClInclude Include="Code\ska\Physic\System\EntityCollisionResponse.h">
      <Filter>Fichiers d%27en-tête</Filter>
    </ClInclude>
    <ClInclude Include="Code\ska\Script\Command\CommandBlockAuthorize.h">
      <Filter>Fichiers d%27en-tête</Filter>
    </ClInclude>
    <ClInclude Include="Code\ska\Graphic\System\DebugCollisionDrawerSystem.h">
      <Filter>Fichiers d%27en-tête</Filter>
    </ClInclude>
    <ClInclude Include="Code\ska\Physic\System\DebugWorldCollisionResponse.h">
      <Filter>Fichiers d%27en-tête</Filter>
    </ClInclude>
    <ClInclude Include="Code\Gameplay\Scene\DebugAbstractSceneMap.h">
      <Filter>Fichiers d%27en-tête</Filter>
    </ClInclude>
    <ClInclude Include="Code\ska\Graphic\DebugGraphicComponent.h">
      <Filter>Fichiers d%27en-tête</Filter>
    </ClInclude>
    <ClInclude Include="Code\Script\Commands\CommandExpulse.h">
      <Filter>Fichiers d%27en-tête</Filter>
    </ClInclude>
    <ClInclude Include="Code\Script\Commands\CommandJump.h">
      <Filter>Fichiers d%27en-tête</Filter>
    </ClInclude>
    <ClInclude Include="Code\Physic\System\WorldEntityCollisionResponse.h">
      <Filter>Fichiers d%27en-tête</Filter>
    </ClInclude>
    <ClInclude Include="Code\Graphic\GUI\GUIBattle.h">
      <Filter>Fichiers d%27en-tête</Filter>
    </ClInclude>
    <ClInclude Include="Code\Gameplay\Scene\SceneToBattleSwitcher.h">
      <Filter>Fichiers d%27en-tête</Filter>
    </ClInclude>
    <ClInclude Include="Code\Gameplay\Scene\SceneToMapSwitcher.h">
      <Filter>Fichiers d%27en-tête</Filter>
    </ClInclude>
    <ClInclude Include="Code\ska\Scene\SceneSwitcher.h">
      <Filter>Fichiers d%27en-tête</Filter>
    </ClInclude>
    <ClInclude Include="Code\ska\Graphic\GUI\Components\Widget.h">
      <Filter>Fichiers d%27en-tête</Filter>
    </ClInclude>
    <ClInclude Include="Code\ska\Graphic\GUI\Components\ClickEvent.h">
      <Filter>Fichiers d%27en-tête</Filter>
    </ClInclude>
    <ClInclude Include="Code\ska\Graphic\GUI\Components\Button.h">
      <Filter>Fichiers d%27en-tête</Filter>
    </ClInclude>
    <ClInclude Include="Code\ska\Graphic\GUI\Components\Label.h">
      <Filter>Fichiers d%27en-tête\Graphic\GUI</Filter>
    </ClInclude>
    <ClInclude Include="Code\ska\Graphic\GUI\Components\Image.h">
      <Filter>Fichiers d%27en-tête</Filter>
    </ClInclude>
    <ClInclude Include="Code\ska\Graphic\GUI\Components\ButtonQuit.h">
      <Filter>Fichiers d%27en-tête</Filter>
    </ClInclude>
    <ClInclude Include="Code\ska\Graphic\GUI\Components\ButtonSprite.h">
      <Filter>Fichiers d%27en-tête</Filter>
    </ClInclude>
    <ClInclude Include="Code\ska\Graphic\GUI\WindowIG.h">
      <Filter>Fichiers d%27en-tête</Filter>
    </ClInclude>
    <ClInclude Include="Code\ska\Graphic\GUI\Components\HoverEvent.h">
      <Filter>Fichiers d%27en-tête</Filter>
    </ClInclude>
    <ClInclude Include="Code\ska\Graphic\GUI\GUI.h">
      <Filter>Fichiers d%27en-tête\Graphic\GUI</Filter>
    </ClInclude>
    <ClInclude Include="Code\ska\Graphic\GUI\Components\MouseObservable.h">
      <Filter>Fichiers d%27en-tête</Filter>
    </ClInclude>
    <ClInclude Include="Code\ska\Graphic\GUI\Components\MouseObserver.h">
      <Filter>Fichiers d%27en-tête</Filter>
    </ClInclude>
    <ClInclude Include="Code\ska\Graphic\GUI\Components\WidgetEvent.h">
      <Filter>Fichiers d%27en-tête</Filter>
    </ClInclude>
    <ClInclude Include="Code\ska\Graphic\GUI\TimeScrollableWindowIG.h">
      <Filter>Fichiers d%27en-tête</Filter>
    </ClInclude>
    <ClInclude Include="Code\ska\Graphic\GUI\GUIScrollButtonWindowIG.h">
      <Filter>Fichiers d%27en-tête</Filter>
    </ClInclude>
    <ClInclude Include="Code\Graphic\GUI\GUIMap.h">
      <Filter>Fichiers d%27en-tête</Filter>
    </ClInclude>
    <ClInclude Include="Code\Graphic\GUI\SlotPokemon.h">
      <Filter>Fichiers d%27en-tête</Filter>
    </ClInclude>
    <ClInclude Include="Code\ska\Graphic\GUI\MoveableWindow.h">
      <Filter>Fichiers d%27en-tête</Filter>
    </ClInclude>
    <ClInclude Include="Code\ska\Graphic\GUI\Components\Input.h">
      <Filter>Fichiers d%27en-tête</Filter>
    </ClInclude>
    <ClInclude Include="Code\ska\Graphic\GUI\Components\KeyEvent.h">
      <Filter>Fichiers d%27en-tête</Filter>
    </ClInclude>
    <ClInclude Include="Code\ska\Graphic\GUI\Components\ClickEventListener.h">
      <Filter>Fichiers d%27en-tête</Filter>
    </ClInclude>
    <ClInclude Include="Code\ska\Graphic\GUI\Components\KeyEventListener.h">
      <Filter>Fichiers d%27en-tête</Filter>
    </ClInclude>
    <ClInclude Include="Code\ska\Graphic\GUI\Components\HoverEventListener.h">
      <Filter>Fichiers d%27en-tête</Filter>
    </ClInclude>
    <ClInclude Include="Code\ska\Utils\TupleUtils.h">
      <Filter>Fichiers d%27en-tête</Filter>
    </ClInclude>
    <ClInclude Include="Code\ska\Graphic\GUI\Components\IWidgetEvent.h">
      <Filter>Fichiers d%27en-tête</Filter>
    </ClInclude>
    <ClInclude Include="Code\ska\Graphic\GUI\Components\EventListener.h">
      <Filter>Fichiers d%27en-tête</Filter>
    </ClInclude>
    <ClInclude Include="Code\ska\Graphic\GUI\Components\HandledWidget.h">
      <Filter>Fichiers d%27en-tête</Filter>
    </ClInclude>
    <ClInclude Include="Code\ska\Graphic\GUI\Components\WidgetMaskHelper.h">
      <Filter>Fichiers d%27en-tête</Filter>
    </ClInclude>
    <ClInclude Include="Code\ska\Graphic\GUI\Components\WidgetPanel.h">
      <Filter>Fichiers d%27en-tête</Filter>
    </ClInclude>
    <ClInclude Include="Code\ska\Graphic\GUI\Components\KeyObservable.h">
      <Filter>Fichiers d%27en-tête</Filter>
    </ClInclude>
    <ClInclude Include="Code\ska\Graphic\GUI\Components\KeyObserver.h">
      <Filter>Fichiers d%27en-tête</Filter>
    </ClInclude>
    <ClInclude Include="Code\ska\Graphic\GUI\DynamicWindowIG.h">
      <Filter>Fichiers d%27en-tête</Filter>
    </ClInclude>
    <ClInclude Include="Code\ska\Graphic\GUI\Components\Hoverable.h">
      <Filter>Fichiers d%27en-tête</Filter>
    </ClInclude>
    <ClInclude Include="Code\ska\Utils\OSSpecific\FileUtilsWin.h">
      <Filter>Fichiers d%27en-tête</Filter>
    </ClInclude>
    <ClInclude Include="Code\ska\Utils\OSSpecific\FileUtilsUnix.h">
      <Filter>Fichiers d%27en-tête</Filter>
    </ClInclude>
    <ClInclude Include="Code\ska\Graphic\GUI\Components\StopType.h">
      <Filter>Fichiers d%27en-tête</Filter>
    </ClInclude>
    <ClInclude Include="Code\ska\Graphic\GUI\Components\FocusEvent.h">
      <Filter>Fichiers d%27en-tête</Filter>
    </ClInclude>
    <ClInclude Include="Code\ska\Graphic\GUI\Components\FocusEventListener.h">
      <Filter>Fichiers d%27en-tête</Filter>
    </ClInclude>
    <ClInclude Include="Code\ska\Graphic\GUI\Components\MouseEventType.h">
      <Filter>Fichiers d%27en-tête</Filter>
    </ClInclude>
    <ClInclude Include="Code\ska\Graphic\GUI\Components\CheckBox.h">
      <Filter>Fichiers d%27en-tête</Filter>
    </ClInclude>
    <ClInclude Include="Code\ska\Graphic\GUI\Components\RadioButton.h">
      <Filter>Fichiers d%27en-tête</Filter>
    </ClInclude>
    <ClInclude Include="Code\ska\Graphic\GUI\Components\RadioButtonGroup.h">
      <Filter>Fichiers d%27en-tête</Filter>
    </ClInclude>
    <ClInclude Include="Code\ska\Graphic\GUI\Components\ListBox.h">
      <Filter>Fichiers d%27en-tête</Filter>
    </ClInclude>
    <ClInclude Include="Code\ska\Graphic\GUI\Components\HorizontalSlider.h">
      <Filter>Fichiers d%27en-tête</Filter>
    </ClInclude>
    <ClInclude Include="Code\ska\Graphic\GUI\Components\ValueChangedEventListener.h">
      <Filter>Fichiers d%27en-tête</Filter>
    </ClInclude>
    <ClInclude Include="Code\ska\Graphic\GUI\Components\ValueChangedEvent.h">
      <Filter>Fichiers d%27en-tête</Filter>
    </ClInclude>
    <ClInclude Include="Code\ska\Graphic\GUI\Components\RadioButtonList.h">
      <Filter>Fichiers d%27en-tête</Filter>
    </ClInclude>
    <ClInclude Include="Code\ska\Graphic\GUI\Components\UiBinder.h">
      <Filter>Fichiers d%27en-tête</Filter>
    </ClInclude>
    <ClInclude Include="Code\ska\Graphic\GUI\Components\LabeledHorizontalSlider.h">
      <Filter>Fichiers d%27en-tête</Filter>
    </ClInclude>
    <ClInclude Include="Code\ska\Audio\SDLSound.h">
      <Filter>Fichiers d%27en-tête</Filter>
    </ClInclude>
    <ClInclude Include="Code\ska\Audio\SDLMusic.h">
      <Filter>Fichiers d%27en-tête</Filter>
    </ClInclude>
    <ClInclude Include="Code\ska\Audio\SoundManager.h">
      <Filter>Fichiers d%27en-tête</Filter>
    </ClInclude>
    <ClInclude Include="Code\ska\Audio\Music.h">
      <Filter>Fichiers d%27en-tête</Filter>
    </ClInclude>
    <ClInclude Include="Code\ska\Core\Game.h">
      <Filter>Fichiers d%27en-tête</Filter>
    </ClInclude>
    <ClInclude Include="Code\ska\Audio\SoundEvent.h">
      <Filter>Fichiers d%27en-tête</Filter>
    </ClInclude>
  </ItemGroup>
  <ItemGroup>
    <ClCompile Include="Code\Graphic\GUI\Bar.cpp">
      <Filter>Fichiers sources\Graphic\GUI</Filter>
    </ClCompile>
    <ClCompile Include="Code\Utils\ChargementImages.cpp">
      <Filter>Fichiers sources\Utils</Filter>
    </ClCompile>
    <ClCompile Include="Code\Graphic\GUI\DialogMenu.cpp">
      <Filter>Fichiers sources\Graphic\GUI</Filter>
    </ClCompile>
    <ClCompile Include="Code\Graphic\GUI\DynamicWindowArea.cpp">
      <Filter>Fichiers sources\Graphic\GUI</Filter>
    </ClCompile>
    <ClCompile Include="Code\Graphic\GUI\MovableWindow.cpp">
      <Filter>Fichiers sources\Graphic\GUI</Filter>
    </ClCompile>
    <ClCompile Include="Code\Graphic\GUI\ToolBar.cpp">
      <Filter>Fichiers sources\Graphic\GUI</Filter>
    </ClCompile>
    <ClCompile Include="Code\Graphic\GUI\TrainerCard.cpp">
      <Filter>Fichiers sources\Graphic\GUI</Filter>
    </ClCompile>
    <ClCompile Include="Code\Graphic\GUI\Window_Area.cpp">
      <Filter>Fichiers sources\Graphic\GUI</Filter>
    </ClCompile>
    <ClCompile Include="Code\Graphic\GUI\WindowBag.cpp">
      <Filter>Fichiers sources\Graphic\GUI</Filter>
    </ClCompile>
    <ClCompile Include="Code\Graphic\GUI\WindowRenderer.cpp">
      <Filter>Fichiers sources\Graphic\GUI</Filter>
    </ClCompile>
    <ClCompile Include="Code\Graphic\GUI\WindowSettings.cpp">
      <Filter>Fichiers sources\Graphic\GUI</Filter>
    </ClCompile>
    <ClCompile Include="Code\Graphic\GUI\WindowShop.cpp">
      <Filter>Fichiers sources\Graphic\GUI</Filter>
    </ClCompile>
    <ClCompile Include="Code\Graphic\GUI\WindowTeam.cpp">
      <Filter>Fichiers sources\Graphic\GUI</Filter>
    </ClCompile>
    <ClCompile Include="Code\Graphic\GestionAnimations.cpp">
      <Filter>Fichiers sources\Graphic</Filter>
    </ClCompile>
    <ClCompile Include="Code\Gameplay\Inventory\Inventory.cpp">
      <Filter>Fichiers sources\Gameplay\Inventory</Filter>
    </ClCompile>
    <ClCompile Include="Code\Script\GlobalScriptVariables.cpp">
      <Filter>Fichiers sources\Script</Filter>
    </ClCompile>
    <ClCompile Include="Code\Script\Commands\CommandAddPokemon.cpp">
      <Filter>Fichiers sources\Script</Filter>
    </ClCompile>
    <ClCompile Include="Code\Script\Commands\CommandChoice.cpp">
      <Filter>Fichiers sources\Script</Filter>
    </ClCompile>
    <ClCompile Include="Code\Script\Commands\CommandCinematic.cpp">
      <Filter>Fichiers sources\Script</Filter>
    </ClCompile>
    <ClCompile Include="Code\Script\Commands\CommandDirection.cpp">
      <Filter>Fichiers sources\Script</Filter>
    </ClCompile>
    <ClCompile Include="Code\Script\Commands\CommandFollow.cpp">
      <Filter>Fichiers sources\Script</Filter>
    </ClCompile>
    <ClCompile Include="Code\Script\Commands\CommandHeal.cpp">
      <Filter>Fichiers sources\Script</Filter>
    </ClCompile>
    <ClCompile Include="Code\Script\Commands\CommandHideCharacter.cpp">
      <Filter>Fichiers sources\Script</Filter>
    </ClCompile>
    <ClCompile Include="Code\Script\Commands\CommandHideGUI.cpp">
      <Filter>Fichiers sources\Script</Filter>
    </ClCompile>
    <ClCompile Include="Code\Script\Commands\CommandKillEntity.cpp">
      <Filter>Fichiers sources\Script</Filter>
    </ClCompile>
    <ClCompile Include="Code\Script\Commands\CommandMessage.cpp">
      <Filter>Fichiers sources\Script</Filter>
    </ClCompile>
    <ClCompile Include="Code\Script\Commands\CommandMove.cpp">
      <Filter>Fichiers sources\Script</Filter>
    </ClCompile>
    <ClCompile Include="Code\Script\Commands\CommandPlayAnimation.cpp">
      <Filter>Fichiers sources\Script</Filter>
    </ClCompile>
    <ClCompile Include="Code\Script\Commands\CommandPlayCrumbling.cpp">
      <Filter>Fichiers sources\Script</Filter>
    </ClCompile>
    <ClCompile Include="Code\Script\Commands\CommandPlayShaking.cpp">
      <Filter>Fichiers sources\Script</Filter>
    </ClCompile>
    <ClCompile Include="Code\Script\Commands\CommandPokemonOut.cpp">
      <Filter>Fichiers sources\Script</Filter>
    </ClCompile>
    <ClCompile Include="Code\Script\Commands\CommandShop.cpp">
      <Filter>Fichiers sources\Script</Filter>
    </ClCompile>
    <ClCompile Include="Code\Script\Commands\CommandStop.cpp">
      <Filter>Fichiers sources\Script</Filter>
    </ClCompile>
    <ClCompile Include="Code\Script\Commands\CommandStuckCharacter.cpp">
      <Filter>Fichiers sources\Script</Filter>
    </ClCompile>
    <ClCompile Include="Code\Script\Commands\CommandTeleport.cpp">
      <Filter>Fichiers sources\Script</Filter>
    </ClCompile>
    <ClCompile Include="Code\Script\Commands\CommandThrowPokebal.cpp">
      <Filter>Fichiers sources\Script</Filter>
    </ClCompile>
    <ClCompile Include="Code\Script\Commands\CommandTranslationCamera.cpp">
      <Filter>Fichiers sources\Script</Filter>
    </ClCompile>
    <ClCompile Include="Code\Graphic\GUI\MouseCursor.cpp">
      <Filter>Fichiers sources\Graphic\GUI</Filter>
    </ClCompile>
    <ClCompile Include="Code\Gameplay\Inventory\Object.cpp">
      <Filter>Fichiers sources\Gameplay\Inventory</Filter>
    </ClCompile>
    <ClCompile Include="Code\Graphic\ShakerManager.cpp">
      <Filter>Fichiers sources\Graphic</Filter>
    </ClCompile>
    <ClCompile Include="Code\Gameplay\Data\Settings.cpp">
      <Filter>Fichiers sources\Gameplay\Data</Filter>
    </ClCompile>
    <ClCompile Include="Code\Gameplay\Data\SavegameManager.cpp">
      <Filter>Fichiers sources\Gameplay\Data</Filter>
    </ClCompile>
    <ClCompile Include="Code\Gameplay\Data\PokemonDescriptor.cpp">
      <Filter>Fichiers sources\Gameplay\Data</Filter>
    </ClCompile>
    <ClCompile Include="Code\Gameplay\Pokeball.cpp">
      <Filter>Fichiers sources\Gameplay</Filter>
    </ClCompile>
    <ClCompile Include="Code\Gameplay\WGameCore.cpp">
      <Filter>Fichiers sources\Gameplay</Filter>
    </ClCompile>
    <ClCompile Include="Code\Gameplay\Weather.cpp">
      <Filter>Fichiers sources\Gameplay</Filter>
    </ClCompile>
    <ClCompile Include="Code\Gameplay\Data\Statistics.cpp">
      <Filter>Fichiers sources\Gameplay\Data</Filter>
    </ClCompile>
    <ClCompile Include="Code\main.cpp">
      <Filter>Fichiers sources</Filter>
    </ClCompile>
    <ClCompile Include="Code\Script\Commands\CommandPlayerPresence.cpp">
      <Filter>Fichiers sources</Filter>
    </ClCompile>
    <ClCompile Include="Code\Gameplay\Scene\SceneMap.cpp">
      <Filter>Fichiers sources</Filter>
    </ClCompile>
    <ClCompile Include="Code\Gameplay\Scene\SceneFight.cpp">
      <Filter>Fichiers sources</Filter>
    </ClCompile>
    <ClCompile Include="Code\Gameplay\Scene\AbstractSceneMap.cpp">
      <Filter>Fichiers sources</Filter>
    </ClCompile>
    <ClCompile Include="Code\Gameplay\Scene\AbstractNoGUISceneMap.cpp">
      <Filter>Fichiers sources</Filter>
    </ClCompile>
    <ClCompile Include="Code\ska\Exceptions\GenericException.cpp">
      <Filter>Fichiers sources\Exceptions</Filter>
    </ClCompile>
    <ClCompile Include="Code\ska\AI\Node.cpp">
      <Filter>Fichiers sources\Gameplay\AI</Filter>
    </ClCompile>
    <ClCompile Include="Code\ska\AI\Path.cpp">
      <Filter>Fichiers sources\Gameplay\AI</Filter>
    </ClCompile>
    <ClCompile Include="Code\ska\Utils\FormalCalculation\FormalCalculator.cpp">
      <Filter>Fichiers sources\Utils\FormalCalculation</Filter>
    </ClCompile>
    <ClCompile Include="Code\ska\Utils\MessagePopup.cpp">
      <Filter>Fichiers sources</Filter>
    </ClCompile>
    <ClCompile Include="Code\ska\Utils\NumberUtils.cpp">
      <Filter>Fichiers sources</Filter>
    </ClCompile>
    <ClCompile Include="Code\ska\Utils\ScriptUtils.cpp">
      <Filter>Fichiers sources\Script</Filter>
    </ClCompile>
    <ClCompile Include="Code\ska\Utils\StringUtils.cpp">
      <Filter>Fichiers sources\Utils</Filter>
    </ClCompile>
    <ClCompile Include="Code\ska\Utils\TimeUtils.cpp">
      <Filter>Fichiers sources</Filter>
    </ClCompile>
    <ClCompile Include="Code\ska\World\Block.cpp">
      <Filter>Fichiers sources\Graphic</Filter>
    </ClCompile>
    <ClCompile Include="Code\ska\World\Layer.cpp">
      <Filter>Fichiers sources\Gameplay\World</Filter>
    </ClCompile>
    <ClCompile Include="Code\ska\World\LayerE.cpp">
      <Filter>Fichiers sources\Gameplay\World</Filter>
    </ClCompile>
    <ClCompile Include="Code\ska\World\World.cpp">
      <Filter>Fichiers sources\Gameplay\World</Filter>
    </ClCompile>
    <ClCompile Include="Code\ska\Graphic\Draw\PriorityQueueDrawableContainer.cpp">
      <Filter>Fichiers sources</Filter>
    </ClCompile>
    <ClCompile Include="Code\ska\Graphic\Draw\VectorDrawableContainer.cpp">
      <Filter>Fichiers sources</Filter>
    </ClCompile>
    <ClCompile Include="Code\ska\Graphic\GUI\Window.cpp">
      <Filter>Fichiers sources\Graphic\GUI</Filter>
    </ClCompile>
    <ClCompile Include="Code\ska\Graphic\Animation.cpp">
      <Filter>Fichiers sources\Graphic</Filter>
    </ClCompile>
    <ClCompile Include="Code\ska\Graphic\SDLFont.cpp">
      <Filter>Fichiers sources\Graphic</Filter>
    </ClCompile>
    <ClCompile Include="Code\ska\Graphic\SDLTexture.cpp">
      <Filter>Fichiers sources\Graphic</Filter>
    </ClCompile>
    <ClCompile Include="Code\ska\Graphic\SpriteAnimationManager.cpp">
      <Filter>Fichiers sources\Graphic</Filter>
    </ClCompile>
    <ClCompile Include="Code\ska\Graphic\SpritePath.cpp">
      <Filter>Fichiers sources\Graphic</Filter>
    </ClCompile>
    <ClCompile Include="Code\ska\Graphic\Texture.cpp">
      <Filter>Fichiers sources\Graphic</Filter>
    </ClCompile>
    <ClCompile Include="Code\ska\Graphic\TextureData.cpp">
      <Filter>Fichiers sources\Graphic</Filter>
    </ClCompile>
    <ClCompile Include="Code\ska\Physic\Force.cpp">
      <Filter>Fichiers sources\Physic</Filter>
    </ClCompile>
    <ClCompile Include="Code\ska\Physic\GravityParticle.cpp">
      <Filter>Fichiers sources\Physic</Filter>
    </ClCompile>
    <ClCompile Include="Code\ska\Physic\LinearParticle.cpp">
      <Filter>Fichiers sources\Physic</Filter>
    </ClCompile>
    <ClCompile Include="Code\ska\Physic\Particle.cpp">
      <Filter>Fichiers sources\Physic</Filter>
    </ClCompile>
    <ClCompile Include="Code\ska\Physic\ParticleManager.cpp">
      <Filter>Fichiers sources\Physic</Filter>
    </ClCompile>
    <ClCompile Include="Code\ska\Physic\PhysicObject.cpp">
      <Filter>Fichiers sources\Physic</Filter>
    </ClCompile>
    <ClCompile Include="Code\ska\Physic\PhysicSprite.cpp">
      <Filter>Fichiers sources\Physic</Filter>
    </ClCompile>
    <ClCompile Include="Code\ska\Utils\RectangleUtils.cpp">
      <Filter>Fichiers sources</Filter>
    </ClCompile>
    <ClCompile Include="Code\ska\Script\Command\AbstractCommand.cpp">
      <Filter>Fichiers sources</Filter>
    </ClCompile>
    <ClCompile Include="Code\ska\Script\Command\AbstractFunctionCommand.cpp">
      <Filter>Fichiers sources</Filter>
    </ClCompile>
    <ClCompile Include="Code\ska\Script\Command\CommandElse.cpp">
      <Filter>Fichiers sources\Script</Filter>
    </ClCompile>
    <ClCompile Include="Code\ska\Script\Command\CommandIf.cpp">
      <Filter>Fichiers sources\Script</Filter>
    </ClCompile>
    <ClCompile Include="Code\ska\Script\Command\ControlStatement.cpp">
      <Filter>Fichiers sources</Filter>
    </ClCompile>
    <ClCompile Include="Code\ska\Script\Command\CommandEnd.cpp">
      <Filter>Fichiers sources\Script</Filter>
    </ClCompile>
    <ClCompile Include="Code\ska\Graphic\SpriteAnimation.cpp">
      <Filter>Fichiers sources\Graphic</Filter>
    </ClCompile>
    <ClCompile Include="Code\ska\Script\Command\CommandEndScript.cpp">
      <Filter>Fichiers sources</Filter>
    </ClCompile>
    <ClCompile Include="Code\ska\Script\Command\CommandScript.cpp">
      <Filter>Fichiers sources\Script</Filter>
    </ClCompile>
    <ClCompile Include="Code\ska\Script\Command\CommandLog.cpp">
      <Filter>Fichiers sources</Filter>
    </ClCompile>
    <ClCompile Include="Code\ska\Script\Command\CommandAssign.cpp">
      <Filter>Fichiers sources\Script</Filter>
    </ClCompile>
    <ClCompile Include="Code\ska\Script\Command\CommandCalculate.cpp">
      <Filter>Fichiers sources\Script</Filter>
    </ClCompile>
    <ClCompile Include="Code\ska\Script\Command\CommandRandom.cpp">
      <Filter>Fichiers sources\Script</Filter>
    </ClCompile>
    <ClCompile Include="Code\ska\Script\Command\CommandWait.cpp">
      <Filter>Fichiers sources\Script</Filter>
    </ClCompile>
    <ClCompile Include="Code\ska\Graphic\Font.cpp">
      <Filter>Fichiers sources\Graphic\GUI</Filter>
    </ClCompile>
    <ClCompile Include="Code\ska\ECS\StaticCounterGlobal.cpp">
      <Filter>Fichiers sources</Filter>
    </ClCompile>
    <ClCompile Include="Code\Gameplay\World\WorldImpl.cpp">
      <Filter>Fichiers sources</Filter>
    </ClCompile>
    <ClCompile Include="Code\ska\Graphic\AnimatedTexture.cpp">
      <Filter>Fichiers sources</Filter>
    </ClCompile>
    <ClCompile Include="Code\ska\Physic\System\CollisionSystem.cpp">
      <Filter>Fichiers sources</Filter>
    </ClCompile>
    <ClCompile Include="Code\ska\Physic\System\ForceSystem.cpp">
      <Filter>Fichiers sources</Filter>
    </ClCompile>
    <ClCompile Include="Code\ska\Physic\System\GravitySystem.cpp">
      <Filter>Fichiers sources</Filter>
    </ClCompile>
    <ClCompile Include="Code\ska\Physic\System\MovementSystem.cpp">
      <Filter>Fichiers sources</Filter>
    </ClCompile>
    <ClCompile Include="Code\ska\Graphic\System\DirectionalAnimationSystem.cpp">
      <Filter>Fichiers sources</Filter>
    </ClCompile>
    <ClCompile Include="Code\ska\ECS\PrefabEntityManager.cpp">
      <Filter>Fichiers sources</Filter>
    </ClCompile>
    <ClCompile Include="Code\ska\Script\System\ScriptAutoSystem.cpp">
      <Filter>Fichiers sources</Filter>
    </ClCompile>
    <ClCompile Include="Code\ska\Script\System\ScriptRefreshSystem.cpp">
      <Filter>Fichiers sources</Filter>
    </ClCompile>
    <ClCompile Include="Code\ska\Script\System\ScriptBasicCommandsSystem.cpp">
      <Filter>Fichiers sources</Filter>
    </ClCompile>
    <ClCompile Include="Code\Script\System\ScriptCommandsSystem.cpp">
      <Filter>Fichiers sources</Filter>
    </ClCompile>
    <ClCompile Include="Code\ska\ECS\Component.cpp">
      <Filter>Fichiers sources</Filter>
    </ClCompile>
    <ClCompile Include="Code\ska\Utils\PhysicUtils.cpp">
      <Filter>Fichiers sources</Filter>
    </ClCompile>
    <ClCompile Include="Code\ska\Graphic\System\DeleterSystem.cpp">
      <Filter>Fichiers sources</Filter>
    </ClCompile>
    <ClCompile Include="Code\Gameplay\Mobs\System\MobSpawningSystem.cpp">
      <Filter>Fichiers sources</Filter>
    </ClCompile>
    <ClCompile Include="Code\Gameplay\CustomEntityManager.cpp">
      <Filter>Fichiers sources</Filter>
    </ClCompile>
    <ClCompile Include="Code\Gameplay\Fight\System\FightStartSystem.cpp">
      <Filter>Fichiers sources</Filter>
    </ClCompile>
    <ClCompile Include="Code\ska\Scene\Scene.cpp">
      <Filter>Fichiers sources</Filter>
    </ClCompile>
    <ClCompile Include="Code\Gameplay\World\WorldScene.cpp">
      <Filter>Fichiers sources</Filter>
    </ClCompile>
    <ClCompile Include="Code\ska\Graphic\System\CameraFollowSystem.cpp">
      <Filter>Fichiers sources</Filter>
    </ClCompile>
    <ClCompile Include="Code\ska\Graphic\System\CameraFixedSystem.cpp">
      <Filter>Fichiers sources</Filter>
    </ClCompile>
    <ClCompile Include="Code\Gameplay\Scene\SceneHolderCore.cpp">
      <Filter>Fichiers sources</Filter>
    </ClCompile>
    <ClCompile Include="Code\Graphic\GUI\MessageDialogBox.cpp">
      <Filter>Fichiers sources</Filter>
    </ClCompile>
    <ClCompile Include="Code\ska\Graphic\System\CameraSystem.cpp">
      <Filter>Fichiers sources</Filter>
    </ClCompile>
    <ClCompile Include="Code\Graphic\System\GraphicSystem.cpp">
      <Filter>Fichiers sources</Filter>
    </ClCompile>
    <ClCompile Include="Code\Graphic\System\AbstractGraphicSystem.cpp">
      <Filter>Fichiers sources</Filter>
    </ClCompile>
    <ClCompile Include="Code\Graphic\System\ShadowSystem.cpp">
      <Filter>Fichiers sources</Filter>
    </ClCompile>
    <ClCompile Include="Code\ska\Task\TaskQueue.cpp">
      <Filter>Fichiers sources</Filter>
    </ClCompile>
    <ClCompile Include="Code\Gameplay\System\PokeballSystem.cpp">
      <Filter>Fichiers sources</Filter>
    </ClCompile>
    <ClCompile Include="Code\Gameplay\Fight\System\BattleSystem.cpp">
      <Filter>Fichiers sources</Filter>
    </ClCompile>
    <ClCompile Include="Code\Gameplay\Fight\System\SkillRefreshSystem.cpp">
      <Filter>Fichiers sources</Filter>
    </ClCompile>
    <ClCompile Include="Code\Gameplay\Fight\System\StatisticsSystem.cpp">
      <Filter>Fichiers sources</Filter>
    </ClCompile>
    <ClCompile Include="Code\ska\Inputs\Readers\IniReader.cpp">
      <Filter>Fichiers sources\Inputs\Readers</Filter>
    </ClCompile>
    <ClCompile Include="Code\ska\Inputs\Readers\Readinifile.cpp">
      <Filter>Fichiers sources\Inputs\Readers</Filter>
    </ClCompile>
    <ClCompile Include="Code\ska\Inputs\System\InputSystem.cpp">
      <Filter>Fichiers sources</Filter>
    </ClCompile>
    <ClCompile Include="Code\ska\Inputs\InputContextManager.cpp">
      <Filter>Fichiers sources</Filter>
    </ClCompile>
    <ClCompile Include="Code\ska\Inputs\KeyboardInputContext.cpp">
      <Filter>Fichiers sources</Filter>
    </ClCompile>
    <ClCompile Include="Code\ska\Inputs\KeyboardInputGUIContext.cpp">
      <Filter>Fichiers sources</Filter>
    </ClCompile>
    <ClCompile Include="Code\ska\Inputs\KeyboardInputMapContext.cpp">
      <Filter>Fichiers sources</Filter>
    </ClCompile>
    <ClCompile Include="Code\ska\Inputs\KeyInput.cpp">
      <Filter>Fichiers sources\Inputs</Filter>
    </ClCompile>
    <ClCompile Include="Code\ska\Inputs\MouseInput.cpp">
      <Filter>Fichiers sources\Inputs</Filter>
    </ClCompile>
    <ClCompile Include="Code\ska\Inputs\RawInputListener.cpp">
      <Filter>Fichiers sources\Inputs</Filter>
    </ClCompile>
    <ClCompile Include="Code\ska\World\Chipset.cpp">
      <Filter>Fichiers sources</Filter>
    </ClCompile>
    <ClCompile Include="Code\ska\Graphic\SDLSurface.cpp">
      <Filter>Fichiers sources</Filter>
    </ClCompile>
    <ClCompile Include="Code\ska\World\ChipsetHolder.cpp">
      <Filter>Fichiers sources</Filter>
    </ClCompile>
    <ClCompile Include="Code\ska\Script\Command\CommandAssignSwitch.cpp">
      <Filter>Fichiers sources</Filter>
    </ClCompile>
    <ClCompile Include="Code\Script\Commands\CommandBlockCollision.cpp">
      <Filter>Fichiers sources</Filter>
    </ClCompile>
    <ClCompile Include="Code\ska\World\BlockRenderable.cpp">
      <Filter>Fichiers sources</Filter>
    </ClCompile>
    <ClCompile Include="Code\ska\World\LayerRenderable.cpp">
      <Filter>Fichiers sources</Filter>
    </ClCompile>
    <ClCompile Include="Code\ska\World\ChipsetRenderable.cpp">
      <Filter>Fichiers sources</Filter>
    </ClCompile>
    <ClCompile Include="Code\ska\Utils\FpsCalculator.cpp">
      <Filter>Fichiers sources</Filter>
    </ClCompile>
    <ClCompile Include="Code\ska\Utils\FpsRenderable.cpp">
      <Filter>Fichiers sources</Filter>
    </ClCompile>
    <ClCompile Include="Code\ska\Script\Command\CommandRemoveComponent.cpp">
      <Filter>Fichiers sources</Filter>
    </ClCompile>
    <ClCompile Include="Code\ska\Script\Command\CommandRestoreComponent.cpp">
      <Filter>Fichiers sources</Filter>
    </ClCompile>
    <ClCompile Include="Code\ska\AI\System\IARandomMovementSystem.cpp">
      <Filter>Fichiers sources</Filter>
    </ClCompile>
    <ClCompile Include="Code\ska\AI\System\IADefinedMovementSystem.cpp">
      <Filter>Fichiers sources</Filter>
    </ClCompile>
    <ClCompile Include="Code\ska\Physic\System\WorldCollisionResponse.cpp">
      <Filter>Fichiers sources</Filter>
    </ClCompile>
    <ClCompile Include="Code\Physic\System\SkillEntityCollisionResponse.cpp">
      <Filter>Fichiers sources</Filter>
    </ClCompile>
    <ClCompile Include="Code\ska\Physic\System\EntityCollisionResponse.cpp">
      <Filter>Fichiers sources</Filter>
    </ClCompile>
    <ClCompile Include="Code\ska\Script\Command\CommandBlockAuthorize.cpp">
      <Filter>Fichiers sources</Filter>
    </ClCompile>
    <ClCompile Include="Code\ska\Graphic\System\DebugCollisionDrawerSystem.cpp">
      <Filter>Fichiers sources</Filter>
    </ClCompile>
    <ClCompile Include="Code\ska\Physic\System\DebugWorldCollisionResponse.cpp">
      <Filter>Fichiers sources</Filter>
    </ClCompile>
    <ClCompile Include="Code\Gameplay\Scene\DebugAbstractSceneMap.cpp">
      <Filter>Fichiers sources</Filter>
    </ClCompile>
    <ClCompile Include="Code\Script\Commands\CommandExpulse.cpp">
      <Filter>Fichiers sources</Filter>
    </ClCompile>
    <ClCompile Include="Code\Script\Commands\CommandJump.cpp">
      <Filter>Fichiers sources</Filter>
    </ClCompile>
    <ClCompile Include="Code\Physic\System\WorldEntityCollisionResponse.cpp">
      <Filter>Fichiers sources</Filter>
    </ClCompile>
    <ClCompile Include="Code\Graphic\GUI\GUIBattle.cpp">
      <Filter>Fichiers sources</Filter>
    </ClCompile>
    <ClCompile Include="Code\Gameplay\Scene\SceneToBattleSwitcher.cpp">
      <Filter>Fichiers sources</Filter>
    </ClCompile>
    <ClCompile Include="Code\Gameplay\Scene\SceneToMapSwitcher.cpp">
      <Filter>Fichiers sources</Filter>
    </ClCompile>
    <ClCompile Include="Code\ska\Graphic\GUI\Components\ClickEvent.cpp">
      <Filter>Fichiers sources</Filter>
    </ClCompile>
    <ClCompile Include="Code\ska\Graphic\GUI\Components\Button.cpp">
      <Filter>Fichiers sources</Filter>
    </ClCompile>
    <ClCompile Include="Code\ska\Graphic\GUI\Components\Label.cpp">
      <Filter>Fichiers sources\Graphic\GUI</Filter>
    </ClCompile>
    <ClCompile Include="Code\ska\Graphic\GUI\Components\Image.cpp">
      <Filter>Fichiers sources</Filter>
    </ClCompile>
    <ClCompile Include="Code\ska\Graphic\GUI\Components\ButtonQuit.cpp">
      <Filter>Fichiers sources</Filter>
    </ClCompile>
    <ClCompile Include="Code\ska\Graphic\GUI\Components\ButtonSprite.cpp">
      <Filter>Fichiers sources</Filter>
    </ClCompile>
    <ClCompile Include="Code\ska\Graphic\GUI\Components\HoverEvent.cpp">
      <Filter>Fichiers sources</Filter>
    </ClCompile>
    <ClCompile Include="Code\ska\Graphic\GUI\GUI.cpp">
      <Filter>Fichiers sources\Graphic\GUI</Filter>
    </ClCompile>
    <ClCompile Include="Code\ska\Graphic\GUI\GUIScrollButtonWindowIG.cpp">
      <Filter>Fichiers sources</Filter>
    </ClCompile>
    <ClCompile Include="Code\Graphic\GUI\GUIMap.cpp">
      <Filter>Fichiers sources</Filter>
    </ClCompile>
    <ClCompile Include="Code\Graphic\GUI\SlotPokemon.cpp">
      <Filter>Fichiers sources</Filter>
    </ClCompile>
    <ClCompile Include="Code\ska\Graphic\GUI\Components\Input.cpp">
      <Filter>Fichiers sources</Filter>
    </ClCompile>
    <ClCompile Include="Code\ska\Graphic\GUI\Components\KeyEvent.cpp">
      <Filter>Fichiers sources</Filter>
    </ClCompile>
    <ClCompile Include="Code\ska\Graphic\GUI\Components\Widget.cpp">
      <Filter>Fichiers sources</Filter>
    </ClCompile>
    <ClCompile Include="Code\ska\Graphic\GUI\Components\WidgetMaskHelper.cpp">
      <Filter>Fichiers sources</Filter>
    </ClCompile>
    <ClCompile Include="Code\ska\Graphic\GUI\Components\KeyEventListener.cpp">
      <Filter>Fichiers sources</Filter>
    </ClCompile>
    <ClCompile Include="Code\ska\Graphic\GUI\Components\ClickEventListener.cpp">
      <Filter>Fichiers sources</Filter>
    </ClCompile>
    <ClCompile Include="Code\ska\Graphic\GUI\Components\HoverEventListener.cpp">
      <Filter>Fichiers sources</Filter>
    </ClCompile>
    <ClCompile Include="Code\ska\Utils\OSSpecific\FileUtilsWin.cpp">
      <Filter>Fichiers sources</Filter>
    </ClCompile>
    <ClCompile Include="Code\ska\Utils\OSSpecific\FileUtilsUnix.cpp">
      <Filter>Fichiers sources</Filter>
    </ClCompile>
    <ClCompile Include="Code\ska\Graphic\GUI\Components\FocusEvent.cpp">
      <Filter>Fichiers sources</Filter>
    </ClCompile>
    <ClCompile Include="Code\ska\Graphic\GUI\Components\FocusEventListener.cpp">
      <Filter>Fichiers sources</Filter>
    </ClCompile>
    <ClCompile Include="Code\ska\Inputs\EnumContextManager.h">
      <Filter>Fichiers sources</Filter>
    </ClCompile>
    <ClCompile Include="Code\ska\Graphic\GUI\Components\CheckBox.cpp">
      <Filter>Fichiers sources</Filter>
    </ClCompile>
    <ClCompile Include="Code\ska\Graphic\GUI\Components\RadioButton.cpp">
      <Filter>Fichiers sources</Filter>
    </ClCompile>
    <ClCompile Include="Code\ska\Graphic\GUI\Components\RadioButtonGroup.cpp">
      <Filter>Fichiers sources</Filter>
    </ClCompile>
    <ClCompile Include="Code\ska\Graphic\GUI\Components\HorizontalSlider.cpp">
      <Filter>Fichiers sources</Filter>
    </ClCompile>
    <ClCompile Include="Code\ska\Graphic\GUI\Components\RadioButtonList.cpp">
      <Filter>Fichiers sources</Filter>
    </ClCompile>
    <ClCompile Include="Code\ska\Graphic\GUI\Components\LabeledHorizontalSlider.cpp">
      <Filter>Fichiers sources</Filter>
    </ClCompile>
    <ClCompile Include="Code\ska\Audio\SDLSound.cpp">
      <Filter>Fichiers sources</Filter>
    </ClCompile>
    <ClCompile Include="Code\ska\Audio\SDLMusic.cpp">
      <Filter>Fichiers sources</Filter>
    </ClCompile>
    <ClCompile Include="Code\ska\Audio\SoundManager.cpp">
      <Filter>Fichiers sources</Filter>
    </ClCompile>
    <ClCompile Include="Code\ska\Audio\Music.cpp">
      <Filter>Fichiers sources</Filter>
    </ClCompile>
    <ClCompile Include="Code\ska\Core\Game.cpp">
      <Filter>Fichiers sources</Filter>
    </ClCompile>
    <ClCompile Include="Code\ska\Audio\SoundEvent.cpp">
      <Filter>Fichiers sources</Filter>
    </ClCompile>
  </ItemGroup>
</Project>