<?xml version="1.0" encoding="UTF-8" standalone="yes" ?>
<CodeBlocks_project_file>
	<FileVersion major="1" minor="6" />
	<Project>
		<Option title="SmashAndDash" />
		<Option pch_mode="2" />
		<Option compiler="gcc" />
		<Build>
			<Target title="default">
				<Option output="SmashAndDash" prefix_auto="1" extension_auto="1" />
				<Option type="0" />
				<Option compiler="gcc" />
				<Compiler>
					<Add option="-std=c++14" />
				</Compiler>
				<Linker>
					<Add library="C:/TDM-GCC-64/x86_64-w64-mingw32/lib/libSDL2main.a" />
					<Add library="C:/TDM-GCC-64/x86_64-w64-mingw32/lib/libSDL2.dll.a" />
					<Add library="C:/TDM-GCC-64/x86_64-w64-mingw32/lib/libSDL2_image.dll.a" />
					<Add library="C:/TDM-GCC-64/x86_64-w64-mingw32/lib/libSDL2_mixer.dll.a" />
					<Add library="C:/TDM-GCC-64/x86_64-w64-mingw32/lib/libSDL2_ttf.dll.a" />
					<Add library="libska_core.a" />
					<Add library="libska_draw.a" />
					<Add library="libska_gui.a" />
					<Add library="libska_physic.a" />
					<Add library="libska_script.a" />
					<Add library="libska_audio.a" />
					<Add library="libska_world.a" />
					<Add library="libska_ai.a" />
					<Add directory="." />
				</Linker>
			</Target>
		</Build>
		<Compiler>
			<Add directory="Code/ska_core/" />
			<Add directory="Code/ska_draw/" />
			<Add directory="Code/ska_gui/" />
			<Add directory="Code/ska_physic/" />
			<Add directory="Code/ska_script/" />
			<Add directory="Code/ska_audio/" />
			<Add directory="Code/ska_world/" />
			<Add directory="Code/ska_ai/" />
		</Compiler>
		<Linker>
			<Add option="-lska_core" />
			<Add option="-lska_draw" />
			<Add option="-lska_gui" />
			<Add option="-lska_physic" />
			<Add option="-lska_script" />
			<Add option="-lska_audio" />
			<Add option="-lska_world" />
			<Add option="-lska_ai" />
			<Add library="C:/TDM-GCC-64/x86_64-w64-mingw32/lib/libSDL2main.a" />
			<Add library="C:/TDM-GCC-64/x86_64-w64-mingw32/lib/libSDL2.dll.a" />
			<Add library="C:/TDM-GCC-64/x86_64-w64-mingw32/lib/libSDL2_image.dll.a" />
			<Add library="C:/TDM-GCC-64/x86_64-w64-mingw32/lib/libSDL2_mixer.dll.a" />
			<Add library="C:/TDM-GCC-64/x86_64-w64-mingw32/lib/libSDL2_ttf.dll.a" />
			<Add library="libska_core.a" />
			<Add library="libska_draw.a" />
			<Add library="libska_gui.a" />
			<Add library="libska_physic.a" />
			<Add library="libska_script.a" />
			<Add library="libska_audio.a" />
			<Add library="libska_world.a" />
			<Add library="libska_ai.a" />
		</Linker>
		<Unit filename="Code/Game/Audio/PokemonSoundRenderer.cpp" />
		<Unit filename="Code/Game/Audio/PokemonSoundRenderer.h" />
		<Unit filename="Code/Game/Gameplay/AI/AI.cpp" />
		<Unit filename="Code/Game/Gameplay/AI/AI.h" />
		<Unit filename="Code/Game/Gameplay/CustomEntityManager.cpp" />
		<Unit filename="Code/Game/Gameplay/CustomEntityManager.h" />
		<Unit filename="Code/Game/Gameplay/Data/EntityLoadEvent.h" />
		<Unit filename="Code/Game/Gameplay/Data/MonsterDescription.h" />
		<Unit filename="Code/Game/Gameplay/Data/PokemonDescriptor.cpp" />
		<Unit filename="Code/Game/Gameplay/Data/PokemonDescriptor.h" />
		<Unit filename="Code/Game/Gameplay/Data/RawStatistics.h" />
		<Unit filename="Code/Game/Gameplay/Data/SavegameManager.cpp" />
		<Unit filename="Code/Game/Gameplay/Data/SavegameManager.h" />
		<Unit filename="Code/Game/Gameplay/Data/Settings.cpp" />
		<Unit filename="Code/Game/Gameplay/Data/Settings.h" />
		<Unit filename="Code/Game/Gameplay/Data/SettingsChangeEvent.h" />
		<Unit filename="Code/Game/Gameplay/Data/SettingsChangeEventType.h" />
		<Unit filename="Code/Game/Gameplay/Data/Statistics.cpp" />
		<Unit filename="Code/Game/Gameplay/Data/Statistics.h" />
		<Unit filename="Code/Game/Gameplay/Fight/BattleComponent.h" />
		<Unit filename="Code/Game/Gameplay/Fight/BattleEvent.h" />
		<Unit filename="Code/Game/Gameplay/Fight/EndFightReasonEnum.h" />
		<Unit filename="Code/Game/Gameplay/Fight/Fight.cpp" />
		<Unit filename="Code/Game/Gameplay/Fight/Fight.h" />
		<Unit filename="Code/Game/Gameplay/Fight/FightComponent.h" />
		<Unit filename="Code/Game/Gameplay/Fight/Skill.cpp" />
		<Unit filename="Code/Game/Gameplay/Fight/Skill.h" />
		<Unit filename="Code/Game/Gameplay/Fight/SkillComponent.h" />
		<Unit filename="Code/Game/Gameplay/Fight/SkillDescriptor.h" />
		<Unit filename="Code/Game/Gameplay/Fight/SkillsHolderComponent.h" />
		<Unit filename="Code/Game/Gameplay/Fight/StatisticsChangeEvent.h" />
		<Unit filename="Code/Game/Gameplay/Fight/System/BattleSystem.cpp" />
		<Unit filename="Code/Game/Gameplay/Fight/System/BattleSystem.h" />
		<Unit filename="Code/Game/Gameplay/Fight/System/FightStartSystem.cpp" />
		<Unit filename="Code/Game/Gameplay/Fight/System/FightStartSystem.h" />
		<Unit filename="Code/Game/Gameplay/Fight/System/SkillRefreshSystem.cpp" />
		<Unit filename="Code/Game/Gameplay/Fight/System/SkillRefreshSystem.h" />
		<Unit filename="Code/Game/Gameplay/Fight/System/StatisticsSystem.cpp" />
		<Unit filename="Code/Game/Gameplay/Fight/System/StatisticsSystem.h" />
		<Unit filename="Code/Game/Gameplay/Inventory/Inventory.cpp" />
		<Unit filename="Code/Game/Gameplay/Inventory/Inventory.h" />
		<Unit filename="Code/Game/Gameplay/Inventory/Object.cpp" />
		<Unit filename="Code/Game/Gameplay/Inventory/Object.h" />
		<Unit filename="Code/Game/Gameplay/Mobs/MobSpawnAreaComponent.h" />
		<Unit filename="Code/Game/Gameplay/Mobs/MobSpawner.h" />
		<Unit filename="Code/Game/Gameplay/Mobs/System/MobSpawningSystem.cpp" />
		<Unit filename="Code/Game/Gameplay/Mobs/System/MobSpawningSystem.h" />
		<Unit filename="Code/Game/Gameplay/Pokeball.cpp" />
		<Unit filename="Code/Game/Gameplay/Pokeball.h" />
		<Unit filename="Code/Game/Gameplay/PokeballComponent.h" />
		<Unit filename="Code/Game/Gameplay/PokeballLaunchReasonEnum.h" />
		<Unit filename="Code/Game/Gameplay/PokemonGameEventDispatcher.h" />
		<Unit filename="Code/Game/Gameplay/PrefabEntityManager.cpp" />
		<Unit filename="Code/Game/Gameplay/PrefabEntityManager.h" />
		<Unit filename="Code/Game/Gameplay/Scene/AbstractNoGUISceneMap.cpp" />
		<Unit filename="Code/Game/Gameplay/Scene/AbstractNoGUISceneMap.h" />
		<Unit filename="Code/Game/Gameplay/Scene/AbstractSceneMap.cpp" />
		<Unit filename="Code/Game/Gameplay/Scene/AbstractSceneMap.h" />
		<Unit filename="Code/Game/Gameplay/Scene/DebugAbstractSceneMap.cpp" />
		<Unit filename="Code/Game/Gameplay/Scene/DebugAbstractSceneMap.h" />
		<Unit filename="Code/Game/Gameplay/Scene/SceneFight.cpp" />
		<Unit filename="Code/Game/Gameplay/Scene/SceneFight.h" />
		<Unit filename="Code/Game/Gameplay/Scene/SceneGUIBattle.cpp" />
		<Unit filename="Code/Game/Gameplay/Scene/SceneGUIBattle.h" />
		<Unit filename="Code/Game/Gameplay/Scene/SceneGUIMap.cpp" />
		<Unit filename="Code/Game/Gameplay/Scene/SceneGUIMap.h" />
		<Unit filename="Code/Game/Gameplay/Scene/SceneMap.cpp" />
		<Unit filename="Code/Game/Gameplay/Scene/SceneMap.h" />
		<Unit filename="Code/Game/Gameplay/Scene/SceneToBattleSwitcher.h" />
		<Unit filename="Code/Game/Gameplay/Scene/SceneToMapSwitcher.h" />
		<Unit filename="Code/Game/Gameplay/System/PokeballSystem.cpp" />
		<Unit filename="Code/Game/Gameplay/System/PokeballSystem.h" />
		<Unit filename="Code/Game/Gameplay/WGameCore.cpp" />
		<Unit filename="Code/Game/Gameplay/WGameCore.h" />
		<Unit filename="Code/Game/Gameplay/Weather.cpp" />
		<Unit filename="Code/Game/Gameplay/Weather.h" />
		<Unit filename="Code/Game/Gameplay/World/WorldImpl.cpp" />
		<Unit filename="Code/Game/Gameplay/World/WorldImpl.h" />
		<Unit filename="Code/Game/Gameplay/World/WorldScene.cpp" />
		<Unit filename="Code/Game/Gameplay/World/WorldScene.h" />
		<Unit filename="Code/Game/Graphic/GUI/AbstractGameGUI.cpp" />
		<Unit filename="Code/Game/Graphic/GUI/AbstractGameGUI.h" />
		<Unit filename="Code/Game/Graphic/GUI/Bar.cpp" />
		<Unit filename="Code/Game/Graphic/GUI/Bar.h" />
		<Unit filename="Code/Game/Graphic/GUI/DialogMenu.cpp" />
		<Unit filename="Code/Game/Graphic/GUI/DialogMenu.h" />
		<Unit filename="Code/Game/Graphic/GUI/DynamicWindowArea.cpp" />
		<Unit filename="Code/Game/Graphic/GUI/GUIBattle.cpp" />
		<Unit filename="Code/Game/Graphic/GUI/GUIBattle.h" />
		<Unit filename="Code/Game/Graphic/GUI/GUIMap.cpp" />
		<Unit filename="Code/Game/Graphic/GUI/GUIMap.h" />
		<Unit filename="Code/Game/Graphic/GUI/IDialogMenu.h" />
		<Unit filename="Code/Game/Graphic/GUI/Image_Area.cpp" />
		<Unit filename="Code/Game/Graphic/GUI/Image_Area.h" />
		<Unit filename="Code/Game/Graphic/GUI/Inventory_Area.cpp" />
		<Unit filename="Code/Game/Graphic/GUI/Inventory_Area.h" />
		<Unit filename="Code/Game/Graphic/GUI/MapMouseCursor.cpp" />
		<Unit filename="Code/Game/Graphic/GUI/MapMouseCursor.h" />
		<Unit filename="Code/Game/Graphic/GUI/MessageDialogBox.cpp" />
		<Unit filename="Code/Game/Graphic/GUI/MessageDialogBox.h" />
		<Unit filename="Code/Game/Graphic/GUI/MovableWindow.cpp" />
		<Unit filename="Code/Game/Graphic/GUI/MovableWindow.h" />
		<Unit filename="Code/Game/Graphic/GUI/SlotPokemon.cpp" />
		<Unit filename="Code/Game/Graphic/GUI/SlotPokemon.h" />
		<Unit filename="Code/Game/Graphic/GUI/SlotPokemonData.h" />
		<Unit filename="Code/Game/Graphic/GUI/ToolBar.cpp" />
		<Unit filename="Code/Game/Graphic/GUI/ToolBar.h" />
		<Unit filename="Code/Game/Graphic/GUI/TrainerCard.cpp" />
		<Unit filename="Code/Game/Graphic/GUI/TrainerCard.h" />
		<Unit filename="Code/Game/Graphic/GUI/WindowBag.cpp" />
		<Unit filename="Code/Game/Graphic/GUI/WindowBag.h" />
		<Unit filename="Code/Game/Graphic/GUI/WindowMouseCursor.cpp" />
		<Unit filename="Code/Game/Graphic/GUI/WindowMouseCursor.h" />
		<Unit filename="Code/Game/Graphic/GUI/WindowRenderer.cpp" />
		<Unit filename="Code/Game/Graphic/GUI/WindowRenderer.h" />
		<Unit filename="Code/Game/Graphic/GUI/WindowSettings.cpp" />
		<Unit filename="Code/Game/Graphic/GUI/WindowSettings.h" />
		<Unit filename="Code/Game/Graphic/GUI/WindowShop.cpp" />
		<Unit filename="Code/Game/Graphic/GUI/WindowShop.h" />
		<Unit filename="Code/Game/Graphic/GUI/WindowTeam.cpp" />
		<Unit filename="Code/Game/Graphic/GUI/WindowTeam.h" />
		<Unit filename="Code/Game/Graphic/ShakerManager.cpp" />
		<Unit filename="Code/Game/Graphic/ShakerManager.h" />
		<Unit filename="Code/Game/Physic/System/SkillEntityCollisionResponse.cpp" />
		<Unit filename="Code/Game/Physic/System/SkillEntityCollisionResponse.h" />
		<Unit filename="Code/Game/Physic/System/WorldEntityCollisionResponse.cpp" />
		<Unit filename="Code/Game/Physic/System/WorldEntityCollisionResponse.h" />
		<Unit filename="Code/Game/Script/Commands/CommandAddPokemon.cpp" />
		<Unit filename="Code/Game/Script/Commands/CommandAddPokemon.h" />
		<Unit filename="Code/Game/Script/Commands/CommandBlockCollision.cpp" />
		<Unit filename="Code/Game/Script/Commands/CommandBlockCollision.h" />
		<Unit filename="Code/Game/Script/Commands/CommandChoice.cpp" />
		<Unit filename="Code/Game/Script/Commands/CommandChoice.h" />
		<Unit filename="Code/Game/Script/Commands/CommandCinematic.cpp" />
		<Unit filename="Code/Game/Script/Commands/CommandCinematic.h" />
		<Unit filename="Code/Game/Script/Commands/CommandDirection.cpp" />
		<Unit filename="Code/Game/Script/Commands/CommandDirection.h" />
		<Unit filename="Code/Game/Script/Commands/CommandExpulse.cpp" />
		<Unit filename="Code/Game/Script/Commands/CommandExpulse.h" />
		<Unit filename="Code/Game/Script/Commands/CommandFollow.cpp" />
		<Unit filename="Code/Game/Script/Commands/CommandFollow.h" />
		<Unit filename="Code/Game/Script/Commands/CommandHeal.cpp" />
		<Unit filename="Code/Game/Script/Commands/CommandHeal.h" />
		<Unit filename="Code/Game/Script/Commands/CommandHideCharacter.cpp" />
		<Unit filename="Code/Game/Script/Commands/CommandHideCharacter.h" />
		<Unit filename="Code/Game/Script/Commands/CommandHideGUI.cpp" />
		<Unit filename="Code/Game/Script/Commands/CommandHideGUI.h" />
		<Unit filename="Code/Game/Script/Commands/CommandJump.cpp" />
		<Unit filename="Code/Game/Script/Commands/CommandJump.h" />
		<Unit filename="Code/Game/Script/Commands/CommandKillEntity.cpp" />
		<Unit filename="Code/Game/Script/Commands/CommandKillEntity.h" />
		<Unit filename="Code/Game/Script/Commands/CommandMessage.cpp" />
		<Unit filename="Code/Game/Script/Commands/CommandMessage.h" />
		<Unit filename="Code/Game/Script/Commands/CommandMove.cpp" />
		<Unit filename="Code/Game/Script/Commands/CommandMove.h" />
		<Unit filename="Code/Game/Script/Commands/CommandPlayAnimation.cpp" />
		<Unit filename="Code/Game/Script/Commands/CommandPlayAnimation.h" />
		<Unit filename="Code/Game/Script/Commands/CommandPlayCrumbling.cpp" />
		<Unit filename="Code/Game/Script/Commands/CommandPlayCrumbling.h" />
		<Unit filename="Code/Game/Script/Commands/CommandPlayShaking.cpp" />
		<Unit filename="Code/Game/Script/Commands/CommandPlayShaking.h" />
		<Unit filename="Code/Game/Script/Commands/CommandPlayerPresence.cpp" />
		<Unit filename="Code/Game/Script/Commands/CommandPlayerPresence.h" />
		<Unit filename="Code/Game/Script/Commands/CommandPokemonOut.cpp" />
		<Unit filename="Code/Game/Script/Commands/CommandPokemonOut.h" />
		<Unit filename="Code/Game/Script/Commands/CommandShop.cpp" />
		<Unit filename="Code/Game/Script/Commands/CommandShop.h" />
		<Unit filename="Code/Game/Script/Commands/CommandStop.cpp" />
		<Unit filename="Code/Game/Script/Commands/CommandStop.h" />
		<Unit filename="Code/Game/Script/Commands/CommandStuckCharacter.cpp" />
		<Unit filename="Code/Game/Script/Commands/CommandStuckCharacter.h" />
		<Unit filename="Code/Game/Script/Commands/CommandTeleport.cpp" />
		<Unit filename="Code/Game/Script/Commands/CommandTeleport.h" />
		<Unit filename="Code/Game/Script/Commands/CommandThrowPokebal.cpp" />
		<Unit filename="Code/Game/Script/Commands/CommandThrowPokebal.h" />
		<Unit filename="Code/Game/Script/Commands/CommandTranslationCamera.cpp" />
		<Unit filename="Code/Game/Script/Commands/CommandTranslationCamera.h" />
		<Unit filename="Code/Game/Script/GlobalScriptVariables.cpp" />
		<Unit filename="Code/Game/Script/GlobalScriptVariables.h" />
		<Unit filename="Code/Game/Script/System/ScriptCommandsSystem.cpp" />
		<Unit filename="Code/Game/Script/System/ScriptCommandsSystem.h" />
		<Unit filename="Code/Game/Utils/ChargementImages.cpp" />
		<Unit filename="Code/Game/Utils/ChargementImages.h" />
		<Unit filename="Code/Game/Utils/IDs.h" />
		<Unit filename="Code/Game/Utils/resource.h" />
		<Unit filename="Code/Game/main.cpp" />
		<Unit filename="icon1.ico" />
		<Unit filename="resource.rc">
			<Option compilerVar="WINDRES" />
			<Option target="&lt;{~None~}&gt;" />
		</Unit>
		<Extensions>
			<code_completion />
			<envvars />
			<debugger />
		</Extensions>
	</Project>
</CodeBlocks_project_file>
