<?xml version="1.0" encoding="utf-8"?>
<Project ToolsVersion="4.0" xmlns="http://schemas.microsoft.com/developer/msbuild/2003">
  <ItemGroup>
    <ClCompile Include="Code\Game\Audio\PokemonSoundRenderer.cpp" />
    <ClCompile Include="Code\Game\Gameplay\AI\AI.cpp" />
    <ClCompile Include="Code\Game\Gameplay\CustomEntityManager.cpp" />
    <ClCompile Include="Code\Game\Gameplay\Data\PokemonDescriptor.cpp" />
    <ClCompile Include="Code\Game\Gameplay\Data\SavegameManager.cpp" />
    <ClCompile Include="Code\Game\Gameplay\Data\Settings.cpp" />
    <ClCompile Include="Code\Game\Gameplay\Data\Statistics.cpp" />
    <ClCompile Include="Code\Game\Gameplay\Fight\Fight.cpp" />
    <ClCompile Include="Code\Game\Gameplay\Fight\Skill.cpp" />
    <ClCompile Include="Code\Game\Gameplay\Fight\System\BattleSystem.cpp" />
    <ClCompile Include="Code\Game\Gameplay\Fight\System\FightStartSystem.cpp" />
    <ClCompile Include="Code\Game\Gameplay\Fight\System\SkillRefreshSystem.cpp" />
    <ClCompile Include="Code\Game\Gameplay\Fight\System\StatisticsSystem.cpp" />
    <ClCompile Include="Code\Game\Gameplay\Inventory\Inventory.cpp" />
    <ClCompile Include="Code\Game\Gameplay\Inventory\Object.cpp" />
    <ClCompile Include="Code\Game\Gameplay\Mobs\System\MobSpawningSystem.cpp" />
    <ClCompile Include="Code\Game\Gameplay\Pokeball.cpp" />
    <ClCompile Include="Code\Game\Gameplay\PrefabEntityManager.cpp" />
    <ClCompile Include="Code\Game\Gameplay\System\PokeballSystem.cpp" />
    <ClCompile Include="Code\Game\Gameplay\Weather.cpp" />
    <ClCompile Include="Code\Game\Gameplay\WGameCore.cpp" />
    <ClCompile Include="Code\Game\Gameplay\World\WorldImpl.cpp" />
    <ClCompile Include="Code\Game\Graphic\GUI\AbstractGameGUI.cpp" />
    <ClCompile Include="Code\Game\Graphic\GUI\Bar.cpp" />
    <ClCompile Include="Code\Game\Graphic\GUI\DialogMenu.cpp" />
    <ClCompile Include="Code\Game\Graphic\GUI\DynamicWindowArea.cpp" />
    <ClCompile Include="Code\Game\Graphic\GUI\GUIBattle.cpp" />
    <ClCompile Include="Code\Game\Graphic\GUI\GUIMap.cpp" />
    <ClCompile Include="Code\Game\Graphic\GUI\Image_Area.cpp" />
    <ClCompile Include="Code\Game\Graphic\GUI\Inventory_Area.cpp" />
    <ClCompile Include="Code\Game\Graphic\GUI\MapMouseCursor.cpp" />
    <ClCompile Include="Code\Game\Graphic\GUI\MessageDialogBox.cpp" />
    <ClCompile Include="Code\Game\Graphic\GUI\MovableWindow.cpp" />
    <ClCompile Include="Code\Game\Graphic\GUI\SlotPokemon.cpp" />
    <ClCompile Include="Code\Game\Graphic\GUI\ToolBar.cpp" />
    <ClCompile Include="Code\Game\Graphic\GUI\TrainerCard.cpp" />
    <ClCompile Include="Code\Game\Graphic\GUI\WindowBag.cpp" />
    <ClCompile Include="Code\Game\Graphic\GUI\WindowMouseCursor.cpp" />
    <ClCompile Include="Code\Game\Graphic\GUI\WindowRenderer.cpp" />
    <ClCompile Include="Code\Game\Graphic\GUI\WindowSettings.cpp" />
    <ClCompile Include="Code\Game\Graphic\GUI\WindowShop.cpp" />
    <ClCompile Include="Code\Game\Graphic\GUI\WindowTeam.cpp" />
    <ClCompile Include="Code\Game\Graphic\ShakerManager.cpp" />
    <ClCompile Include="Code\Game\Physic\System\SkillEntityCollisionResponse.cpp" />
    <ClCompile Include="Code\Game\Physic\System\WorldEntityCollisionResponse.cpp" />
    <ClCompile Include="Code\Game\Script\Commands\CommandAddPokemon.cpp" />
    <ClCompile Include="Code\Game\Script\Commands\CommandBlockCollision.cpp" />
    <ClCompile Include="Code\Game\Script\Commands\CommandChoice.cpp" />
    <ClCompile Include="Code\Game\Script\Commands\CommandCinematic.cpp" />
    <ClCompile Include="Code\Game\Script\Commands\CommandDirection.cpp" />
    <ClCompile Include="Code\Game\Script\Commands\CommandExpulse.cpp" />
    <ClCompile Include="Code\Game\Script\Commands\CommandFollow.cpp" />
    <ClCompile Include="Code\Game\Script\Commands\CommandHeal.cpp" />
    <ClCompile Include="Code\Game\Script\Commands\CommandHideCharacter.cpp" />
    <ClCompile Include="Code\Game\Script\Commands\CommandHideGUI.cpp" />
    <ClCompile Include="Code\Game\Script\Commands\CommandJump.cpp" />
    <ClCompile Include="Code\Game\Script\Commands\CommandKillEntity.cpp" />
    <ClCompile Include="Code\Game\Script\Commands\CommandMessage.cpp" />
    <ClCompile Include="Code\Game\Script\Commands\CommandMove.cpp" />
    <ClCompile Include="Code\Game\Script\Commands\CommandPlayAnimation.cpp" />
    <ClCompile Include="Code\Game\Script\Commands\CommandPlayCrumbling.cpp" />
    <ClCompile Include="Code\Game\Script\Commands\CommandPlayerPresence.cpp" />
    <ClCompile Include="Code\Game\Script\Commands\CommandPlayShaking.cpp" />
    <ClCompile Include="Code\Game\Script\Commands\CommandPokemonOut.cpp" />
    <ClCompile Include="Code\Game\Script\Commands\CommandShop.cpp" />
    <ClCompile Include="Code\Game\Script\Commands\CommandStop.cpp" />
    <ClCompile Include="Code\Game\Script\Commands\CommandStuckCharacter.cpp" />
    <ClCompile Include="Code\Game\Script\Commands\CommandTeleport.cpp" />
    <ClCompile Include="Code\Game\Script\Commands\CommandThrowPokebal.cpp" />
    <ClCompile Include="Code\Game\Script\Commands\CommandTranslationCamera.cpp" />
    <ClCompile Include="Code\Game\Script\GlobalScriptVariables.cpp" />
    <ClCompile Include="Code\Game\Script\System\ScriptCommandsSystem.cpp" />
    <ClCompile Include="Code\Game\Utils\ChargementImages.cpp" />
    <ClCompile Include="Code\Game\Graphic\GUI\FPSLabel.cpp" />
    <ClCompile Include="Code\Game\Graphic\GUI\SkillsBar.cpp" />
    <ClCompile Include="Code\Game\Gameplay\State\Transition\Map\DialogTransition.cpp" />
    <ClCompile Include="Code\Game\Gameplay\State\Transition\Map\PokeballTransition.cpp" />
    <ClCompile Include="Code\Game\Gameplay\World\WorldState.cpp" />
    <ClCompile Include="Code\Game\Gameplay\State\AbstractNoGUIStateMap.cpp" />
    <ClCompile Include="Code\Game\Gameplay\State\AbstractStateMap.cpp" />
    <ClCompile Include="Code\Game\Gameplay\State\DebugAbstractStateMap.cpp" />
    <ClCompile Include="Code\Game\Gameplay\State\StateFight.cpp" />
    <ClCompile Include="Code\Game\Gameplay\State\StateGUIBattle.cpp" />
    <ClCompile Include="Code\Game\Gameplay\State\StateGUIMap.cpp" />
    <ClCompile Include="Code\Game\Gameplay\State\StateMap.cpp" />
  </ItemGroup>
  <ItemGroup>
    <ClInclude Include="Code\Game\Audio\PokemonSoundRenderer.h" />
    <ClInclude Include="Code\Game\Gameplay\AI\AI.h" />
    <ClInclude Include="Code\Game\Gameplay\CustomEntityManager.h" />
    <ClInclude Include="Code\Game\Gameplay\Data\EntityLoadEvent.h" />
    <ClInclude Include="Code\Game\Gameplay\Data\MonsterDescription.h" />
    <ClInclude Include="Code\Game\Gameplay\Data\PokemonDescriptor.h" />
    <ClInclude Include="Code\Game\Gameplay\Data\RawStatistics.h" />
    <ClInclude Include="Code\Game\Gameplay\Data\SavegameManager.h" />
    <ClInclude Include="Code\Game\Gameplay\Data\Settings.h" />
    <ClInclude Include="Code\Game\Gameplay\Data\SettingsChangeEvent.h" />
    <ClInclude Include="Code\Game\Gameplay\Data\SettingsChangeEventType.h" />
    <ClInclude Include="Code\Game\Gameplay\Data\Statistics.h" />
    <ClInclude Include="Code\Game\Gameplay\Fight\BattleComponent.h" />
    <ClInclude Include="Code\Game\Gameplay\Fight\BattleEvent.h" />
    <ClInclude Include="Code\Game\Gameplay\Fight\EndFightReasonEnum.h" />
    <ClInclude Include="Code\Game\Gameplay\Fight\Fight.h" />
    <ClInclude Include="Code\Game\Gameplay\Fight\FightComponent.h" />
    <ClInclude Include="Code\Game\Gameplay\Fight\Skill.h" />
    <ClInclude Include="Code\Game\Gameplay\Fight\SkillComponent.h" />
    <ClInclude Include="Code\Game\Gameplay\Fight\SkillDescriptor.h" />
    <ClInclude Include="Code\Game\Gameplay\Fight\SkillsHolderComponent.h" />
    <ClInclude Include="Code\Game\Gameplay\Fight\StatisticsChangeEvent.h" />
    <ClInclude Include="Code\Game\Gameplay\Fight\System\BattleSystem.h" />
    <ClInclude Include="Code\Game\Gameplay\Fight\System\FightStartSystem.h" />
    <ClInclude Include="Code\Game\Gameplay\Fight\System\SkillRefreshSystem.h" />
    <ClInclude Include="Code\Game\Gameplay\Fight\System\StatisticsSystem.h" />
    <ClInclude Include="Code\Game\Gameplay\Inventory\Inventory.h" />
    <ClInclude Include="Code\Game\Gameplay\Inventory\Object.h" />
    <ClInclude Include="Code\Game\Gameplay\Mobs\MobSpawnAreaComponent.h" />
    <ClInclude Include="Code\Game\Gameplay\Mobs\MobSpawner.h" />
    <ClInclude Include="Code\Game\Gameplay\Mobs\System\MobSpawningSystem.h" />
    <ClInclude Include="Code\Game\Gameplay\Pokeball.h" />
    <ClInclude Include="Code\Game\Gameplay\PokeballComponent.h" />
    <ClInclude Include="Code\Game\Gameplay\PokeballLaunchReasonEnum.h" />
    <ClInclude Include="Code\Game\Gameplay\PrefabEntityManager.h" />
    <ClInclude Include="Code\Game\Gameplay\System\PokeballSystem.h" />
    <ClInclude Include="Code\Game\Gameplay\Weather.h" />
    <ClInclude Include="Code\Game\Gameplay\WGameCore.h" />
    <ClInclude Include="Code\Game\Gameplay\World\WorldImpl.h" />
    <ClInclude Include="Code\Game\Graphic\GUI\AbstractGameGUI.h" />
    <ClInclude Include="Code\Game\Graphic\GUI\Bar.h" />
    <ClInclude Include="Code\Game\Graphic\GUI\DialogMenu.h" />
    <ClInclude Include="Code\Game\Graphic\GUI\GUIBattle.h" />
    <ClInclude Include="Code\Game\Graphic\GUI\GUIMap.h" />
    <ClInclude Include="Code\Game\Graphic\GUI\IDialogMenu.h" />
    <ClInclude Include="Code\Game\Graphic\GUI\Image_Area.h" />
    <ClInclude Include="Code\Game\Graphic\GUI\Inventory_Area.h" />
    <ClInclude Include="Code\Game\Graphic\GUI\MapMouseCursor.h" />
    <ClInclude Include="Code\Game\Graphic\GUI\MessageDialogBox.h" />
    <ClInclude Include="Code\Game\Graphic\GUI\MovableWindow.h" />
    <ClInclude Include="Code\Game\Graphic\GUI\SlotPokemon.h" />
    <ClInclude Include="Code\Game\Graphic\GUI\SlotPokemonData.h" />
    <ClInclude Include="Code\Game\Graphic\GUI\ToolBar.h" />
    <ClInclude Include="Code\Game\Graphic\GUI\TrainerCard.h" />
    <ClInclude Include="Code\Game\Graphic\GUI\WindowBag.h" />
    <ClInclude Include="Code\Game\Graphic\GUI\WindowMouseCursor.h" />
    <ClInclude Include="Code\Game\Graphic\GUI\WindowRenderer.h" />
    <ClInclude Include="Code\Game\Graphic\GUI\WindowSettings.h" />
    <ClInclude Include="Code\Game\Graphic\GUI\WindowShop.h" />
    <ClInclude Include="Code\Game\Graphic\GUI\WindowTeam.h" />
    <ClInclude Include="Code\Game\Graphic\ShakerManager.h" />
    <ClInclude Include="Code\Game\Physic\System\SkillEntityCollisionResponse.h" />
    <ClInclude Include="Code\Game\Physic\System\WorldEntityCollisionResponse.h" />
    <ClInclude Include="Code\Game\Script\Commands\CommandAddPokemon.h" />
    <ClInclude Include="Code\Game\Script\Commands\CommandBlockCollision.h" />
    <ClInclude Include="Code\Game\Script\Commands\CommandChoice.h" />
    <ClInclude Include="Code\Game\Script\Commands\CommandCinematic.h" />
    <ClInclude Include="Code\Game\Script\Commands\CommandDirection.h" />
    <ClInclude Include="Code\Game\Script\Commands\CommandExpulse.h" />
    <ClInclude Include="Code\Game\Script\Commands\CommandFollow.h" />
    <ClInclude Include="Code\Game\Script\Commands\CommandHeal.h" />
    <ClInclude Include="Code\Game\Script\Commands\CommandHideCharacter.h" />
    <ClInclude Include="Code\Game\Script\Commands\CommandHideGUI.h" />
    <ClInclude Include="Code\Game\Script\Commands\CommandJump.h" />
    <ClInclude Include="Code\Game\Script\Commands\CommandKillEntity.h" />
    <ClInclude Include="Code\Game\Script\Commands\CommandMessage.h" />
    <ClInclude Include="Code\Game\Script\Commands\CommandMove.h" />
    <ClInclude Include="Code\Game\Script\Commands\CommandPlayAnimation.h" />
    <ClInclude Include="Code\Game\Script\Commands\CommandPlayCrumbling.h" />
    <ClInclude Include="Code\Game\Script\Commands\CommandPlayerPresence.h" />
    <ClInclude Include="Code\Game\Script\Commands\CommandPlayShaking.h" />
    <ClInclude Include="Code\Game\Script\Commands\CommandPokemonOut.h" />
    <ClInclude Include="Code\Game\Script\Commands\CommandShop.h" />
    <ClInclude Include="Code\Game\Script\Commands\CommandStop.h" />
    <ClInclude Include="Code\Game\Script\Commands\CommandStuckCharacter.h" />
    <ClInclude Include="Code\Game\Script\Commands\CommandTeleport.h" />
    <ClInclude Include="Code\Game\Script\Commands\CommandThrowPokebal.h" />
    <ClInclude Include="Code\Game\Script\Commands\CommandTranslationCamera.h" />
    <ClInclude Include="Code\Game\Script\GlobalScriptVariables.h" />
    <ClInclude Include="Code\Game\Script\System\ScriptCommandsSystem.h" />
    <ClInclude Include="Code\Game\Utils\ChargementImages.h" />
    <ClInclude Include="Code\Game\Utils\IDs.h" />
    <ClInclude Include="Code\Game\Utils\resource.h" />
    <ClInclude Include="Code\Game\Gameplay\PokemonGameEventDispatcher.h" />
    <ClInclude Include="Code\Game\Gameplay\Data\MapEvent.h" />
    <ClInclude Include="Code\Game\Graphic\GUI\FPSLabel.h" />
    <ClInclude Include="Code\Game\Graphic\GUI\SkillsBar.h" />
    <ClInclude Include="Code\Game\Gameplay\State\StateToMapSwitcher.h" />
    <ClInclude Include="Code\Game\Gameplay\World\WorldState.h" />
    <ClInclude Include="Code\Game\Gameplay\State\AbstractNoGUIStateMap.h" />
    <ClInclude Include="Code\Game\Gameplay\State\AbstractStateMap.h" />
    <ClInclude Include="Code\Game\Gameplay\State\DebugAbstractStateMap.h" />
    <ClInclude Include="Code\Game\Gameplay\State\StateFight.h" />
    <ClInclude Include="Code\Game\Gameplay\State\StateGUIBattle.h" />
    <ClInclude Include="Code\Game\Gameplay\State\StateGUIMap.h" />
    <ClInclude Include="Code\Game\Gameplay\State\StateMap.h" />
    <ClInclude Include="Code\Game\Gameplay\State\StateToBattleSwitcher.h" />
    <ClInclude Include="Code\Game\Gameplay\State\StateToMapSwitcher.h" />
    <ClInclude Include="Code\Game\Gameplay\Scene\StateToMapSwitcher.h" />
    <ClInclude Include="Code\Game\Gameplay\Scene\Transition\Map\DialogTransition.h" />
    <ClInclude Include="Code\Game\Gameplay\Scene\Transition\Map\PokeballTransition.h" />
  </ItemGroup>
</Project>