<?xml version="1.0" encoding="utf-8"?>
<Project ToolsVersion="4.0" xmlns="http://schemas.microsoft.com/developer/msbuild/2003">
  <ItemGroup>
    <Filter Include="Source Files">
      <UniqueIdentifier>{4FC737F1-C7A5-4376-A066-2A32D752A2FF}</UniqueIdentifier>
      <Extensions>cpp;c;cc;cxx;def;odl;idl;hpj;bat;asm;asmx</Extensions>
    </Filter>
    <Filter Include="Header Files">
      <UniqueIdentifier>{93995380-89BD-4b04-88EB-625FBE52EBFB}</UniqueIdentifier>
      <Extensions>h;hh;hpp;hxx;hm;inl;inc;xsd</Extensions>
    </Filter>
    <Filter Include="Resource Files">
      <UniqueIdentifier>{67DA6AB6-F800-4c08-8B7A-83BB121AAD01}</UniqueIdentifier>
      <Extensions>rc;ico;cur;bmp;dlg;rc2;rct;bin;rgs;gif;jpg;jpeg;jpe;resx;tiff;tif;png;wav;mfcribbon-ms</Extensions>
    </Filter>
  </ItemGroup>
  <ItemGroup>
    <ClInclude Include="Data\BlockContainer.h">
      <Filter>Header Files</Filter>
    </ClInclude>
    <ClInclude Include="Data\Events\CollisionEvent.h">
      <Filter>Header Files</Filter>
    </ClInclude>
    <ClInclude Include="Data\Events\SoundEvent.h">
      <Filter>Header Files</Filter>
    </ClInclude>
    <ClInclude Include="Data\Events\WorldEvent.h">
      <Filter>Header Files</Filter>
    </ClInclude>
    <ClInclude Include="Data\GameEventDispatcher.h">
      <Filter>Header Files</Filter>
    </ClInclude>
    <ClInclude Include="Data\Savegame.h">
      <Filter>Header Files</Filter>
    </ClInclude>
    <ClInclude Include="ECS\Basics\Graphic\CameraFocusedComponent.h">
      <Filter>Header Files</Filter>
    </ClInclude>
    <ClInclude Include="ECS\Basics\Graphic\DebugGraphicComponent.h">
      <Filter>Header Files</Filter>
    </ClInclude>
    <ClInclude Include="ECS\Basics\Graphic\DeleterComponent.h">
      <Filter>Header Files</Filter>
    </ClInclude>
    <ClInclude Include="ECS\Basics\Graphic\DialogComponent.h">
      <Filter>Header Files</Filter>
    </ClInclude>
    <ClInclude Include="ECS\Basics\Graphic\DirectionalAnimationComponent.h">
      <Filter>Header Files</Filter>
    </ClInclude>
    <ClInclude Include="ECS\Basics\Input\InputComponent.h">
      <Filter>Header Files</Filter>
    </ClInclude>
    <ClInclude Include="ECS\Basics\Physic\CollidableComponent.h">
      <Filter>Header Files</Filter>
    </ClInclude>
    <ClInclude Include="ECS\Basics\Physic\CollisionComponent.h">
      <Filter>Header Files</Filter>
    </ClInclude>
    <ClInclude Include="ECS\Basics\Physic\CollisionProfile.h">
      <Filter>Header Files</Filter>
    </ClInclude>
    <ClInclude Include="ECS\Basics\Physic\ForceComponent.h">
      <Filter>Header Files</Filter>
    </ClInclude>
    <ClInclude Include="ECS\Basics\Physic\GravityAffectedComponent.h">
      <Filter>Header Files</Filter>
    </ClInclude>
    <ClInclude Include="ECS\Basics\Physic\HitboxComponent.h">
      <Filter>Header Files</Filter>
    </ClInclude>
    <ClInclude Include="ECS\Basics\Physic\MovementComponent.h">
      <Filter>Header Files</Filter>
    </ClInclude>
    <ClInclude Include="ECS\Basics\Physic\PositionComponent.h">
      <Filter>Header Files</Filter>
    </ClInclude>
    <ClInclude Include="ECS\Basics\Physic\WorldCollisionComponent.h">
      <Filter>Header Files</Filter>
    </ClInclude>
    <ClInclude Include="ECS\Basics\Script\ScriptAwareComponent.h">
      <Filter>Header Files</Filter>
    </ClInclude>
    <ClInclude Include="ECS\Basics\Script\ScriptPositionedGetter.h">
      <Filter>Header Files</Filter>
    </ClInclude>
    <ClInclude Include="ECS\Basics\Script\ScriptRegisterer.h">
      <Filter>Header Files</Filter>
    </ClInclude>
    <ClInclude Include="ECS\Basics\Script\ScriptSleepComponent.h">
      <Filter>Header Files</Filter>
    </ClInclude>
    <ClInclude Include="ECS\Basics\Script\ScriptTriggerType.h">
      <Filter>Header Files</Filter>
    </ClInclude>
    <ClInclude Include="ECS\Component.h">
      <Filter>Header Files</Filter>
    </ClInclude>
    <ClInclude Include="ECS\ComponentHandler.h">
      <Filter>Header Files</Filter>
    </ClInclude>
    <ClInclude Include="ECS\ComponentSerializer.h">
      <Filter>Header Files</Filter>
    </ClInclude>
    <ClInclude Include="ECS\ECSDefines.h">
      <Filter>Header Files</Filter>
    </ClInclude>
    <ClInclude Include="ECS\EntityManager.h">
      <Filter>Header Files</Filter>
    </ClInclude>
    <ClInclude Include="ECS\ISystem.h">
      <Filter>Header Files</Filter>
    </ClInclude>
    <ClInclude Include="ECS\StaticCounterGlobal.h">
      <Filter>Header Files</Filter>
    </ClInclude>
    <ClInclude Include="ECS\System.h">
      <Filter>Header Files</Filter>
    </ClInclude>
    <ClInclude Include="EventDispatcher.h">
      <Filter>Header Files</Filter>
    </ClInclude>
    <ClInclude Include="Exceptions\CorruptedFileException.h">
      <Filter>Header Files</Filter>
    </ClInclude>
    <ClInclude Include="Exceptions\FileException.h">
      <Filter>Header Files</Filter>
    </ClInclude>
    <ClInclude Include="Exceptions\GenericException.h">
      <Filter>Header Files</Filter>
    </ClInclude>
    <ClInclude Include="Exceptions\IllegalArgumentException.h">
      <Filter>Header Files</Filter>
    </ClInclude>
    <ClInclude Include="Exceptions\IllegalStateException.h">
      <Filter>Header Files</Filter>
    </ClInclude>
    <ClInclude Include="Exceptions\IndexOutOfBoundsException.h">
      <Filter>Header Files</Filter>
    </ClInclude>
    <ClInclude Include="Exceptions\InputException.h">
      <Filter>Header Files</Filter>
    </ClInclude>
    <ClInclude Include="Exceptions\InvalidPathException.h">
      <Filter>Header Files</Filter>
    </ClInclude>
    <ClInclude Include="Exceptions\NumberFormatException.h">
      <Filter>Header Files</Filter>
    </ClInclude>
    <ClInclude Include="Exceptions\SceneDiedException.h">
      <Filter>Header Files</Filter>
    </ClInclude>
    <ClInclude Include="Exceptions\ScriptDiedException.h">
      <Filter>Header Files</Filter>
    </ClInclude>
    <ClInclude Include="Exceptions\ScriptException.h">
      <Filter>Header Files</Filter>
    </ClInclude>
    <ClInclude Include="Exceptions\ScriptNotActivatedException.h">
      <Filter>Header Files</Filter>
    </ClInclude>
    <ClInclude Include="Exceptions\ScriptSyntaxError.h">
      <Filter>Header Files</Filter>
    </ClInclude>
    <ClInclude Include="Exceptions\ScriptUnknownCommandException.h">
      <Filter>Header Files</Filter>
    </ClInclude>
    <ClInclude Include="Exceptions\TerminateProcessException.h">
      <Filter>Header Files</Filter>
    </ClInclude>
    <ClInclude Include="Inputs\EnumContextManager.h">
      <Filter>Header Files</Filter>
    </ClInclude>
    <ClInclude Include="Inputs\InputAction.h">
      <Filter>Header Files</Filter>
    </ClInclude>
    <ClInclude Include="Inputs\InputContext.h">
      <Filter>Header Files</Filter>
    </ClInclude>
    <ClInclude Include="Inputs\InputContextManager.h">
      <Filter>Header Files</Filter>
    </ClInclude>
    <ClInclude Include="Inputs\InputRange.h">
      <Filter>Header Files</Filter>
    </ClInclude>
    <ClInclude Include="Inputs\InputToggle.h">
      <Filter>Header Files</Filter>
    </ClInclude>
    <ClInclude Include="Inputs\KeyboardInputContext.h">
      <Filter>Header Files</Filter>
    </ClInclude>
    <ClInclude Include="Inputs\KeyboardInputGUIContext.h">
      <Filter>Header Files</Filter>
    </ClInclude>
    <ClInclude Include="Inputs\KeyboardInputMapContext.h">
      <Filter>Header Files</Filter>
    </ClInclude>
    <ClInclude Include="Inputs\KeyInput.h">
      <Filter>Header Files</Filter>
    </ClInclude>
    <ClInclude Include="Inputs\MouseInput.h">
      <Filter>Header Files</Filter>
    </ClInclude>
    <ClInclude Include="Inputs\RawInputListener.h">
      <Filter>Header Files</Filter>
    </ClInclude>
    <ClInclude Include="Inputs\Readers\IniReader.h">
      <Filter>Header Files</Filter>
    </ClInclude>
    <ClInclude Include="Inputs\Readers\Readinifile.h">
      <Filter>Header Files</Filter>
    </ClInclude>
    <ClInclude Include="Inputs\System\InputSystem.h">
      <Filter>Header Files</Filter>
    </ClInclude>
    <ClInclude Include="Point.h">
      <Filter>Header Files</Filter>
    </ClInclude>
    <ClInclude Include="Rectangle.h">
      <Filter>Header Files</Filter>
    </ClInclude>
    <ClInclude Include="Task\RepeatableTask.h">
      <Filter>Header Files</Filter>
    </ClInclude>
    <ClInclude Include="Task\Runnable.h">
      <Filter>Header Files</Filter>
    </ClInclude>
    <ClInclude Include="Task\Task.h">
      <Filter>Header Files</Filter>
    </ClInclude>
    <ClInclude Include="Task\TaskQueue.h">
      <Filter>Header Files</Filter>
    </ClInclude>
    <ClInclude Include="Utils\FileUtils.h">
      <Filter>Header Files</Filter>
    </ClInclude>
    <ClInclude Include="Utils\Force.h">
      <Filter>Header Files</Filter>
    </ClInclude>
    <ClInclude Include="Utils\FormalCalculation\CalculOperators.h">
      <Filter>Header Files</Filter>
    </ClInclude>
    <ClInclude Include="Utils\FormalCalculation\FormalCalculator.h">
      <Filter>Header Files</Filter>
    </ClInclude>
    <ClInclude Include="Utils\Identity.h">
      <Filter>Header Files</Filter>
    </ClInclude>
    <ClInclude Include="Utils\NumberUtils.h">
      <Filter>Header Files</Filter>
    </ClInclude>
    <ClInclude Include="Utils\Observable.h">
      <Filter>Header Files</Filter>
    </ClInclude>
    <ClInclude Include="Utils\Observer.h">
      <Filter>Header Files</Filter>
    </ClInclude>
    <ClInclude Include="Utils\OSSpecific\FileUtilsUnix.h">
      <Filter>Header Files</Filter>
    </ClInclude>
    <ClInclude Include="Utils\OSSpecific\FileUtilsWin.h">
      <Filter>Header Files</Filter>
    </ClInclude>
    <ClInclude Include="Utils\PhysicUtils.h">
      <Filter>Header Files</Filter>
    </ClInclude>
    <ClInclude Include="Utils\RectangleUtils.h">
      <Filter>Header Files</Filter>
    </ClInclude>
    <ClInclude Include="Utils\Refreshable.h">
      <Filter>Header Files</Filter>
    </ClInclude>
    <ClInclude Include="Utils\ResourceTemplate.h">
      <Filter>Header Files</Filter>
    </ClInclude>
    <ClInclude Include="Utils\Singleton_template.h">
      <Filter>Header Files</Filter>
    </ClInclude>
    <ClInclude Include="Utils\SkaConstants.h">
      <Filter>Header Files</Filter>
    </ClInclude>
    <ClInclude Include="Utils\SpritePath.h">
      <Filter>Header Files</Filter>
    </ClInclude>
    <ClInclude Include="Utils\StringUtils.h">
      <Filter>Header Files</Filter>
    </ClInclude>
    <ClInclude Include="Utils\TimeUtils.h">
      <Filter>Header Files</Filter>
    </ClInclude>
    <ClInclude Include="Utils\TupleUtils.h">
      <Filter>Header Files</Filter>
    </ClInclude>
    <ClInclude Include="Utils\Demangle.h">
      <Filter>Header Files</Filter>
    </ClInclude>
  </ItemGroup>
  <ItemGroup>
    <ClCompile Include="Data\Events\SoundEvent.cpp">
      <Filter>Source Files</Filter>
    </ClCompile>
    <ClCompile Include="ECS\Component.cpp">
      <Filter>Source Files</Filter>
    </ClCompile>
    <ClCompile Include="ECS\StaticCounterGlobal.cpp">
      <Filter>Source Files</Filter>
    </ClCompile>
    <ClCompile Include="Exceptions\GenericException.cpp">
      <Filter>Source Files</Filter>
    </ClCompile>
    <ClCompile Include="Inputs\InputContextManager.cpp">
      <Filter>Source Files</Filter>
    </ClCompile>
    <ClCompile Include="Inputs\KeyboardInputContext.cpp">
      <Filter>Source Files</Filter>
    </ClCompile>
    <ClCompile Include="Inputs\KeyboardInputGUIContext.cpp">
      <Filter>Source Files</Filter>
    </ClCompile>
    <ClCompile Include="Inputs\KeyboardInputMapContext.cpp">
      <Filter>Source Files</Filter>
    </ClCompile>
    <ClCompile Include="Inputs\KeyInput.cpp">
      <Filter>Source Files</Filter>
    </ClCompile>
    <ClCompile Include="Inputs\MouseInput.cpp">
      <Filter>Source Files</Filter>
    </ClCompile>
    <ClCompile Include="Inputs\RawInputListener.cpp">
      <Filter>Source Files</Filter>
    </ClCompile>
    <ClCompile Include="Inputs\Readers\IniReader.cpp">
      <Filter>Source Files</Filter>
    </ClCompile>
    <ClCompile Include="Inputs\Readers\Readinifile.cpp">
      <Filter>Source Files</Filter>
    </ClCompile>
    <ClCompile Include="Inputs\System\InputSystem.cpp">
      <Filter>Source Files</Filter>
    </ClCompile>
    <ClCompile Include="Point.cpp">
      <Filter>Source Files</Filter>
    </ClCompile>
    <ClCompile Include="Task\TaskQueue.cpp">
      <Filter>Source Files</Filter>
    </ClCompile>
    <ClCompile Include="Utils\FormalCalculation\FormalCalculator.cpp">
      <Filter>Source Files</Filter>
    </ClCompile>
    <ClCompile Include="Utils\NumberUtils.cpp">
      <Filter>Source Files</Filter>
    </ClCompile>
    <ClCompile Include="Utils\OSSpecific\FileUtilsUnix.cpp">
      <Filter>Source Files</Filter>
    </ClCompile>
    <ClCompile Include="Utils\OSSpecific\FileUtilsWin.cpp">
      <Filter>Source Files</Filter>
    </ClCompile>
    <ClCompile Include="Utils\PhysicUtils.cpp">
      <Filter>Source Files</Filter>
    </ClCompile>
    <ClCompile Include="Utils\RectangleUtils.cpp">
      <Filter>Source Files</Filter>
    </ClCompile>
    <ClCompile Include="Utils\SpritePath.cpp">
      <Filter>Source Files</Filter>
    </ClCompile>
    <ClCompile Include="Utils\StringUtils.cpp">
      <Filter>Source Files</Filter>
    </ClCompile>
    <ClCompile Include="Utils\TimeUtils.cpp">
      <Filter>Source Files</Filter>
    </ClCompile>
    <ClCompile Include="ECS\Basics\Graphic\CameraFocusedComponent.cpp">
      <Filter>Source Files</Filter>
    </ClCompile>
    <ClCompile Include="ECS\Basics\Graphic\DebugGraphicComponent.cpp">
      <Filter>Source Files</Filter>
    </ClCompile>
    <ClCompile Include="ECS\Basics\Graphic\DeleterComponent.cpp">
      <Filter>Source Files</Filter>
    </ClCompile>
    <ClCompile Include="ECS\Basics\Graphic\DialogComponent.cpp">
      <Filter>Source Files</Filter>
    </ClCompile>
    <ClCompile Include="ECS\Basics\Graphic\DirectionalAnimationComponent.cpp">
      <Filter>Source Files</Filter>
    </ClCompile>
    <ClCompile Include="ECS\Basics\Input\InputComponent.cpp">
      <Filter>Source Files</Filter>
    </ClCompile>
    <ClCompile Include="ECS\Basics\Physic\CollidableComponent.cpp">
      <Filter>Source Files</Filter>
    </ClCompile>
    <ClCompile Include="ECS\Basics\Physic\CollisionComponent.cpp">
      <Filter>Source Files</Filter>
    </ClCompile>
    <ClCompile Include="ECS\Basics\Physic\ForceComponent.cpp">
      <Filter>Source Files</Filter>
    </ClCompile>
    <ClCompile Include="ECS\Basics\Physic\GravityAffectedComponent.cpp">
      <Filter>Source Files</Filter>
    </ClCompile>
    <ClCompile Include="ECS\Basics\Physic\HitboxComponent.cpp">
      <Filter>Source Files</Filter>
    </ClCompile>
    <ClCompile Include="ECS\Basics\Physic\MovementComponent.cpp">
      <Filter>Source Files</Filter>
    </ClCompile>
    <ClCompile Include="ECS\Basics\Physic\PositionComponent.cpp">
      <Filter>Source Files</Filter>
    </ClCompile>
    <ClCompile Include="ECS\Basics\Physic\WorldCollisionComponent.cpp">
      <Filter>Source Files</Filter>
    </ClCompile>
    <ClCompile Include="ECS\Basics\Script\ScriptAwareComponent.cpp">
      <Filter>Source Files</Filter>
    </ClCompile>
    <ClCompile Include="ECS\Basics\Script\ScriptSleepComponent.cpp">
      <Filter>Source Files</Filter>
    </ClCompile>
    <ClCompile Include="ECS\EntityManager.cpp">
      <Filter>Source Files</Filter>
    </ClCompile>
    <ClCompile Include="Utils\Demangle.cpp">
      <Filter>Source Files</Filter>
    </ClCompile>
  </ItemGroup>
</Project>