<?xml version="1.0" encoding="UTF-8" standalone="yes" ?>
<CodeBlocks_project_file>
	<FileVersion major="1" minor="6" />
	<Project>
		<Option title="ska_core" />
		<Option pch_mode="2" />
		<Option compiler="gnu_gcc_compiler_x86_mode" />
		<Build>
			<Target title="Debug">
				<Option output="../../ska_core" prefix_auto="1" extension_auto="1" />
				<Option working_dir="" />
				<Option object_output="obj/Debug/" />
				<Option type="2" />
				<Option compiler="gnu_gcc_compiler_x86_mode" />
				<Option createDefFile="1" />
				<Compiler>
					<Add option="-Wall" />
					<Add option="-g" />
					<Add option="-fno-omit-frame-pointer" />
					<Add option="-DBUILD_DLL" />
				</Compiler>
				<Linker>
					<Add library="user32" />
				</Linker>
			</Target>
			<Target title="Release">
				<Option output="../../ska_core" prefix_auto="1" extension_auto="1" />
				<Option working_dir="" />
				<Option object_output="obj/Release/" />
				<Option type="2" />
				<Option compiler="gnu_gcc_compiler_x86_mode" />
				<Option createDefFile="1" />
				<Compiler>
					<Add option="-march=corei7" />
					<Add option="-O3" />
					<Add option="-Wall" />
					<Add option="-DBUILD_DLL" />
				</Compiler>
				<Linker>
					<Add option="-s" />
					<Add library="user32" />
				</Linker>
			</Target>
		</Build>
		<Compiler>
			<Add option="-std=c++14" />
		</Compiler>
		<Unit filename="Core/GameCore.h" />
		<Unit filename="Core/Priorized.h" />
		<Unit filename="Core/State/State.cpp" />
		<Unit filename="Core/State/State.h" />
		<Unit filename="Core/State/StateBase.h" />
		<Unit filename="Core/State/StateHolder.cpp" />
		<Unit filename="Core/State/StateHolder.h" />
		<Unit filename="Core/State/StateType.h" />
		<Unit filename="Core/Window.cpp" />
		<Unit filename="Core/Window.h" />
		<Unit filename="Data/BlockContainer.h" />
		<Unit filename="Data/Events/CollisionEvent.h" />
		<Unit filename="Data/Events/EventDispatcher.h" />
		<Unit filename="Data/Events/ExtensibleGameEventDispatcher.h" />
		<Unit filename="Data/Events/GUIEvent.h" />
		<Unit filename="Data/Events/GameEvent.h" />
		<Unit filename="Data/Events/GameEventDispatcher.h" />
		<Unit filename="Data/Events/GameLibrariesInitializedEvent.h" />
		<Unit filename="Data/Events/InputKeyEvent.h" />
		<Unit filename="Data/Events/InputMouseEvent.h" />
		<Unit filename="Data/Events/SoundEvent.cpp" />
		<Unit filename="Data/Events/SoundEvent.h" />
		<Unit filename="Data/Events/StateEvent.h" />
		<Unit filename="Data/Events/WorldEvent.h" />
		<Unit filename="Data/Savegame.h" />
		<Unit filename="Draw/CameraAware.h" />
		<Unit filename="Draw/Color.cpp" />
		<Unit filename="Draw/Color.h" />
		<Unit filename="Draw/Drawable.h" />
		<Unit filename="Draw/DrawableContainer.h" />
		<Unit filename="Draw/DrawableFixedPriority.h" />
		<Unit filename="Draw/Font.cpp" />
		<Unit filename="Draw/Font.h" />
		<Unit filename="Draw/IGraphicSystem.h" />
		<Unit filename="Draw/PriorityQueueDrawableContainer.cpp" />
		<Unit filename="Draw/PriorityQueueDrawableContainer.h" />
		<Unit filename="Draw/SDLFont.cpp" />
		<Unit filename="Draw/SDLFont.h" />
		<Unit filename="Draw/SDLRenderer.cpp" />
		<Unit filename="Draw/SDLRenderer.h" />
		<Unit filename="Draw/SDLSurface.cpp" />
		<Unit filename="Draw/SDLSurface.h" />
		<Unit filename="Draw/SDLTexture.cpp" />
		<Unit filename="Draw/SDLTexture.h" />
		<Unit filename="Draw/TextureData.cpp" />
		<Unit filename="Draw/TextureData.h" />
		<Unit filename="Draw/VectorDrawableContainer.cpp" />
		<Unit filename="Draw/VectorDrawableContainer.h" />
		<Unit filename="ECS/Basics/Graphic/CameraFocusedComponent.cpp" />
		<Unit filename="ECS/Basics/Graphic/CameraFocusedComponent.h" />
		<Unit filename="ECS/Basics/Graphic/DebugGraphicComponent.cpp" />
		<Unit filename="ECS/Basics/Graphic/DebugGraphicComponent.h" />
		<Unit filename="ECS/Basics/Graphic/DeleterComponent.cpp" />
		<Unit filename="ECS/Basics/Graphic/DeleterComponent.h" />
		<Unit filename="ECS/Basics/Graphic/DialogComponent.cpp" />
		<Unit filename="ECS/Basics/Graphic/DialogComponent.h" />
		<Unit filename="ECS/Basics/Graphic/DirectionalAnimationComponent.cpp" />
		<Unit filename="ECS/Basics/Graphic/DirectionalAnimationComponent.h" />
		<Unit filename="ECS/Basics/Input/InputComponent.cpp" />
		<Unit filename="ECS/Basics/Input/InputComponent.h" />
		<Unit filename="ECS/Basics/Physic/CollidableComponent.cpp" />
		<Unit filename="ECS/Basics/Physic/CollidableComponent.h" />
		<Unit filename="ECS/Basics/Physic/CollisionComponent.cpp" />
		<Unit filename="ECS/Basics/Physic/CollisionComponent.h" />
		<Unit filename="ECS/Basics/Physic/CollisionProfile.h" />
		<Unit filename="ECS/Basics/Physic/ForceComponent.cpp" />
		<Unit filename="ECS/Basics/Physic/ForceComponent.h" />
		<Unit filename="ECS/Basics/Physic/GravityAffectedComponent.cpp" />
		<Unit filename="ECS/Basics/Physic/GravityAffectedComponent.h" />
		<Unit filename="ECS/Basics/Physic/HitboxComponent.cpp" />
		<Unit filename="ECS/Basics/Physic/HitboxComponent.h" />
		<Unit filename="ECS/Basics/Physic/MovementComponent.cpp" />
		<Unit filename="ECS/Basics/Physic/MovementComponent.h" />
		<Unit filename="ECS/Basics/Physic/PositionComponent.cpp" />
		<Unit filename="ECS/Basics/Physic/PositionComponent.h" />
		<Unit filename="ECS/Basics/Physic/WorldCollisionComponent.cpp" />
		<Unit filename="ECS/Basics/Physic/WorldCollisionComponent.h" />
		<Unit filename="ECS/Basics/Script/ScriptAwareComponent.cpp" />
		<Unit filename="ECS/Basics/Script/ScriptAwareComponent.h" />
		<Unit filename="ECS/Basics/Script/ScriptPositionedGetter.h" />
		<Unit filename="ECS/Basics/Script/ScriptRegisterer.h" />
		<Unit filename="ECS/Basics/Script/ScriptSleepComponent.cpp" />
		<Unit filename="ECS/Basics/Script/ScriptSleepComponent.h" />
		<Unit filename="ECS/Basics/Script/ScriptTriggerType.h" />
		<Unit filename="ECS/Component.cpp" />
		<Unit filename="ECS/Component.h" />
		<Unit filename="ECS/ComponentHandler.h" />
		<Unit filename="ECS/ComponentSafeAccessor.h" />
		<Unit filename="ECS/ComponentSerializer.h" />
		<Unit filename="ECS/ComponentUnsafeAccessor.h" />
		<Unit filename="ECS/ECSDefines.h" />
		<Unit filename="ECS/EntityManager.cpp" />
		<Unit filename="ECS/EntityManager.h" />
		<Unit filename="ECS/ISystem.h" />
		<Unit filename="ECS/StaticCounterGlobal.cpp" />
		<Unit filename="ECS/StaticCounterGlobal.h" />
		<Unit filename="ECS/System.h" />
		<Unit filename="ECS/SystemMaskGenerator.h" />
		<Unit filename="Exceptions/CorruptedFileException.h" />
		<Unit filename="Exceptions/FileException.h" />
		<Unit filename="Exceptions/GenericException.cpp" />
		<Unit filename="Exceptions/GenericException.h" />
		<Unit filename="Exceptions/IllegalArgumentException.h" />
		<Unit filename="Exceptions/IllegalStateException.h" />
		<Unit filename="Exceptions/IndexOutOfBoundsException.h" />
		<Unit filename="Exceptions/InputException.h" />
		<Unit filename="Exceptions/InvalidPathException.h" />
		<Unit filename="Exceptions/NumberFormatException.h" />
		<Unit filename="Exceptions/SceneDiedException.h" />
		<Unit filename="Exceptions/ScriptDiedException.h" />
		<Unit filename="Exceptions/ScriptException.h" />
		<Unit filename="Exceptions/ScriptNotActivatedException.h" />
		<Unit filename="Exceptions/ScriptSyntaxError.h" />
		<Unit filename="Exceptions/ScriptUnknownCommandException.h" />
		<Unit filename="Exceptions/TerminateProcessException.h" />
		<Unit filename="GameApp.cpp" />
		<Unit filename="GameApp.h" />
		<Unit filename="Inputs/EnumContextManager.h" />
		<Unit filename="Inputs/InputAction.h" />
		<Unit filename="Inputs/InputContext.h" />
		<Unit filename="Inputs/InputContextManager.cpp" />
		<Unit filename="Inputs/InputContextManager.h" />
		<Unit filename="Inputs/InputRange.h" />
		<Unit filename="Inputs/InputToggle.h" />
		<Unit filename="Inputs/KeyInput.cpp" />
		<Unit filename="Inputs/KeyInput.h" />
		<Unit filename="Inputs/KeyboardInputContext.cpp" />
		<Unit filename="Inputs/KeyboardInputContext.h" />
		<Unit filename="Inputs/KeyboardInputGUIContext.cpp" />
		<Unit filename="Inputs/KeyboardInputGUIContext.h" />
		<Unit filename="Inputs/KeyboardInputMapContext.cpp" />
		<Unit filename="Inputs/KeyboardInputMapContext.h" />
		<Unit filename="Inputs/MouseInput.cpp" />
		<Unit filename="Inputs/MouseInput.h" />
		<Unit filename="Inputs/RawInputListener.cpp" />
		<Unit filename="Inputs/RawInputListener.h" />
		<Unit filename="Inputs/Readers/IniReader.cpp" />
		<Unit filename="Inputs/Readers/IniReader.h" />
		<Unit filename="Inputs/Readers/Readinifile.cpp" />
		<Unit filename="Inputs/Readers/Readinifile.h" />
		<Unit filename="Inputs/System/InputSystem.cpp" />
		<Unit filename="Inputs/System/InputSystem.h" />
		<Unit filename="Inputs/WindowInput.cpp" />
		<Unit filename="Inputs/WindowInput.h" />
		<Unit filename="Point.cpp" />
		<Unit filename="Point.h" />
		<Unit filename="Rectangle.h" />
		<Unit filename="Task/CompoundTask.h" />
		<Unit filename="Task/Runnable.h" />
		<Unit filename="Task/Task.h" />
		<Unit filename="Task/TaskQueue.cpp" />
		<Unit filename="Task/TaskQueue.h" />
		<Unit filename="Task/WorkNode.h" />
		<Unit filename="Ticked.h" />
		<Unit filename="Utils/ContainsTypeTuple.h" />
		<Unit filename="Utils/Demangle.cpp" />
		<Unit filename="Utils/Demangle.h" />
		<Unit filename="Utils/FileUtils.h" />
		<Unit filename="Utils/Force.h" />
		<Unit filename="Utils/FormalCalculation/CalculOperators.h" />
		<Unit filename="Utils/FormalCalculation/FormalCalculator.cpp" />
		<Unit filename="Utils/FormalCalculation/FormalCalculator.h" />
		<Unit filename="Utils/Identity.h" />
		<Unit filename="Utils/NumberUtils.cpp" />
		<Unit filename="Utils/NumberUtils.h" />
		<Unit filename="Utils/OSSpecific/FileUtilsUnix.cpp" />
		<Unit filename="Utils/OSSpecific/FileUtilsUnix.h" />
		<Unit filename="Utils/OSSpecific/FileUtilsWin.cpp" />
		<Unit filename="Utils/OSSpecific/FileUtilsWin.h" />
		<Unit filename="Utils/Observable.h" />
		<Unit filename="Utils/Observer.h" />
		<Unit filename="Utils/OutputUtils.h" />
		<Unit filename="Utils/PhysicUtils.cpp" />
		<Unit filename="Utils/PhysicUtils.h" />
		<Unit filename="Utils/RectangleUtils.cpp" />
		<Unit filename="Utils/RectangleUtils.h" />
		<Unit filename="Utils/Refreshable.h" />
		<Unit filename="Utils/ResourceTemplate.h" />
		<Unit filename="Utils/Singleton_template.h" />
		<Unit filename="Utils/SkaConstants.h" />
		<Unit filename="Utils/SpritePath.cpp" />
		<Unit filename="Utils/SpritePath.h" />
		<Unit filename="Utils/StringUtils.cpp" />
		<Unit filename="Utils/StringUtils.h" />
		<Unit filename="Utils/TimeUtils.cpp" />
		<Unit filename="Utils/TimeUtils.h" />
		<Unit filename="Utils/TupleUtils.h" />
		<Unit filename="Utils/VectorUtils.h" />
		<Unit filename="Utils/ununique.h" />
		<Unit filename="main.cpp" />
		<Extensions>
			<code_completion />
			<envvars />
			<debugger />
		</Extensions>
	</Project>
</CodeBlocks_project_file>
