<?xml version="1.0" encoding="utf-8"?>
<Project ToolsVersion="4.0" xmlns="http://schemas.microsoft.com/developer/msbuild/2003">
  <ItemGroup>
    <Filter Include="Resource Files">
      <UniqueIdentifier>{67DA6AB6-F800-4c08-8B7A-83BB121AAD01}</UniqueIdentifier>
      <Extensions>rc;ico;cur;bmp;dlg;rc2;rct;bin;rgs;gif;jpg;jpeg;jpe;resx;tiff;tif;png;wav;mfcribbon-ms</Extensions>
    </Filter>
  </ItemGroup>
  <ItemGroup>
    <ClCompile Include="Script\Command\AbstractCommand.cpp" />
    <ClCompile Include="Script\Command\AbstractFunctionCommand.cpp" />
    <ClCompile Include="Script\Command\CommandAssign.cpp" />
    <ClCompile Include="Script\Command\CommandAssignSwitch.cpp" />
    <ClCompile Include="Script\Command\CommandBlockAuthorize.cpp" />
    <ClCompile Include="Script\Command\CommandCalculate.cpp" />
    <ClCompile Include="Script\Command\CommandElse.cpp" />
    <ClCompile Include="Script\Command\CommandEnd.cpp" />
    <ClCompile Include="Script\Command\CommandEndScript.cpp" />
    <ClCompile Include="Script\Command\CommandIf.cpp" />
    <ClCompile Include="Script\Command\CommandLog.cpp" />
    <ClCompile Include="Script\Command\CommandRandom.cpp" />
    <ClCompile Include="Script\Command\CommandRemoveComponent.cpp" />
    <ClCompile Include="Script\Command\CommandRestoreComponent.cpp" />
    <ClCompile Include="Script\Command\CommandScript.cpp" />
    <ClCompile Include="Script\Command\CommandWait.cpp" />
    <ClCompile Include="Script\Command\ControlStatement.cpp" />
    <ClCompile Include="Script\ScriptUtils.cpp" />
    <ClCompile Include="Script\System\ScriptAutoSystem.cpp" />
    <ClCompile Include="Script\System\ScriptBasicCommandsSystem.cpp" />
    <ClCompile Include="Script\System\ScriptRefreshSystem.cpp" />
  </ItemGroup>
  <ItemGroup>
    <ClInclude Include="Script\Command\AbstractCommand.h" />
    <ClInclude Include="Script\Command\AbstractFunctionCommand.h" />
    <ClInclude Include="Script\Command\Command.h" />
    <ClInclude Include="Script\Command\CommandAssign.h" />
    <ClInclude Include="Script\Command\CommandAssignSwitch.h" />
    <ClInclude Include="Script\Command\CommandBlockAuthorize.h" />
    <ClInclude Include="Script\Command\CommandCalculate.h" />
    <ClInclude Include="Script\Command\CommandElse.h" />
    <ClInclude Include="Script\Command\CommandElseEnd.h" />
    <ClInclude Include="Script\Command\CommandEnd.h" />
    <ClInclude Include="Script\Command\CommandEndScript.h" />
    <ClInclude Include="Script\Command\CommandIf.h" />
    <ClInclude Include="Script\Command\CommandLog.h" />
    <ClInclude Include="Script\Command\CommandRandom.h" />
    <ClInclude Include="Script\Command\CommandRemoveComponent.h" />
    <ClInclude Include="Script\Command\CommandRestoreComponent.h" />
    <ClInclude Include="Script\Command\CommandScript.h" />
    <ClInclude Include="Script\Command\CommandWait.h" />
    <ClInclude Include="Script\Command\ControlStatement.h" />
    <ClInclude Include="Script\ScriptComponent.h" />
    <ClInclude Include="Script\ScriptState.h" />
    <ClInclude Include="Script\ScriptSymbolsConstants.h" />
    <ClInclude Include="Script\ScriptUtils.h" />
    <ClInclude Include="Script\System\ScriptAutoSystem.h" />
    <ClInclude Include="Script\System\ScriptBasicCommandsSystem.h" />
    <ClInclude Include="Script\System\ScriptRefreshSystem.h" />
  </ItemGroup>
</Project>