<?xml version="1.0" encoding="utf-8"?>
<Project ToolsVersion="4.0" xmlns="http://schemas.microsoft.com/developer/msbuild/2003">
  <ItemGroup>
    <Filter Include="Source Files">
      <UniqueIdentifier>{4FC737F1-C7A5-4376-A066-2A32D752A2FF}</UniqueIdentifier>
      <Extensions>cpp;c;cc;cxx;def;odl;idl;hpj;bat;asm;asmx</Extensions>
    </Filter>
    <Filter Include="Header Files">
      <UniqueIdentifier>{93995380-89BD-4b04-88EB-625FBE52EBFB}</UniqueIdentifier>
      <Extensions>h;hh;hpp;hxx;hm;inl;inc;xsd</Extensions>
    </Filter>
    <Filter Include="Resource Files">
      <UniqueIdentifier>{67DA6AB6-F800-4c08-8B7A-83BB121AAD01}</UniqueIdentifier>
      <Extensions>rc;ico;cur;bmp;dlg;rc2;rct;bin;rgs;gif;jpg;jpeg;jpe;resx;tiff;tif;png;wav;mfcribbon-ms</Extensions>
    </Filter>
  </ItemGroup>
  <ItemGroup>
    <None Include="bin\Debug\libska_gui.def">
      <Filter>Source Files</Filter>
    </None>
  </ItemGroup>
  <ItemGroup>
    <ClCompile Include="GUI\Components\Concrete\Button.cpp">
      <Filter>Source Files</Filter>
    </ClCompile>
    <ClCompile Include="GUI\Components\Concrete\ButtonQuit.cpp">
      <Filter>Source Files</Filter>
    </ClCompile>
    <ClCompile Include="GUI\Components\Concrete\ButtonSprite.cpp">
      <Filter>Source Files</Filter>
    </ClCompile>
    <ClCompile Include="GUI\Components\Concrete\CheckBox.cpp">
      <Filter>Source Files</Filter>
    </ClCompile>
    <ClCompile Include="GUI\Components\Concrete\HorizontalSlider.cpp">
      <Filter>Source Files</Filter>
    </ClCompile>
    <ClCompile Include="GUI\Components\Concrete\Image.cpp">
      <Filter>Source Files</Filter>
    </ClCompile>
    <ClCompile Include="GUI\Components\Concrete\Input.cpp">
      <Filter>Source Files</Filter>
    </ClCompile>
    <ClCompile Include="GUI\Components\Concrete\Label.cpp">
      <Filter>Source Files</Filter>
    </ClCompile>
    <ClCompile Include="GUI\Components\Concrete\LabeledHorizontalSlider.cpp">
      <Filter>Source Files</Filter>
    </ClCompile>
    <ClCompile Include="GUI\Components\Concrete\MouseCursor.cpp">
      <Filter>Source Files</Filter>
    </ClCompile>
    <ClCompile Include="GUI\Components\Concrete\RadioButton.cpp">
      <Filter>Source Files</Filter>
    </ClCompile>
    <ClCompile Include="GUI\Components\Concrete\RadioButtonGroup.cpp">
      <Filter>Source Files</Filter>
    </ClCompile>
    <ClCompile Include="GUI\Components\Concrete\ScrollingMultiLineLabel.cpp">
      <Filter>Source Files</Filter>
    </ClCompile>
    <ClCompile Include="GUI\Components\Widget.cpp">
      <Filter>Source Files</Filter>
    </ClCompile>
    <ClCompile Include="GUI\Events\ClickEvent.cpp">
      <Filter>Source Files</Filter>
    </ClCompile>
    <ClCompile Include="GUI\Events\ClickEventListener.cpp">
      <Filter>Source Files</Filter>
    </ClCompile>
    <ClCompile Include="GUI\Events\FocusEvent.cpp">
      <Filter>Source Files</Filter>
    </ClCompile>
    <ClCompile Include="GUI\Events\FocusEventListener.cpp">
      <Filter>Source Files</Filter>
    </ClCompile>
    <ClCompile Include="GUI\Events\HoverEvent.cpp">
      <Filter>Source Files</Filter>
    </ClCompile>
    <ClCompile Include="GUI\Events\HoverEventListener.cpp">
      <Filter>Source Files</Filter>
    </ClCompile>
    <ClCompile Include="GUI\Events\KeyEvent.cpp">
      <Filter>Source Files</Filter>
    </ClCompile>
    <ClCompile Include="GUI\Events\KeyEventListener.cpp">
      <Filter>Source Files</Filter>
    </ClCompile>
    <ClCompile Include="GUI\Events\TimeEvent.cpp">
      <Filter>Source Files</Filter>
    </ClCompile>
    <ClCompile Include="GUI\GUI.cpp">
      <Filter>Source Files</Filter>
    </ClCompile>
    <ClCompile Include="GUI\Utils\WidgetMaskHelper.cpp">
      <Filter>Source Files</Filter>
    </ClCompile>
    <ClCompile Include="GUI\Windows\GUIScrollButtonWindowIG.cpp">
      <Filter>Source Files</Filter>
    </ClCompile>
    <ClCompile Include="GUI\Windows\Window.cpp">
      <Filter>Source Files</Filter>
    </ClCompile>
    <ClCompile Include="MessagePopup.cpp">
      <Filter>Source Files</Filter>
    </ClCompile>
  </ItemGroup>
  <ItemGroup>
    <ClInclude Include="GUI\Components\Concrete\Button.h">
      <Filter>Header Files</Filter>
    </ClInclude>
    <ClInclude Include="GUI\Components\Concrete\ButtonQuit.h">
      <Filter>Header Files</Filter>
    </ClInclude>
    <ClInclude Include="GUI\Components\Concrete\ButtonSprite.h">
      <Filter>Header Files</Filter>
    </ClInclude>
    <ClInclude Include="GUI\Components\Concrete\CheckBox.h">
      <Filter>Header Files</Filter>
    </ClInclude>
    <ClInclude Include="GUI\Components\Concrete\HorizontalSlider.h">
      <Filter>Header Files</Filter>
    </ClInclude>
    <ClInclude Include="GUI\Components\Concrete\Image.h">
      <Filter>Header Files</Filter>
    </ClInclude>
    <ClInclude Include="GUI\Components\Concrete\Input.h">
      <Filter>Header Files</Filter>
    </ClInclude>
    <ClInclude Include="GUI\Components\Concrete\Label.h">
      <Filter>Header Files</Filter>
    </ClInclude>
    <ClInclude Include="GUI\Components\Concrete\LabeledHorizontalSlider.h">
      <Filter>Header Files</Filter>
    </ClInclude>
    <ClInclude Include="GUI\Components\Concrete\ListBox.h">
      <Filter>Header Files</Filter>
    </ClInclude>
    <ClInclude Include="GUI\Components\Concrete\MouseCursor.h">
      <Filter>Header Files</Filter>
    </ClInclude>
    <ClInclude Include="GUI\Components\Concrete\RadioButton.h">
      <Filter>Header Files</Filter>
    </ClInclude>
    <ClInclude Include="GUI\Components\Concrete\RadioButtonGroup.h">
      <Filter>Header Files</Filter>
    </ClInclude>
    <ClInclude Include="GUI\Components\Concrete\RadioButtonList.h">
      <Filter>Header Files</Filter>
    </ClInclude>
    <ClInclude Include="GUI\Components\Concrete\ScrollingMultiLineLabel.h">
      <Filter>Header Files</Filter>
    </ClInclude>
    <ClInclude Include="GUI\Components\HandledWidget.h">
      <Filter>Header Files</Filter>
    </ClInclude>
    <ClInclude Include="GUI\Components\Hoverable.h">
      <Filter>Header Files</Filter>
    </ClInclude>
    <ClInclude Include="GUI\Components\UiBinder.h">
      <Filter>Header Files</Filter>
    </ClInclude>
    <ClInclude Include="GUI\Components\Widget.h">
      <Filter>Header Files</Filter>
    </ClInclude>
    <ClInclude Include="GUI\Components\WidgetPanel.h">
      <Filter>Header Files</Filter>
    </ClInclude>
    <ClInclude Include="GUI\Events\ClickEvent.h">
      <Filter>Header Files</Filter>
    </ClInclude>
    <ClInclude Include="GUI\Events\ClickEventListener.h">
      <Filter>Header Files</Filter>
    </ClInclude>
    <ClInclude Include="GUI\Events\EventListener.h">
      <Filter>Header Files</Filter>
    </ClInclude>
    <ClInclude Include="GUI\Events\FocusEvent.h">
      <Filter>Header Files</Filter>
    </ClInclude>
    <ClInclude Include="GUI\Events\FocusEventListener.h">
      <Filter>Header Files</Filter>
    </ClInclude>
    <ClInclude Include="GUI\Events\HoverEvent.h">
      <Filter>Header Files</Filter>
    </ClInclude>
    <ClInclude Include="GUI\Events\HoverEventListener.h">
      <Filter>Header Files</Filter>
    </ClInclude>
    <ClInclude Include="GUI\Events\IWidgetEvent.h">
      <Filter>Header Files</Filter>
    </ClInclude>
    <ClInclude Include="GUI\Events\KeyEvent.h">
      <Filter>Header Files</Filter>
    </ClInclude>
    <ClInclude Include="GUI\Events\KeyEventListener.h">
      <Filter>Header Files</Filter>
    </ClInclude>
    <ClInclude Include="GUI\Events\MouseEventType.h">
      <Filter>Header Files</Filter>
    </ClInclude>
    <ClInclude Include="GUI\Events\StopType.h">
      <Filter>Header Files</Filter>
    </ClInclude>
    <ClInclude Include="GUI\Events\TimeEvent.h">
      <Filter>Header Files</Filter>
    </ClInclude>
    <ClInclude Include="GUI\Events\TimeEventListener.h">
      <Filter>Header Files</Filter>
    </ClInclude>
    <ClInclude Include="GUI\Events\ValueChangedEvent.h">
      <Filter>Header Files</Filter>
    </ClInclude>
    <ClInclude Include="GUI\Events\ValueChangedEventListener.h">
      <Filter>Header Files</Filter>
    </ClInclude>
    <ClInclude Include="GUI\Events\WidgetEvent.h">
      <Filter>Header Files</Filter>
    </ClInclude>
    <ClInclude Include="GUI\GUI.h">
      <Filter>Header Files</Filter>
    </ClInclude>
    <ClInclude Include="GUI\Utils\KeyObservable.h">
      <Filter>Header Files</Filter>
    </ClInclude>
    <ClInclude Include="GUI\Utils\KeyObserver.h">
      <Filter>Header Files</Filter>
    </ClInclude>
    <ClInclude Include="GUI\Utils\MouseObservable.h">
      <Filter>Header Files</Filter>
    </ClInclude>
    <ClInclude Include="GUI\Utils\MouseObserver.h">
      <Filter>Header Files</Filter>
    </ClInclude>
    <ClInclude Include="GUI\Utils\SortedWidgetVector.h">
      <Filter>Header Files</Filter>
    </ClInclude>
    <ClInclude Include="GUI\Utils\TimeObservable.h">
      <Filter>Header Files</Filter>
    </ClInclude>
    <ClInclude Include="GUI\Utils\TimeObserver.h">
      <Filter>Header Files</Filter>
    </ClInclude>
    <ClInclude Include="GUI\Utils\WidgetContainer.h">
      <Filter>Header Files</Filter>
    </ClInclude>
    <ClInclude Include="GUI\Utils\WidgetHandlingTrait.h">
      <Filter>Header Files</Filter>
    </ClInclude>
    <ClInclude Include="GUI\Utils\WidgetMaskHelper.h">
      <Filter>Header Files</Filter>
    </ClInclude>
    <ClInclude Include="GUI\Windows\DynamicWindowIG.h">
      <Filter>Header Files</Filter>
    </ClInclude>
    <ClInclude Include="GUI\Windows\GUIScrollButtonWindowIG.h">
      <Filter>Header Files</Filter>
    </ClInclude>
    <ClInclude Include="GUI\Windows\MoveableWindow.h">
      <Filter>Header Files</Filter>
    </ClInclude>
    <ClInclude Include="GUI\Windows\TimeScrollableWindowIG.h">
      <Filter>Header Files</Filter>
    </ClInclude>
    <ClInclude Include="GUI\Windows\Window.h">
      <Filter>Header Files</Filter>
    </ClInclude>
    <ClInclude Include="GUI\Windows\WindowIG.h">
      <Filter>Header Files</Filter>
    </ClInclude>
    <ClInclude Include="MessagePopup.h">
      <Filter>Header Files</Filter>
    </ClInclude>
    <ClInclude Include="MessageType.h">
      <Filter>Header Files</Filter>
    </ClInclude>
  </ItemGroup>
</Project>