<?xml version="1.0" encoding="UTF-8" standalone="yes" ?>
<CodeBlocks_project_file>
	<FileVersion major="1" minor="6" />
	<Project>
		<Option title="ska_draw" />
		<Option pch_mode="2" />
		<Option compiler="gcc" />
		<Build>
			<Script file="lib_finder.script" />
			<Target title="Debug">
				<Option output="bin/Debug/ska_draw" prefix_auto="1" extension_auto="1" />
				<Option object_output="obj/Debug/" />
				<Option external_deps="../ska_core/bin/Debug/libska_core.a;" />
				<Option type="3" />
				<Option compiler="gcc" />
				<Option createDefFile="1" />
				<Option createStaticLib="1" />
				<Compiler>
					<Add option="-Wall" />
					<Add option="-g" />
					<Add option="-DBUILD_DLL" />
					<Add directory="C:/Documents/Perso/Dev/C++/SmashAndDash/Code/ska_core/" />
				</Compiler>
				<Linker>
					<Add library="user32" />
				</Linker>
			</Target>
			<Target title="Release">
				<Option output="bin/Release/ska_draw" prefix_auto="1" extension_auto="1" />
				<Option object_output="obj/Release/" />
				<Option type="3" />
				<Option compiler="gcc" />
				<Option createDefFile="1" />
				<Option createStaticLib="1" />
				<Compiler>
					<Add option="-Wall" />
					<Add option="-DBUILD_DLL" />
					<Add option="-O2" />
				</Compiler>
				<Linker>
					<Add option="-s" />
					<Add library="user32" />
				</Linker>
			</Target>
		</Build>
		<Unit filename="FpsCalculator.cpp" />
		<Unit filename="FpsCalculator.h" />
		<Unit filename="FpsRenderable.cpp" />
		<Unit filename="FpsRenderable.h" />
		<Unit filename="Graphic/AnimatedTexture.cpp" />
		<Unit filename="Graphic/AnimatedTexture.h" />
		<Unit filename="Graphic/Animation.cpp" />
		<Unit filename="Graphic/Animation.h" />
		<Unit filename="Graphic/CameraFocusedComponent.h" />
		<Unit filename="Graphic/Color.h" />
		<Unit filename="Graphic/DebugGraphicComponent.h" />
		<Unit filename="Graphic/DeleterComponent.h" />
		<Unit filename="Graphic/DirectionalAnimationComponent.h" />
		<Unit filename="Graphic/Draw/Drawable.h" />
		<Unit filename="Graphic/Draw/DrawableContainer.h" />
		<Unit filename="Graphic/Draw/DrawableFixedPriority.h" />
		<Unit filename="Graphic/Draw/PriorityQueueDrawableContainer.cpp" />
		<Unit filename="Graphic/Draw/PriorityQueueDrawableContainer.h" />
		<Unit filename="Graphic/Draw/VectorDrawableContainer.cpp" />
		<Unit filename="Graphic/Draw/VectorDrawableContainer.h" />
		<Unit filename="Graphic/Font.cpp" />
		<Unit filename="Graphic/Font.h" />
		<Unit filename="Graphic/GUI/Components/Concrete/Button.cpp" />
		<Unit filename="Graphic/GUI/Components/Concrete/Button.h" />
		<Unit filename="Graphic/GUI/Components/Concrete/ButtonQuit.cpp" />
		<Unit filename="Graphic/GUI/Components/Concrete/ButtonQuit.h" />
		<Unit filename="Graphic/GUI/Components/Concrete/ButtonSprite.cpp" />
		<Unit filename="Graphic/GUI/Components/Concrete/ButtonSprite.h" />
		<Unit filename="Graphic/GUI/Components/Concrete/CheckBox.cpp" />
		<Unit filename="Graphic/GUI/Components/Concrete/CheckBox.h" />
		<Unit filename="Graphic/GUI/Components/Concrete/HorizontalSlider.cpp" />
		<Unit filename="Graphic/GUI/Components/Concrete/HorizontalSlider.h" />
		<Unit filename="Graphic/GUI/Components/Concrete/Image.cpp" />
		<Unit filename="Graphic/GUI/Components/Concrete/Image.h" />
		<Unit filename="Graphic/GUI/Components/Concrete/Input.cpp" />
		<Unit filename="Graphic/GUI/Components/Concrete/Input.h" />
		<Unit filename="Graphic/GUI/Components/Concrete/Label.cpp" />
		<Unit filename="Graphic/GUI/Components/Concrete/Label.h" />
		<Unit filename="Graphic/GUI/Components/Concrete/LabeledHorizontalSlider.cpp" />
		<Unit filename="Graphic/GUI/Components/Concrete/LabeledHorizontalSlider.h" />
		<Unit filename="Graphic/GUI/Components/Concrete/ListBox.h" />
		<Unit filename="Graphic/GUI/Components/Concrete/MouseCursor.cpp" />
		<Unit filename="Graphic/GUI/Components/Concrete/MouseCursor.h" />
		<Unit filename="Graphic/GUI/Components/Concrete/RadioButton.cpp" />
		<Unit filename="Graphic/GUI/Components/Concrete/RadioButton.h" />
		<Unit filename="Graphic/GUI/Components/Concrete/RadioButtonGroup.cpp" />
		<Unit filename="Graphic/GUI/Components/Concrete/RadioButtonGroup.h" />
		<Unit filename="Graphic/GUI/Components/Concrete/RadioButtonList.h" />
		<Unit filename="Graphic/GUI/Components/Concrete/ScrollingMultiLineLabel.cpp" />
		<Unit filename="Graphic/GUI/Components/Concrete/ScrollingMultiLineLabel.h" />
		<Unit filename="Graphic/GUI/Components/HandledWidget.h" />
		<Unit filename="Graphic/GUI/Components/Hoverable.h" />
		<Unit filename="Graphic/GUI/Components/UiBinder.h" />
		<Unit filename="Graphic/GUI/Components/Widget.cpp" />
		<Unit filename="Graphic/GUI/Components/Widget.h" />
		<Unit filename="Graphic/GUI/Components/WidgetPanel.h" />
		<Unit filename="Graphic/GUI/Events/ClickEvent.cpp" />
		<Unit filename="Graphic/GUI/Events/ClickEvent.h" />
		<Unit filename="Graphic/GUI/Events/ClickEventListener.cpp" />
		<Unit filename="Graphic/GUI/Events/ClickEventListener.h" />
		<Unit filename="Graphic/GUI/Events/EventListener.h" />
		<Unit filename="Graphic/GUI/Events/FocusEvent.cpp" />
		<Unit filename="Graphic/GUI/Events/FocusEvent.h" />
		<Unit filename="Graphic/GUI/Events/FocusEventListener.cpp" />
		<Unit filename="Graphic/GUI/Events/FocusEventListener.h" />
		<Unit filename="Graphic/GUI/Events/HoverEvent.cpp" />
		<Unit filename="Graphic/GUI/Events/HoverEvent.h" />
		<Unit filename="Graphic/GUI/Events/HoverEventListener.cpp" />
		<Unit filename="Graphic/GUI/Events/HoverEventListener.h" />
		<Unit filename="Graphic/GUI/Events/IWidgetEvent.h" />
		<Unit filename="Graphic/GUI/Events/KeyEvent.cpp" />
		<Unit filename="Graphic/GUI/Events/KeyEvent.h" />
		<Unit filename="Graphic/GUI/Events/KeyEventListener.cpp" />
		<Unit filename="Graphic/GUI/Events/KeyEventListener.h" />
		<Unit filename="Graphic/GUI/Events/MouseEventType.h" />
		<Unit filename="Graphic/GUI/Events/StopType.h" />
		<Unit filename="Graphic/GUI/Events/TimeEvent.cpp" />
		<Unit filename="Graphic/GUI/Events/TimeEvent.h" />
		<Unit filename="Graphic/GUI/Events/TimeEventListener.h" />
		<Unit filename="Graphic/GUI/Events/ValueChangedEvent.h" />
		<Unit filename="Graphic/GUI/Events/ValueChangedEventListener.h" />
		<Unit filename="Graphic/GUI/Events/WidgetEvent.h" />
		<Unit filename="Graphic/GUI/GUI.cpp" />
		<Unit filename="Graphic/GUI/GUI.h" />
		<Unit filename="Graphic/GUI/Utils/KeyObservable.h" />
		<Unit filename="Graphic/GUI/Utils/KeyObserver.h" />
		<Unit filename="Graphic/GUI/Utils/MouseObservable.h" />
		<Unit filename="Graphic/GUI/Utils/MouseObserver.h" />
		<Unit filename="Graphic/GUI/Utils/SortedWidgetVector.h" />
		<Unit filename="Graphic/GUI/Utils/TimeObservable.h" />
		<Unit filename="Graphic/GUI/Utils/TimeObserver.h" />
		<Unit filename="Graphic/GUI/Utils/WidgetContainer.h" />
		<Unit filename="Graphic/GUI/Utils/WidgetHandlingTrait.h" />
		<Unit filename="Graphic/GUI/Utils/WidgetMaskHelper.cpp" />
		<Unit filename="Graphic/GUI/Utils/WidgetMaskHelper.h" />
		<Unit filename="Graphic/GUI/Windows/DynamicWindowIG.h" />
		<Unit filename="Graphic/GUI/Windows/GUIScrollButtonWindowIG.cpp" />
		<Unit filename="Graphic/GUI/Windows/GUIScrollButtonWindowIG.h" />
		<Unit filename="Graphic/GUI/Windows/MoveableWindow.h" />
		<Unit filename="Graphic/GUI/Windows/TimeScrollableWindowIG.h" />
		<Unit filename="Graphic/GUI/Windows/Window.cpp" />
		<Unit filename="Graphic/GUI/Windows/Window.h" />
		<Unit filename="Graphic/GUI/Windows/WindowIG.h" />
		<Unit filename="Graphic/GraphicComponent.h" />
		<Unit filename="Graphic/HasShadowComponent.h" />
		<Unit filename="Graphic/Point.h" />
		<Unit filename="Graphic/PositionnedGraphicDrawable.h" />
		<Unit filename="Graphic/PrefabEntityManager.cpp" />
		<Unit filename="Graphic/PrefabEntityManager.h" />
		<Unit filename="Graphic/Rectangle.h" />
		<Unit filename="Graphic/SDLFont.cpp" />
		<Unit filename="Graphic/SDLFont.h" />
		<Unit filename="Graphic/SDLSurface.cpp" />
		<Unit filename="Graphic/SDLSurface.h" />
		<Unit filename="Graphic/SDLTexture.cpp" />
		<Unit filename="Graphic/SDLTexture.h" />
		<Unit filename="Graphic/SpriteAnimation.cpp" />
		<Unit filename="Graphic/SpriteAnimation.h" />
		<Unit filename="Graphic/SpriteAnimationManager.cpp" />
		<Unit filename="Graphic/SpriteAnimationManager.h" />
		<Unit filename="Graphic/SpritePath.cpp" />
		<Unit filename="Graphic/SpritePath.h" />
		<Unit filename="Graphic/System/CameraAware.h" />
		<Unit filename="Graphic/System/CameraFixedSystem.cpp" />
		<Unit filename="Graphic/System/CameraFixedSystem.h" />
		<Unit filename="Graphic/System/CameraFollowSystem.cpp" />
		<Unit filename="Graphic/System/CameraFollowSystem.h" />
		<Unit filename="Graphic/System/CameraSystem.cpp" />
		<Unit filename="Graphic/System/CameraSystem.h" />
		<Unit filename="Graphic/System/DebugCollisionDrawerSystem.cpp" />
		<Unit filename="Graphic/System/DebugCollisionDrawerSystem.h" />
		<Unit filename="Graphic/System/DeleterSystem.cpp" />
		<Unit filename="Graphic/System/DeleterSystem.h" />
		<Unit filename="Graphic/System/DirectionalAnimationSystem.cpp" />
		<Unit filename="Graphic/System/DirectionalAnimationSystem.h" />
		<Unit filename="Graphic/System/IGraphicSystem.h" />
		<Unit filename="Graphic/Texture.cpp" />
		<Unit filename="Graphic/Texture.h" />
		<Unit filename="Graphic/TextureData.cpp" />
		<Unit filename="Graphic/TextureData.h" />
		<Unit filename="RectangleUtils.cpp" />
		<Unit filename="RectangleUtils.h" />
		<Extensions>
			<code_completion />
			<envvars />
			<debugger />
			<lib_finder disable_auto="1" />
		</Extensions>
	</Project>
</CodeBlocks_project_file>
