<?xml version="1.0" encoding="utf-8"?>
<Project ToolsVersion="4.0" xmlns="http://schemas.microsoft.com/developer/msbuild/2003">
  <ItemGroup>
    <Filter Include="Resource Files">
      <UniqueIdentifier>{67DA6AB6-F800-4c08-8B7A-83BB121AAD01}</UniqueIdentifier>
      <Extensions>rc;ico;cur;bmp;dlg;rc2;rct;bin;rgs;gif;jpg;jpeg;jpe;resx;tiff;tif;png;wav;mfcribbon-ms</Extensions>
    </Filter>
  </ItemGroup>
  <ItemGroup>
    <ClCompile Include="FpsCalculator.cpp" />
    <ClCompile Include="FpsRenderable.cpp" />
    <ClCompile Include="Graphic\AnimatedTexture.cpp" />
    <ClCompile Include="Graphic\Animation.cpp" />
    <ClCompile Include="Graphic\GraphicComponent.cpp" />
    <ClCompile Include="Graphic\HasShadowComponent.cpp" />
    <ClCompile Include="Graphic\SpriteAnimation.cpp" />
    <ClCompile Include="Graphic\SpriteAnimationManager.cpp" />
    <ClCompile Include="Graphic\System\AbstractGraphicSystem.cpp" />
    <ClCompile Include="Graphic\System\CameraFixedSystem.cpp" />
    <ClCompile Include="Graphic\System\CameraFollowSystem.cpp" />
    <ClCompile Include="Graphic\System\CameraSystem.cpp" />
    <ClCompile Include="Graphic\System\DebugCollisionDrawerSystem.cpp" />
    <ClCompile Include="Graphic\System\DeleterSystem.cpp" />
    <ClCompile Include="Graphic\System\DirectionalAnimationSystem.cpp" />
    <ClCompile Include="Graphic\System\GraphicSystem.cpp" />
    <ClCompile Include="Graphic\System\ShadowSystem.cpp" />
    <ClCompile Include="Graphic\Texture.cpp" />
  </ItemGroup>
  <ItemGroup>
    <ClInclude Include="FpsCalculator.h" />
    <ClInclude Include="FpsRenderable.h" />
    <ClInclude Include="Graphic\AnimatedTexture.h" />
    <ClInclude Include="Graphic\Animation.h" />
    <ClInclude Include="Graphic\GraphicComponent.h" />
    <ClInclude Include="Graphic\HasShadowComponent.h" />
    <ClInclude Include="Graphic\PositionnedGraphicDrawable.h" />
    <ClInclude Include="Graphic\SpriteAnimation.h" />
    <ClInclude Include="Graphic\SpriteAnimationManager.h" />
    <ClInclude Include="Graphic\System\AbstractGraphicSystem.h" />
    <ClInclude Include="Graphic\System\CameraFixedSystem.h" />
    <ClInclude Include="Graphic\System\CameraFollowSystem.h" />
    <ClInclude Include="Graphic\System\CameraSystem.h" />
    <ClInclude Include="Graphic\System\DebugCollisionDrawerSystem.h" />
    <ClInclude Include="Graphic\System\DeleterSystem.h" />
    <ClInclude Include="Graphic\System\DirectionalAnimationSystem.h" />
    <ClInclude Include="Graphic\System\GraphicSystem.h" />
    <ClInclude Include="Graphic\System\ShadowSystem.h" />
    <ClInclude Include="Graphic\Texture.h" />
  </ItemGroup>
</Project>